// !$*UTF8*$!
{
	archiveVersion = 1;
	classes = {
	};
	objectVersion = 60;
	objects = {

/* Begin PBXBuildFile section */
		01F516E054DB4318C61607FE /* AmountTintStore.swift in Sources */ = {isa = PBXBuildFile; fileRef = 1687A3D838C9F9EE829BF565 /* AmountTintStore.swift */; };
		0535BA4A429230BAB3DBB641 /* StatsCategoryDetailView.swift in Sources */ = {isa = PBXBuildFile; fileRef = 0F9B9A3DA879B3CE48CF2125 /* StatsCategoryDetailView.swift */; };
		053F6FC4938FD63CD8BCE23B /* Motion.swift in Sources */ = {isa = PBXBuildFile; fileRef = 9C4A01F0F6C74EA6689CCC2F /* Motion.swift */; };
		06BD86ECAF825F62D90D720D /* Record.swift in Sources */ = {isa = PBXBuildFile; fileRef = 613BCF90EC4140AD4196A96A /* Record.swift */; };
		06F6636D98999B0797937529 /* LiquidGlassRealTheme.swift in Sources */ = {isa = PBXBuildFile; fileRef = 13E27D521EB944E25480B619 /* LiquidGlassRealTheme.swift */; };
		0711BFE91870CD1DD5667F7C /* RecordRow.swift in Sources */ = {isa = PBXBuildFile; fileRef = F615196451C93A3443715CDB /* RecordRow.swift */; };
		0820F0476738CCB61B3FF2DE /* MerchantBrand.swift in Sources */ = {isa = PBXBuildFile; fileRef = 0B26DC458E3FEF4A3EBE9584 /* MerchantBrand.swift */; };
		08E2A33D95B46AC6E25B1FD1 /* CategoryPickerSheet.swift in Sources */ = {isa = PBXBuildFile; fileRef = 751A0429BD9E60D27B02EE77 /* CategoryPickerSheet.swift */; };
		0918A2E7DE8E66168A3A89A2 /* PressableButtonStyle.swift in Sources */ = {isa = PBXBuildFile; fileRef = 312D62A795BC59DF182ADABA /* PressableButtonStyle.swift */; };
		0BC091EC96085CB892D78FFE /* SettingsView.swift in Sources */ = {isa = PBXBuildFile; fileRef = 59E5C533FFD3D64EF9D4A3E1 /* SettingsView.swift */; };
		0C2A1A3A38DEB45FC0160F0B /* IconPickerView.swift in Sources */ = {isa = PBXBuildFile; fileRef = 5A25C62D9F0530ACAF804BA8 /* IconPickerView.swift */; };
		122DC98E51A0846BAF51BCB9 /* EmptyRecordsView.swift in Sources */ = {isa = PBXBuildFile; fileRef = 0AB80FC0EDFB0E72F1B5EEF6 /* EmptyRecordsView.swift */; };
		127135F2969704251B0370E9 /* RecordDetailViewModel.swift in Sources */ = {isa = PBXBuildFile; fileRef = 13005B7CB91A30DFACA75362 /* RecordDetailViewModel.swift */; };
		158334C0E1DC416C00D8E574 /* AppConfig.swift in Sources */ = {isa = PBXBuildFile; fileRef = 7BDB70593CEA98F35A6A6337 /* AppConfig.swift */; };
		175B7D3F9478FC40568E1597 /* ReceiptParser.swift in Sources */ = {isa = PBXBuildFile; fileRef = 287A8AEA3934EF542AFEC960 /* ReceiptParser.swift */; };
		1A1A768C5EA77ABEC8753479 /* VoiceWizardStepView.swift in Sources */ = {isa = PBXBuildFile; fileRef = C368B8CC4085258D20B621CC /* VoiceWizardStepView.swift */; };
		1B0EF7936C9AD0857AACD520 /* BillsVisionLLMClient.swift in Sources */ = {isa = PBXBuildFile; fileRef = BCE1450D13420A16B16083FB /* BillsVisionLLMClient.swift */; };
		1CB5DCE058A807C259A340CB /* RecordsLayout.swift in Sources */ = {isa = PBXBuildFile; fileRef = 7864B428CEDA37CD62D4C28C /* RecordsLayout.swift */; };
		1E02BD94498BD8E85AB22070 /* BillsSummaryService.swift in Sources */ = {isa = PBXBuildFile; fileRef = 24D43CDAA94A12F5E019F395 /* BillsSummaryService.swift */; };
		201F45D1EB369C4550AF783A /* StatsAABalanceView.swift in Sources */ = {isa = PBXBuildFile; fileRef = 97FCD6F7EDB167BAEB900B1C /* StatsAABalanceView.swift */; };
		22103019B62463F148F76387 /* SQLBinder.swift in Sources */ = {isa = PBXBuildFile; fileRef = 7BD6E67EA8C17DCF41EF011A /* SQLBinder.swift */; };
		2391281872A3A9AE6F9247B7 /* OCRRouter.swift in Sources */ = {isa = PBXBuildFile; fileRef = 74B96305B6F3940834AC607A /* OCRRouter.swift */; };
		25CC304D8EDBA853C6F5812D /* BillsSummaryScheduler.swift in Sources */ = {isa = PBXBuildFile; fileRef = 85512D7665014EA8BCF469F1 /* BillsSummaryScheduler.swift */; };
		26986151E021BD058911ED47 /* RecordBitableMapperTests.swift in Sources */ = {isa = PBXBuildFile; fileRef = 1AE9FFA9DC75658CECFC288B /* RecordBitableMapperTests.swift */; };
		2DA578B61BB35E978D8947B5 /* SyncLogger.swift in Sources */ = {isa = PBXBuildFile; fileRef = A015FB840DF927801DC6417E /* SyncLogger.swift */; };
		2DF3B5FF47751818B1C56BF1 /* BackTapSetupView.swift in Sources */ = {isa = PBXBuildFile; fileRef = 69D679C19FBE785F691D4C54 /* BackTapSetupView.swift */; };
		2F868DC00F95F52AC16FB2EA /* CategoryRepository.swift in Sources */ = {isa = PBXBuildFile; fileRef = 2CA0AFB4C2B29E63A0B797E2 /* CategoryRepository.swift */; };
		300E9A00BE25824885052131 /* BillsPromptBuilder.swift in Sources */ = {isa = PBXBuildFile; fileRef = 1C73D5C6DDC4ADF9414FA2A4 /* BillsPromptBuilder.swift */; };
		3159DB3C351B4259E6A7F9AE /* AudioRecorder.swift in Sources */ = {isa = PBXBuildFile; fileRef = 3615FBE7A5AB219909D5DA86 /* AudioRecorder.swift */; };
		3BE7503D5ACCAAC463EB90D4 /* NewRecordViewModel.swift in Sources */ = {isa = PBXBuildFile; fileRef = 0A53F5817001363B3060E2A1 /* NewRecordViewModel.swift */; };
		3C1AD27A5DED9C5BAF7431BD /* VoiceSessionRepository.swift in Sources */ = {isa = PBXBuildFile; fileRef = 831E9CE96DB94FA1A9639837 /* VoiceSessionRepository.swift */; };
		44FA19A243A2C00A1E3EC5CA /* ASRRouter.swift in Sources */ = {isa = PBXBuildFile; fileRef = AE301BE85FE3DE28875B25DF /* ASRRouter.swift */; };
		4668945A83C7EE6389E93D8B /* BillsSummary.system.md in Resources */ = {isa = PBXBuildFile; fileRef = 38DF9D100ACE54DC9907C565 /* BillsSummary.system.md */; };
		494E8931E9AAC35CCA39FABF /* StatsHourlyView.swift in Sources */ = {isa = PBXBuildFile; fileRef = A930F3C42C3285099E2F270F /* StatsHourlyView.swift */; };
		4D8E82497CED9357EF91F3D4 /* VoiceParsingView.swift in Sources */ = {isa = PBXBuildFile; fileRef = 86EDE2B7BED14E5FC44460E4 /* VoiceParsingView.swift */; };
		4F45FDB5121357B382EDF15E /* LLMTextClient.swift in Sources */ = {isa = PBXBuildFile; fileRef = 68BD7B0530ACC0A7E2A02755 /* LLMTextClient.swift */; };
		53D029778E4F3BC17D11FE72 /* RemoteRecordPuller.swift in Sources */ = {isa = PBXBuildFile; fileRef = 3E9F242E1AC1D58BA9565E56 /* RemoteRecordPuller.swift */; };
		54C1752B65008EFE43E9A9F3 /* RecordChangeNotifier.swift in Sources */ = {isa = PBXBuildFile; fileRef = E1D8FFA783E08B3DDE58B3D6 /* RecordChangeNotifier.swift */; };
		55EEA242C51FB88E201BEDC2 /* Schema.swift in Sources */ = {isa = PBXBuildFile; fileRef = D475F5530897ED8ED84DE27C /* Schema.swift */; };
		5A6A2A02DEF0D6522F817469 /* ASREngine.swift in Sources */ = {isa = PBXBuildFile; fileRef = 3DC0816B2C8A171381ACDF8D /* ASREngine.swift */; };
		5AD1B44D50080319B91C7D90 /* FeishuConfig.swift in Sources */ = {isa = PBXBuildFile; fileRef = 25E2203050DF6B75FF0212DB /* FeishuConfig.swift */; };
		5AE3E1B3EDD4C004092A5B36 /* DefaultSeeder.swift in Sources */ = {isa = PBXBuildFile; fileRef = BEF346AD848D286D95A1BAC3 /* DefaultSeeder.swift */; };
		5AF78329CAE3343BC4443790 /* VoiceRecordingSheet.swift in Sources */ = {isa = PBXBuildFile; fileRef = 2EB6A8B204B71C9CA7EF813A /* VoiceRecordingSheet.swift */; };
		5F5F13DE10A37B66721DCF6A /* BiometricAuthService.swift in Sources */ = {isa = PBXBuildFile; fileRef = F318CB0EA7DCD583CA41FC96 /* BiometricAuthService.swift */; };
		5F7C6EEC6112AE7367001B97 /* NotionColor.swift in Sources */ = {isa = PBXBuildFile; fileRef = 95909FCDCB3891A2AEF8C32F /* NotionColor.swift */; };
		62737BA6BECDF9CB2CD4FD87 /* StatsBudgetView.swift in Sources */ = {isa = PBXBuildFile; fileRef = 9B286B5CDA1216E507BD4CFF /* StatsBudgetView.swift */; };
		650FF8FC3D159D990EE2FCA5 /* OCREngine.swift in Sources */ = {isa = PBXBuildFile; fileRef = 0E674823329A40B17E47D9A7 /* OCREngine.swift */; };
		66CE6E93FDD7DD0E4AAA06C3 /* MainCoordinator.swift in Sources */ = {isa = PBXBuildFile; fileRef = 6E274B921C66394581C71C26 /* MainCoordinator.swift */; };
		68739D4DB4290C9637843A4A /* ScreenshotStore.swift in Sources */ = {isa = PBXBuildFile; fileRef = 50FD2E3B0D7C3F4C1F50F244 /* ScreenshotStore.swift */; };
		6A52CDCEE07F2E6C6CB76125 /* RecordsListView.swift in Sources */ = {isa = PBXBuildFile; fileRef = A82301F0C86DA35A88B52E25 /* RecordsListView.swift */; };
		6BC68224ACCEC11AE5641F75 /* SQLCipher in Frameworks */ = {isa = PBXBuildFile; productRef = 71FCD54B2F492CF9A33A6B28 /* SQLCipher */; };
		6F600AFC89D394C333EDD4F9 /* PromptResource.swift in Sources */ = {isa = PBXBuildFile; fileRef = EE6543011CE04977B0197895 /* PromptResource.swift */; };
		72F6CEEE020969121E940FA3 /* StatsShareCard.swift in Sources */ = {isa = PBXBuildFile; fileRef = 38F844C94F772C12A9ABBA9F /* StatsShareCard.swift */; };
		77704693EA4DC7EFC0D73C68 /* LiquidGlassATheme.swift in Sources */ = {isa = PBXBuildFile; fileRef = 23793B780B14FD6B436EA000 /* LiquidGlassATheme.swift */; };
		7AB319159F571D0982333575 /* ParsedBill.swift in Sources */ = {isa = PBXBuildFile; fileRef = 9F3AF1BA8F50A548BE0B0D32 /* ParsedBill.swift */; };
		7B6E69CDAAC1243BE23C95B6 /* MarkdownUI in Frameworks */ = {isa = PBXBuildFile; productRef = 33B77EDAEDA0DC7683746171 /* MarkdownUI */; };
		7F59947E60A7885F0BDFF4A7 /* Ledger.swift in Sources */ = {isa = PBXBuildFile; fileRef = E55B32F2BDF3A008543AB0D1 /* Ledger.swift */; };
		8186D4EDFC5F68ABFEA2CD29 /* BillsSummaryListView.swift in Sources */ = {isa = PBXBuildFile; fileRef = DA2088132A1CE5E4E2CB70D0 /* BillsSummaryListView.swift */; };
		83049527C1A65BAC6D34D8C4 /* Migrations.swift in Sources */ = {isa = PBXBuildFile; fileRef = 7EDF9BAE64277962566DC7CB /* Migrations.swift */; };
		88949E9D908863062CC46A84 /* StatsViewModel.swift in Sources */ = {isa = PBXBuildFile; fileRef = D3023B1DB8148EBCD571A4EC /* StatsViewModel.swift */; };
		88B91059851D179CB52589C2 /* VoiceSession.swift in Sources */ = {isa = PBXBuildFile; fileRef = ED4DDA29F025B917364B5BF9 /* VoiceSession.swift */; };
		8BCF5E1BE3BB9BB822F2E3DA /* StatsYearView.swift in Sources */ = {isa = PBXBuildFile; fileRef = 1D0195BE61DC6EA7281E2171 /* StatsYearView.swift */; };
		8CDE77C36D72D2520AD6607A /* SyncQueue.swift in Sources */ = {isa = PBXBuildFile; fileRef = 7C8EDC86AB87E6D0A16407AE /* SyncQueue.swift */; };
		8D7E7FA8A64DE8CE818CC899 /* RecordRepositorySyncTests.swift in Sources */ = {isa = PBXBuildFile; fileRef = 125155F1B0FF60E0534CE6A8 /* RecordRepositorySyncTests.swift */; };
		8DB9AE5B2F1090005EA7708E /* KeyboardAccessoryToolbar.swift in Sources */ = {isa = PBXBuildFile; fileRef = 79D07C722FF0CA65B33DA329 /* KeyboardAccessoryToolbar.swift */; };
		8DDF4F72B27F00BE6CBFFEFE /* AmountTextFieldUIKit.swift in Sources */ = {isa = PBXBuildFile; fileRef = 8200EADF82397BE74570DE38 /* AmountTextFieldUIKit.swift */; };
		8DEC0CE7042855A9C90F5D0C /* CaptureConfirmView.swift in Sources */ = {isa = PBXBuildFile; fileRef = 7D9EB0D6C7A8734B53516DB2 /* CaptureConfirmView.swift */; };
		908BA6FF158B195976EE62A9 /* HomeMainView.swift in Sources */ = {isa = PBXBuildFile; fileRef = ECDEB78F6C47085BD4AE915A /* HomeMainView.swift */; };
		92B256431F92B90CFD497AAF /* MainTabView.swift in Sources */ = {isa = PBXBuildFile; fileRef = A7EE88B2BA673C5FC45A186C /* MainTabView.swift */; };
		93AEB57376D21454988BADBE /* SyncStatusView.swift in Sources */ = {isa = PBXBuildFile; fileRef = E9070948CDDBC35E405C7EBF /* SyncStatusView.swift */; };
		9AF5134DA06F1FC95AA6555C /* CameraPicker.swift in Sources */ = {isa = PBXBuildFile; fileRef = 6705DF1C7979C25B6C0F8465 /* CameraPicker.swift */; };
		9B6C0F081D2981C583C070CD /* CategoryIconLibraryTests.swift in Sources */ = {isa = PBXBuildFile; fileRef = 03A54834F864503717CEE56E /* CategoryIconLibraryTests.swift */; };
		9CF298D8BB58A1D65DB09613 /* RecordRepository.swift in Sources */ = {isa = PBXBuildFile; fileRef = 52531C16BD920EEC593003EF /* RecordRepository.swift */; };
		9F0CD99F700F2091EB5E7908 /* AmountFormatter.swift in Sources */ = {isa = PBXBuildFile; fileRef = FE5716B495462C7E41DEFAA6 /* AmountFormatter.swift */; };
		9F14DB0993A4DA4EE72A825E /* KeyboardDoneToolbar.swift in Sources */ = {isa = PBXBuildFile; fileRef = 0A0D434FC9DA9C051B35E1EC /* KeyboardDoneToolbar.swift */; };
		A0DCE5BF74EE068FFFCB1EB1 /* ScreenshotInbox.swift in Sources */ = {isa = PBXBuildFile; fileRef = 41EBD75B7A10D7BDCDB67753 /* ScreenshotInbox.swift */; };
		A3699A80B2C9190AC2B07BC3 /* NotionFont.swift in Sources */ = {isa = PBXBuildFile; fileRef = 534C630A382F70E3BB16D0EE /* NotionFont.swift */; };
		A3CEE9DF6FBD7996E4482545 /* VoiceWizardViewModel.swift in Sources */ = {isa = PBXBuildFile; fileRef = B2012F0356A8EB730BDBCF60 /* VoiceWizardViewModel.swift */; };
		A4BCCE4F1FC50278E9D3F808 /* BillsSummaryLLMClient.swift in Sources */ = {isa = PBXBuildFile; fileRef = 911170F6988AC4950D59C816 /* BillsSummaryLLMClient.swift */; };
		A4CFAA8990F8C7092E6E45EC /* VoiceWizardContainerView.swift in Sources */ = {isa = PBXBuildFile; fileRef = 393068A7B52D2F9E7666BE35 /* VoiceWizardContainerView.swift */; };
		A5C9FAF5824D5109ED6E7CAB /* DateGrouping.swift in Sources */ = {isa = PBXBuildFile; fileRef = FDAA8D9F3D96F44657BD3F7E /* DateGrouping.swift */; };
		A7D5E4C0A1B66CC5F9A1DAEE /* SummaryFloatingCard.swift in Sources */ = {isa = PBXBuildFile; fileRef = 3961D48881C4712141BF1654 /* SummaryFloatingCard.swift */; };
		A85A706974689CB4FA9989C0 /* FeishuTokenManagerTests.swift in Sources */ = {isa = PBXBuildFile; fileRef = 42C255C3639EBCF692E6AAEE /* FeishuTokenManagerTests.swift */; };
		ACFF311E45AD203B8B3E756F /* CategoryListView.swift in Sources */ = {isa = PBXBuildFile; fileRef = 154A1F72D21F1724A734FF48 /* CategoryListView.swift */; };
		AD4A7E473A16A6C80664578B /* NoteTextFieldUIKit.swift in Sources */ = {isa = PBXBuildFile; fileRef = ECF14E01D59C1A67CC1528CA /* NoteTextFieldUIKit.swift */; };
		AE1625DFD62A06D9DB32041D /* SyncQueueBackoffTests.swift in Sources */ = {isa = PBXBuildFile; fileRef = 57796BB6E5A4D1FBD4F20EB0 /* SyncQueueBackoffTests.swift */; };
		AE1FDA0C88F4A1CCAB85F4F9 /* SymbolColor.swift in Sources */ = {isa = PBXBuildFile; fileRef = 3976FBD9CA7FBEAACF0FD221 /* SymbolColor.swift */; };
		B0A3B9206E5FE478D12851D2 /* BillsVoicePromptBuilder.swift in Sources */ = {isa = PBXBuildFile; fileRef = CAE9F62080FBCE8A2CE9B037 /* BillsVoicePromptBuilder.swift */; };
		B0E05DB5019A5E013A9E1AB2 /* NewRecordModal.swift in Sources */ = {isa = PBXBuildFile; fileRef = EA6E6A3E7772463B0A94C2C9 /* NewRecordModal.swift */; };
		B1AC32992E76D7181ACB0672 /* AmountTextStyle.swift in Sources */ = {isa = PBXBuildFile; fileRef = DDE272A0C7A91122D2400C6F /* AmountTextStyle.swift */; };
		B4F93AD340D50480B7F310A5 /* FeishuBitableClient.swift in Sources */ = {isa = PBXBuildFile; fileRef = 08187C3488CE398F7C588DE6 /* FeishuBitableClient.swift */; };
		B69CB657795D715C56F574EC /* PrivacyShieldView.swift in Sources */ = {isa = PBXBuildFile; fileRef = 3D8C81581DB7693F9B5A2D73 /* PrivacyShieldView.swift */; };
		B6A0CAFCEE14D3C3780448BF /* RecordGridView.swift in Sources */ = {isa = PBXBuildFile; fileRef = C619AB9B8785F83C6308652B /* RecordGridView.swift */; };
		B6BA4562BA31A1E66243E20E /* DataImportExportView.swift in Sources */ = {isa = PBXBuildFile; fileRef = 112195A969C27907CC36F176 /* DataImportExportView.swift */; };
		B8EDF4C9E1903248152A17B7 /* Category.swift in Sources */ = {isa = PBXBuildFile; fileRef = E54B80083351A4F57153D0EB /* Category.swift */; };
		BBED9153CE91CAAC1615E129 /* StatsGaugeView.swift in Sources */ = {isa = PBXBuildFile; fileRef = C51CAAC68AA5A695381C0F1E /* StatsGaugeView.swift */; };
		BCAC453B3282B4BE0299802B /* CategoryIconLibrary.swift in Sources */ = {isa = PBXBuildFile; fileRef = 2271B0B0CD85D125AB098D5D /* CategoryIconLibrary.swift */; };
		BD51AB936393FB108AA67DE3 /* AmountInputGate.swift in Sources */ = {isa = PBXBuildFile; fileRef = 8FF85EE4B196C83C487EB2EA /* AmountInputGate.swift */; };
		BE159C3DCEBBC9DAE625C639 /* StatsTrendView.swift in Sources */ = {isa = PBXBuildFile; fileRef = 79A27BE198C68BA8CFFB0BA5 /* StatsTrendView.swift */; };
		C0E5EF07C178643C4F09CFA0 /* QuotaService.swift in Sources */ = {isa = PBXBuildFile; fileRef = C2D84FDBBF2423A182D908BB /* QuotaService.swift */; };
		C22CEC42E030BBF01B13CE12 /* InlineStatsBar.swift in Sources */ = {isa = PBXBuildFile; fileRef = 1F7E5276DE735E1830C0EB5F /* InlineStatsBar.swift */; };
		C650FF921679F26592591BAB /* AppearanceSettingsView.swift in Sources */ = {isa = PBXBuildFile; fileRef = A33A792A20C9D19CC3619A03 /* AppearanceSettingsView.swift */; };
		C6E4586A033C16E3016D219A /* GRDB in Frameworks */ = {isa = PBXBuildFile; productRef = 6E66EE7CA5B4D0EB9DF50693 /* GRDB */; };
		C801D707A6EDFBA35183B12E /* NotionTheme.swift in Sources */ = {isa = PBXBuildFile; fileRef = 9E79235FD58F62F38329C244 /* NotionTheme.swift */; };
		CBCB499F56716864C1734484 /* VoiceSummaryView.swift in Sources */ = {isa = PBXBuildFile; fileRef = F7435A9AF7C5DADEDD3C105F /* VoiceSummaryView.swift */; };
		CD4D52A8EF4D602BEC071468 /* CoinFlowApp.swift in Sources */ = {isa = PBXBuildFile; fileRef = C8CC3A29018C926B32A9CE95 /* CoinFlowApp.swift */; };
		CD94C5A9ABF4511551474DA5 /* UserSettingsRepository.swift in Sources */ = {isa = PBXBuildFile; fileRef = A12F23051667E44BC667CA93 /* UserSettingsRepository.swift */; };
		D0DEF8D67FE9D5CFD2C531EA /* BillsSummary.swift in Sources */ = {isa = PBXBuildFile; fileRef = 593570AFE7BAAA6D9F3DD4D5 /* BillsSummary.swift */; };
		D371AFCF277DE93F512E6D82 /* StatsSankeyView.swift in Sources */ = {isa = PBXBuildFile; fileRef = D97BF236AD2E625C74BD78E4 /* StatsSankeyView.swift */; };
		D5D0D006BBA71897E8A9C1D6 /* RecordBitableMapper.swift in Sources */ = {isa = PBXBuildFile; fileRef = 86CADE0A1C83E9DD5C5A154A /* RecordBitableMapper.swift */; };
		D60B60D7B300B3DF28257F60 /* PhotoPicker.swift in Sources */ = {isa = PBXBuildFile; fileRef = EBB0787F0C57DD81A0925A0D /* PhotoPicker.swift */; };
		D9FB1EBC6717A3586F79273C /* BiometricLockView.swift in Sources */ = {isa = PBXBuildFile; fileRef = B60106CA224CF150BF75066C /* BiometricLockView.swift */; };
		DA1B4E3A22DE3D0AFEFF8A0F /* BillsOCRPromptBuilder.swift in Sources */ = {isa = PBXBuildFile; fileRef = ABC1A3020F6B1133C34B14A0 /* BillsOCRPromptBuilder.swift */; };
		DA22D0B0BCD40B7FDBB3FFA1 /* RecordsListViewModel.swift in Sources */ = {isa = PBXBuildFile; fileRef = A2143261711200453ADBBB8E /* RecordsListViewModel.swift */; };
		DC40135BB1F9E2828CCC5AD0 /* Assets.xcassets in Resources */ = {isa = PBXBuildFile; fileRef = 37DD2FA9905F51EDC147B6A4 /* Assets.xcassets */; };
		DCEDA06B8CAD92F380052C7D /* Config.example.plist in Resources */ = {isa = PBXBuildFile; fileRef = BAED114CBD1EF3BEB598E3AE /* Config.example.plist */; };
		DD4C920F73D9484CF6A21337 /* CoinFlowCaptureIntent.swift in Sources */ = {isa = PBXBuildFile; fileRef = BAFCA76CAB81D782B66ED5D6 /* CoinFlowCaptureIntent.swift */; };
		E16268E685CF63C6BB142E2D /* StatsAnalysisHostView.swift in Sources */ = {isa = PBXBuildFile; fileRef = 23514A6346699114C56DDFA4 /* StatsAnalysisHostView.swift */; };
		E203B1D575A58671F7F0657B /* BillsSummaryPromptBuilder.swift in Sources */ = {isa = PBXBuildFile; fileRef = 2AD3E425366E9BBBE5FED9A9 /* BillsSummaryPromptBuilder.swift */; };
		E2AC212DC6209D13ECA2F628 /* LedgerRepository.swift in Sources */ = {isa = PBXBuildFile; fileRef = 638FBFA4BA73553FAC909830 /* LedgerRepository.swift */; };
		E43E1A59B11F71BCB1FD2EB5 /* InteractivePopEnabler.swift in Sources */ = {isa = PBXBuildFile; fileRef = 87688810AAA37099823D98F1 /* InteractivePopEnabler.swift */; };
		E4F66B41AB1081C0B76ADB2C /* StatsHubView.swift in Sources */ = {isa = PBXBuildFile; fileRef = 9CFF358A2693467678C21D8E /* StatsHubView.swift */; };
		E5106ACA4CFAAA2CF2E31466 /* OnboardingView.swift in Sources */ = {isa = PBXBuildFile; fileRef = A52AE658BFF45B4137C51CD3 /* OnboardingView.swift */; };
		E62956418376E87DB8B52413 /* Config.plist in Resources */ = {isa = PBXBuildFile; fileRef = 1E4C8AE88476CE2D083EEFDB /* Config.plist */; };
		E7CFA41D393A3BEEEE6F14F3 /* SummaryBitableMapper.swift in Sources */ = {isa = PBXBuildFile; fileRef = 56287C31ECD47B88EFE2BE30 /* SummaryBitableMapper.swift */; };
		E868619A4E9723776584E17B /* NotionTheme+Aliases.swift in Sources */ = {isa = PBXBuildFile; fileRef = BE8C7538BF04342FD239A8BB /* NotionTheme+Aliases.swift */; };
		E979642D9D94FC03BF3AAE69 /* FeishuTokenManager.swift in Sources */ = {isa = PBXBuildFile; fileRef = A24BD6A4F42BAC98FD6C1676 /* FeishuTokenManager.swift */; };
		EDD06E3EDAF1FF1390643BA8 /* DatabaseManager.swift in Sources */ = {isa = PBXBuildFile; fileRef = 6BC4CD837F207FC4FAAD836D /* DatabaseManager.swift */; };
		F008738C3D74047659176AFC /* SyncStateMachineTests.swift in Sources */ = {isa = PBXBuildFile; fileRef = BB402059CB68B506ABC1E4C3 /* SyncStateMachineTests.swift */; };
		F31407A7B6FFCA23CFA060EC /* BillsSummaryPushBanner.swift in Sources */ = {isa = PBXBuildFile; fileRef = 0499988FEC567C037D29EB52 /* BillsSummaryPushBanner.swift */; };
		F3A7AFA738ABBE37AB71F2AE /* StatsWordCloudView.swift in Sources */ = {isa = PBXBuildFile; fileRef = C3D30120A450F3C6C65FE2BA /* StatsWordCloudView.swift */; };
		F3C00D4E947A29764DC835AD /* RecordDetailSheet.swift in Sources */ = {isa = PBXBuildFile; fileRef = DC1EE1A370E102632963FF51 /* RecordDetailSheet.swift */; };
		F4D2DA71D0057603ECCA14D4 /* StatsMainView.swift in Sources */ = {isa = PBXBuildFile; fileRef = 11AAAF0D44BE3EBAA7CBB7E3 /* StatsMainView.swift */; };
		F4EF22D66FFA9C4289138216 /* BillsLLMParser.swift in Sources */ = {isa = PBXBuildFile; fileRef = F5D9D607DF82C30921021B2F /* BillsLLMParser.swift */; };
		F50A308F7E34679DFE88160C /* AppState.swift in Sources */ = {isa = PBXBuildFile; fileRef = A9D3F48635483BD1CA8A1950 /* AppState.swift */; };
		F937B9B75F571F2EFA20EA87 /* BillsSummaryAggregator.swift in Sources */ = {isa = PBXBuildFile; fileRef = C438297B1248B73D8913528F /* BillsSummaryAggregator.swift */; };
		FB906DDAF64D4D2D288589DF /* SyncTrigger.swift in Sources */ = {isa = PBXBuildFile; fileRef = D4F085110F648E9B1F9AAC68 /* SyncTrigger.swift */; };
		FBD226A080BD2B622A829500 /* TabBarVisibility.swift in Sources */ = {isa = PBXBuildFile; fileRef = A941F4D9A1BDF61A49AFEF4E /* TabBarVisibility.swift */; };
		FF6AF73FC6EE85BB46F82457 /* BillsSummaryRepository.swift in Sources */ = {isa = PBXBuildFile; fileRef = 0ACD66E1F86765EDD09075FD /* BillsSummaryRepository.swift */; };
/* End PBXBuildFile section */

/* Begin PBXContainerItemProxy section */
		86E7AD869BCBAAD6E734F14B /* PBXContainerItemProxy */ = {
			isa = PBXContainerItemProxy;
			containerPortal = 94599E0A414859AA116475BA /* Project object */;
			proxyType = 1;
			remoteGlobalIDString = C6D775A66CCAB6B0412D93E7;
			remoteInfo = CoinFlow;
		};
/* End PBXContainerItemProxy section */

/* Begin PBXFileReference section */
		03A54834F864503717CEE56E /* CategoryIconLibraryTests.swift */ = {isa = PBXFileReference; lastKnownFileType = sourcecode.swift; name = CategoryIconLibraryTests.swift; path = CoinFlowTests/CategoryIconLibraryTests.swift; sourceTree = SOURCE_ROOT; };
		0499988FEC567C037D29EB52 /* BillsSummaryPushBanner.swift */ = {isa = PBXFileReference; lastKnownFileType = sourcecode.swift; path = BillsSummaryPushBanner.swift; sourceTree = "<group>"; };
		08187C3488CE398F7C588DE6 /* FeishuBitableClient.swift */ = {isa = PBXFileReference; lastKnownFileType = sourcecode.swift; path = FeishuBitableClient.swift; sourceTree = "<group>"; };
		0A0D434FC9DA9C051B35E1EC /* KeyboardDoneToolbar.swift */ = {isa = PBXFileReference; lastKnownFileType = sourcecode.swift; path = KeyboardDoneToolbar.swift; sourceTree = "<group>"; };
		0A53F5817001363B3060E2A1 /* NewRecordViewModel.swift */ = {isa = PBXFileReference; lastKnownFileType = sourcecode.swift; path = NewRecordViewModel.swift; sourceTree = "<group>"; };
		0AB80FC0EDFB0E72F1B5EEF6 /* EmptyRecordsView.swift */ = {isa = PBXFileReference; lastKnownFileType = sourcecode.swift; path = EmptyRecordsView.swift; sourceTree = "<group>"; };
		0ACD66E1F86765EDD09075FD /* BillsSummaryRepository.swift */ = {isa = PBXFileReference; lastKnownFileType = sourcecode.swift; path = BillsSummaryRepository.swift; sourceTree = "<group>"; };
		0B26DC458E3FEF4A3EBE9584 /* MerchantBrand.swift */ = {isa = PBXFileReference; lastKnownFileType = sourcecode.swift; path = MerchantBrand.swift; sourceTree = "<group>"; };
		0E674823329A40B17E47D9A7 /* OCREngine.swift */ = {isa = PBXFileReference; lastKnownFileType = sourcecode.swift; path = OCREngine.swift; sourceTree = "<group>"; };
		0F9B9A3DA879B3CE48CF2125 /* StatsCategoryDetailView.swift */ = {isa = PBXFileReference; lastKnownFileType = sourcecode.swift; path = StatsCategoryDetailView.swift; sourceTree = "<group>"; };
		112195A969C27907CC36F176 /* DataImportExportView.swift */ = {isa = PBXFileReference; lastKnownFileType = sourcecode.swift; path = DataImportExportView.swift; sourceTree = "<group>"; };
		11AAAF0D44BE3EBAA7CBB7E3 /* StatsMainView.swift */ = {isa = PBXFileReference; lastKnownFileType = sourcecode.swift; path = StatsMainView.swift; sourceTree = "<group>"; };
		125155F1B0FF60E0534CE6A8 /* RecordRepositorySyncTests.swift */ = {isa = PBXFileReference; lastKnownFileType = sourcecode.swift; name = RecordRepositorySyncTests.swift; path = CoinFlowTests/RecordRepositorySyncTests.swift; sourceTree = SOURCE_ROOT; };
		13005B7CB91A30DFACA75362 /* RecordDetailViewModel.swift */ = {isa = PBXFileReference; lastKnownFileType = sourcecode.swift; path = RecordDetailViewModel.swift; sourceTree = "<group>"; };
		13E27D521EB944E25480B619 /* LiquidGlassRealTheme.swift */ = {isa = PBXFileReference; lastKnownFileType = sourcecode.swift; path = LiquidGlassRealTheme.swift; sourceTree = "<group>"; };
		154A1F72D21F1724A734FF48 /* CategoryListView.swift */ = {isa = PBXFileReference; lastKnownFileType = sourcecode.swift; path = CategoryListView.swift; sourceTree = "<group>"; };
		1687A3D838C9F9EE829BF565 /* AmountTintStore.swift */ = {isa = PBXFileReference; lastKnownFileType = sourcecode.swift; path = AmountTintStore.swift; sourceTree = "<group>"; };
		1AE9FFA9DC75658CECFC288B /* RecordBitableMapperTests.swift */ = {isa = PBXFileReference; lastKnownFileType = sourcecode.swift; name = RecordBitableMapperTests.swift; path = CoinFlowTests/RecordBitableMapperTests.swift; sourceTree = SOURCE_ROOT; };
		1C73D5C6DDC4ADF9414FA2A4 /* BillsPromptBuilder.swift */ = {isa = PBXFileReference; lastKnownFileType = sourcecode.swift; path = BillsPromptBuilder.swift; sourceTree = "<group>"; };
		1D0195BE61DC6EA7281E2171 /* StatsYearView.swift */ = {isa = PBXFileReference; lastKnownFileType = sourcecode.swift; path = StatsYearView.swift; sourceTree = "<group>"; };
		1E4C8AE88476CE2D083EEFDB /* Config.plist */ = {isa = PBXFileReference; lastKnownFileType = text.plist.xml; name = Config.plist; path = CoinFlow/Config/Config.plist; sourceTree = SOURCE_ROOT; };
		1F7E5276DE735E1830C0EB5F /* InlineStatsBar.swift */ = {isa = PBXFileReference; lastKnownFileType = sourcecode.swift; path = InlineStatsBar.swift; sourceTree = "<group>"; };
		2271B0B0CD85D125AB098D5D /* CategoryIconLibrary.swift */ = {isa = PBXFileReference; lastKnownFileType = sourcecode.swift; path = CategoryIconLibrary.swift; sourceTree = "<group>"; };
		23514A6346699114C56DDFA4 /* StatsAnalysisHostView.swift */ = {isa = PBXFileReference; lastKnownFileType = sourcecode.swift; path = StatsAnalysisHostView.swift; sourceTree = "<group>"; };
		23793B780B14FD6B436EA000 /* LiquidGlassATheme.swift */ = {isa = PBXFileReference; lastKnownFileType = sourcecode.swift; path = LiquidGlassATheme.swift; sourceTree = "<group>"; };
		24D43CDAA94A12F5E019F395 /* BillsSummaryService.swift */ = {isa = PBXFileReference; lastKnownFileType = sourcecode.swift; path = BillsSummaryService.swift; sourceTree = "<group>"; };
		25E2203050DF6B75FF0212DB /* FeishuConfig.swift */ = {isa = PBXFileReference; lastKnownFileType = sourcecode.swift; path = FeishuConfig.swift; sourceTree = "<group>"; };
		287A8AEA3934EF542AFEC960 /* ReceiptParser.swift */ = {isa = PBXFileReference; lastKnownFileType = sourcecode.swift; path = ReceiptParser.swift; sourceTree = "<group>"; };
		2AD3E425366E9BBBE5FED9A9 /* BillsSummaryPromptBuilder.swift */ = {isa = PBXFileReference; lastKnownFileType = sourcecode.swift; path = BillsSummaryPromptBuilder.swift; sourceTree = "<group>"; };
		2CA0AFB4C2B29E63A0B797E2 /* CategoryRepository.swift */ = {isa = PBXFileReference; lastKnownFileType = sourcecode.swift; path = CategoryRepository.swift; sourceTree = "<group>"; };
		2EB6A8B204B71C9CA7EF813A /* VoiceRecordingSheet.swift */ = {isa = PBXFileReference; lastKnownFileType = sourcecode.swift; path = VoiceRecordingSheet.swift; sourceTree = "<group>"; };
		312D62A795BC59DF182ADABA /* PressableButtonStyle.swift */ = {isa = PBXFileReference; lastKnownFileType = sourcecode.swift; path = PressableButtonStyle.swift; sourceTree = "<group>"; };
		3615FBE7A5AB219909D5DA86 /* AudioRecorder.swift */ = {isa = PBXFileReference; lastKnownFileType = sourcecode.swift; path = AudioRecorder.swift; sourceTree = "<group>"; };
		37DD2FA9905F51EDC147B6A4 /* Assets.xcassets */ = {isa = PBXFileReference; lastKnownFileType = folder.assetcatalog; name = Assets.xcassets; path = CoinFlow/Resources/Assets.xcassets; sourceTree = SOURCE_ROOT; };
		38DF9D100ACE54DC9907C565 /* BillsSummary.system.md */ = {isa = PBXFileReference; lastKnownFileType = net.daringfireball.markdown; name = BillsSummary.system.md; path = CoinFlow/Resources/Prompts/BillsSummary.system.md; sourceTree = SOURCE_ROOT; };
		38F844C94F772C12A9ABBA9F /* StatsShareCard.swift */ = {isa = PBXFileReference; lastKnownFileType = sourcecode.swift; path = StatsShareCard.swift; sourceTree = "<group>"; };
		393068A7B52D2F9E7666BE35 /* VoiceWizardContainerView.swift */ = {isa = PBXFileReference; lastKnownFileType = sourcecode.swift; path = VoiceWizardContainerView.swift; sourceTree = "<group>"; };
		3961D48881C4712141BF1654 /* SummaryFloatingCard.swift */ = {isa = PBXFileReference; lastKnownFileType = sourcecode.swift; path = SummaryFloatingCard.swift; sourceTree = "<group>"; };
		3976FBD9CA7FBEAACF0FD221 /* SymbolColor.swift */ = {isa = PBXFileReference; lastKnownFileType = sourcecode.swift; path = SymbolColor.swift; sourceTree = "<group>"; };
		3D8C81581DB7693F9B5A2D73 /* PrivacyShieldView.swift */ = {isa = PBXFileReference; lastKnownFileType = sourcecode.swift; path = PrivacyShieldView.swift; sourceTree = "<group>"; };
		3DC0816B2C8A171381ACDF8D /* ASREngine.swift */ = {isa = PBXFileReference; lastKnownFileType = sourcecode.swift; path = ASREngine.swift; sourceTree = "<group>"; };
		3E9F242E1AC1D58BA9565E56 /* RemoteRecordPuller.swift */ = {isa = PBXFileReference; lastKnownFileType = sourcecode.swift; path = RemoteRecordPuller.swift; sourceTree = "<group>"; };
		41EBD75B7A10D7BDCDB67753 /* ScreenshotInbox.swift */ = {isa = PBXFileReference; lastKnownFileType = sourcecode.swift; path = ScreenshotInbox.swift; sourceTree = "<group>"; };
		42C255C3639EBCF692E6AAEE /* FeishuTokenManagerTests.swift */ = {isa = PBXFileReference; lastKnownFileType = sourcecode.swift; name = FeishuTokenManagerTests.swift; path = CoinFlowTests/FeishuTokenManagerTests.swift; sourceTree = SOURCE_ROOT; };
		48A45E60362DCDB65ACAFD79 /* CoinFlow.app */ = {isa = PBXFileReference; explicitFileType = wrapper.application; includeInIndex = 0; path = CoinFlow.app; sourceTree = BUILT_PRODUCTS_DIR; };
		50FD2E3B0D7C3F4C1F50F244 /* ScreenshotStore.swift */ = {isa = PBXFileReference; lastKnownFileType = sourcecode.swift; path = ScreenshotStore.swift; sourceTree = "<group>"; };
		52531C16BD920EEC593003EF /* RecordRepository.swift */ = {isa = PBXFileReference; lastKnownFileType = sourcecode.swift; path = RecordRepository.swift; sourceTree = "<group>"; };
		534C630A382F70E3BB16D0EE /* NotionFont.swift */ = {isa = PBXFileReference; lastKnownFileType = sourcecode.swift; path = NotionFont.swift; sourceTree = "<group>"; };
		56287C31ECD47B88EFE2BE30 /* SummaryBitableMapper.swift */ = {isa = PBXFileReference; lastKnownFileType = sourcecode.swift; path = SummaryBitableMapper.swift; sourceTree = "<group>"; };
		57796BB6E5A4D1FBD4F20EB0 /* SyncQueueBackoffTests.swift */ = {isa = PBXFileReference; lastKnownFileType = sourcecode.swift; name = SyncQueueBackoffTests.swift; path = CoinFlowTests/SyncQueueBackoffTests.swift; sourceTree = SOURCE_ROOT; };
		593570AFE7BAAA6D9F3DD4D5 /* BillsSummary.swift */ = {isa = PBXFileReference; lastKnownFileType = sourcecode.swift; path = BillsSummary.swift; sourceTree = "<group>"; };
		59E5C533FFD3D64EF9D4A3E1 /* SettingsView.swift */ = {isa = PBXFileReference; lastKnownFileType = sourcecode.swift; path = SettingsView.swift; sourceTree = "<group>"; };
		5A25C62D9F0530ACAF804BA8 /* IconPickerView.swift */ = {isa = PBXFileReference; lastKnownFileType = sourcecode.swift; path = IconPickerView.swift; sourceTree = "<group>"; };
		613BCF90EC4140AD4196A96A /* Record.swift */ = {isa = PBXFileReference; lastKnownFileType = sourcecode.swift; path = Record.swift; sourceTree = "<group>"; };
		638FBFA4BA73553FAC909830 /* LedgerRepository.swift */ = {isa = PBXFileReference; lastKnownFileType = sourcecode.swift; path = LedgerRepository.swift; sourceTree = "<group>"; };
		6705DF1C7979C25B6C0F8465 /* CameraPicker.swift */ = {isa = PBXFileReference; lastKnownFileType = sourcecode.swift; path = CameraPicker.swift; sourceTree = "<group>"; };
		68BD7B0530ACC0A7E2A02755 /* LLMTextClient.swift */ = {isa = PBXFileReference; lastKnownFileType = sourcecode.swift; path = LLMTextClient.swift; sourceTree = "<group>"; };
		69D679C19FBE785F691D4C54 /* BackTapSetupView.swift */ = {isa = PBXFileReference; lastKnownFileType = sourcecode.swift; path = BackTapSetupView.swift; sourceTree = "<group>"; };
		6BC4CD837F207FC4FAAD836D /* DatabaseManager.swift */ = {isa = PBXFileReference; lastKnownFileType = sourcecode.swift; path = DatabaseManager.swift; sourceTree = "<group>"; };
		6E274B921C66394581C71C26 /* MainCoordinator.swift */ = {isa = PBXFileReference; lastKnownFileType = sourcecode.swift; path = MainCoordinator.swift; sourceTree = "<group>"; };
		74B96305B6F3940834AC607A /* OCRRouter.swift */ = {isa = PBXFileReference; lastKnownFileType = sourcecode.swift; path = OCRRouter.swift; sourceTree = "<group>"; };
		751A0429BD9E60D27B02EE77 /* CategoryPickerSheet.swift */ = {isa = PBXFileReference; lastKnownFileType = sourcecode.swift; path = CategoryPickerSheet.swift; sourceTree = "<group>"; };
		7864B428CEDA37CD62D4C28C /* RecordsLayout.swift */ = {isa = PBXFileReference; lastKnownFileType = sourcecode.swift; path = RecordsLayout.swift; sourceTree = "<group>"; };
		79A27BE198C68BA8CFFB0BA5 /* StatsTrendView.swift */ = {isa = PBXFileReference; lastKnownFileType = sourcecode.swift; path = StatsTrendView.swift; sourceTree = "<group>"; };
		79D07C722FF0CA65B33DA329 /* KeyboardAccessoryToolbar.swift */ = {isa = PBXFileReference; lastKnownFileType = sourcecode.swift; path = KeyboardAccessoryToolbar.swift; sourceTree = "<group>"; };
		7BD6E67EA8C17DCF41EF011A /* SQLBinder.swift */ = {isa = PBXFileReference; lastKnownFileType = sourcecode.swift; path = SQLBinder.swift; sourceTree = "<group>"; };
		7BDB70593CEA98F35A6A6337 /* AppConfig.swift */ = {isa = PBXFileReference; lastKnownFileType = sourcecode.swift; path = AppConfig.swift; sourceTree = "<group>"; };
		7C8EDC86AB87E6D0A16407AE /* SyncQueue.swift */ = {isa = PBXFileReference; lastKnownFileType = sourcecode.swift; path = SyncQueue.swift; sourceTree = "<group>"; };
		7D9EB0D6C7A8734B53516DB2 /* CaptureConfirmView.swift */ = {isa = PBXFileReference; lastKnownFileType = sourcecode.swift; path = CaptureConfirmView.swift; sourceTree = "<group>"; };
		7EDF9BAE64277962566DC7CB /* Migrations.swift */ = {isa = PBXFileReference; lastKnownFileType = sourcecode.swift; path = Migrations.swift; sourceTree = "<group>"; };
		8200EADF82397BE74570DE38 /* AmountTextFieldUIKit.swift */ = {isa = PBXFileReference; lastKnownFileType = sourcecode.swift; path = AmountTextFieldUIKit.swift; sourceTree = "<group>"; };
		831E9CE96DB94FA1A9639837 /* VoiceSessionRepository.swift */ = {isa = PBXFileReference; lastKnownFileType = sourcecode.swift; path = VoiceSessionRepository.swift; sourceTree = "<group>"; };
		85512D7665014EA8BCF469F1 /* BillsSummaryScheduler.swift */ = {isa = PBXFileReference; lastKnownFileType = sourcecode.swift; path = BillsSummaryScheduler.swift; sourceTree = "<group>"; };
		86CADE0A1C83E9DD5C5A154A /* RecordBitableMapper.swift */ = {isa = PBXFileReference; lastKnownFileType = sourcecode.swift; path = RecordBitableMapper.swift; sourceTree = "<group>"; };
		86EDE2B7BED14E5FC44460E4 /* VoiceParsingView.swift */ = {isa = PBXFileReference; lastKnownFileType = sourcecode.swift; path = VoiceParsingView.swift; sourceTree = "<group>"; };
		87688810AAA37099823D98F1 /* InteractivePopEnabler.swift */ = {isa = PBXFileReference; lastKnownFileType = sourcecode.swift; path = InteractivePopEnabler.swift; sourceTree = "<group>"; };
		8FF85EE4B196C83C487EB2EA /* AmountInputGate.swift */ = {isa = PBXFileReference; lastKnownFileType = sourcecode.swift; path = AmountInputGate.swift; sourceTree = "<group>"; };
		911170F6988AC4950D59C816 /* BillsSummaryLLMClient.swift */ = {isa = PBXFileReference; lastKnownFileType = sourcecode.swift; path = BillsSummaryLLMClient.swift; sourceTree = "<group>"; };
		95909FCDCB3891A2AEF8C32F /* NotionColor.swift */ = {isa = PBXFileReference; lastKnownFileType = sourcecode.swift; path = NotionColor.swift; sourceTree = "<group>"; };
		97FCD6F7EDB167BAEB900B1C /* StatsAABalanceView.swift */ = {isa = PBXFileReference; lastKnownFileType = sourcecode.swift; path = StatsAABalanceView.swift; sourceTree = "<group>"; };
		9B286B5CDA1216E507BD4CFF /* StatsBudgetView.swift */ = {isa = PBXFileReference; lastKnownFileType = sourcecode.swift; path = StatsBudgetView.swift; sourceTree = "<group>"; };
		9C4A01F0F6C74EA6689CCC2F /* Motion.swift */ = {isa = PBXFileReference; lastKnownFileType = sourcecode.swift; path = Motion.swift; sourceTree = "<group>"; };
		9CFF358A2693467678C21D8E /* StatsHubView.swift */ = {isa = PBXFileReference; lastKnownFileType = sourcecode.swift; path = StatsHubView.swift; sourceTree = "<group>"; };
		9E79235FD58F62F38329C244 /* NotionTheme.swift */ = {isa = PBXFileReference; lastKnownFileType = sourcecode.swift; path = NotionTheme.swift; sourceTree = "<group>"; };
		9F3AF1BA8F50A548BE0B0D32 /* ParsedBill.swift */ = {isa = PBXFileReference; lastKnownFileType = sourcecode.swift; path = ParsedBill.swift; sourceTree = "<group>"; };
		A015FB840DF927801DC6417E /* SyncLogger.swift */ = {isa = PBXFileReference; lastKnownFileType = sourcecode.swift; path = SyncLogger.swift; sourceTree = "<group>"; };
		A12F23051667E44BC667CA93 /* UserSettingsRepository.swift */ = {isa = PBXFileReference; lastKnownFileType = sourcecode.swift; path = UserSettingsRepository.swift; sourceTree = "<group>"; };
		A2143261711200453ADBBB8E /* RecordsListViewModel.swift */ = {isa = PBXFileReference; lastKnownFileType = sourcecode.swift; path = RecordsListViewModel.swift; sourceTree = "<group>"; };
		A24BD6A4F42BAC98FD6C1676 /* FeishuTokenManager.swift */ = {isa = PBXFileReference; lastKnownFileType = sourcecode.swift; path = FeishuTokenManager.swift; sourceTree = "<group>"; };
		A33A792A20C9D19CC3619A03 /* AppearanceSettingsView.swift */ = {isa = PBXFileReference; lastKnownFileType = sourcecode.swift; path = AppearanceSettingsView.swift; sourceTree = "<group>"; };
		A52AE658BFF45B4137C51CD3 /* OnboardingView.swift */ = {isa = PBXFileReference; lastKnownFileType = sourcecode.swift; path = OnboardingView.swift; sourceTree = "<group>"; };
		A7EE88B2BA673C5FC45A186C /* MainTabView.swift */ = {isa = PBXFileReference; lastKnownFileType = sourcecode.swift; path = MainTabView.swift; sourceTree = "<group>"; };
		A82301F0C86DA35A88B52E25 /* RecordsListView.swift */ = {isa = PBXFileReference; lastKnownFileType = sourcecode.swift; path = RecordsListView.swift; sourceTree = "<group>"; };
		A930F3C42C3285099E2F270F /* StatsHourlyView.swift */ = {isa = PBXFileReference; lastKnownFileType = sourcecode.swift; path = StatsHourlyView.swift; sourceTree = "<group>"; };
		A941F4D9A1BDF61A49AFEF4E /* TabBarVisibility.swift */ = {isa = PBXFileReference; lastKnownFileType = sourcecode.swift; path = TabBarVisibility.swift; sourceTree = "<group>"; };
		A9D3F48635483BD1CA8A1950 /* AppState.swift */ = {isa = PBXFileReference; lastKnownFileType = sourcecode.swift; path = AppState.swift; sourceTree = "<group>"; };
		ABC1A3020F6B1133C34B14A0 /* BillsOCRPromptBuilder.swift */ = {isa = PBXFileReference; lastKnownFileType = sourcecode.swift; path = BillsOCRPromptBuilder.swift; sourceTree = "<group>"; };
		AE301BE85FE3DE28875B25DF /* ASRRouter.swift */ = {isa = PBXFileReference; lastKnownFileType = sourcecode.swift; path = ASRRouter.swift; sourceTree = "<group>"; };
		B2012F0356A8EB730BDBCF60 /* VoiceWizardViewModel.swift */ = {isa = PBXFileReference; lastKnownFileType = sourcecode.swift; path = VoiceWizardViewModel.swift; sourceTree = "<group>"; };
		B60106CA224CF150BF75066C /* BiometricLockView.swift */ = {isa = PBXFileReference; lastKnownFileType = sourcecode.swift; path = BiometricLockView.swift; sourceTree = "<group>"; };
		BAED114CBD1EF3BEB598E3AE /* Config.example.plist */ = {isa = PBXFileReference; lastKnownFileType = text.plist.xml; name = Config.example.plist; path = CoinFlow/Config/Config.example.plist; sourceTree = SOURCE_ROOT; };
		BAFCA76CAB81D782B66ED5D6 /* CoinFlowCaptureIntent.swift */ = {isa = PBXFileReference; lastKnownFileType = sourcecode.swift; path = CoinFlowCaptureIntent.swift; sourceTree = "<group>"; };
		BB402059CB68B506ABC1E4C3 /* SyncStateMachineTests.swift */ = {isa = PBXFileReference; lastKnownFileType = sourcecode.swift; name = SyncStateMachineTests.swift; path = CoinFlowTests/SyncStateMachineTests.swift; sourceTree = SOURCE_ROOT; };
		BCE1450D13420A16B16083FB /* BillsVisionLLMClient.swift */ = {isa = PBXFileReference; lastKnownFileType = sourcecode.swift; path = BillsVisionLLMClient.swift; sourceTree = "<group>"; };
		BE8C7538BF04342FD239A8BB /* NotionTheme+Aliases.swift */ = {isa = PBXFileReference; lastKnownFileType = sourcecode.swift; path = "NotionTheme+Aliases.swift"; sourceTree = "<group>"; };
		BEF346AD848D286D95A1BAC3 /* DefaultSeeder.swift */ = {isa = PBXFileReference; lastKnownFileType = sourcecode.swift; path = DefaultSeeder.swift; sourceTree = "<group>"; };
		C2D84FDBBF2423A182D908BB /* QuotaService.swift */ = {isa = PBXFileReference; lastKnownFileType = sourcecode.swift; path = QuotaService.swift; sourceTree = "<group>"; };
		C368B8CC4085258D20B621CC /* VoiceWizardStepView.swift */ = {isa = PBXFileReference; lastKnownFileType = sourcecode.swift; path = VoiceWizardStepView.swift; sourceTree = "<group>"; };
		C3D30120A450F3C6C65FE2BA /* StatsWordCloudView.swift */ = {isa = PBXFileReference; lastKnownFileType = sourcecode.swift; path = StatsWordCloudView.swift; sourceTree = "<group>"; };
		C438297B1248B73D8913528F /* BillsSummaryAggregator.swift */ = {isa = PBXFileReference; lastKnownFileType = sourcecode.swift; path = BillsSummaryAggregator.swift; sourceTree = "<group>"; };
		C51CAAC68AA5A695381C0F1E /* StatsGaugeView.swift */ = {isa = PBXFileReference; lastKnownFileType = sourcecode.swift; path = StatsGaugeView.swift; sourceTree = "<group>"; };
		C619AB9B8785F83C6308652B /* RecordGridView.swift */ = {isa = PBXFileReference; lastKnownFileType = sourcecode.swift; path = RecordGridView.swift; sourceTree = "<group>"; };
		C8CC3A29018C926B32A9CE95 /* CoinFlowApp.swift */ = {isa = PBXFileReference; lastKnownFileType = sourcecode.swift; path = CoinFlowApp.swift; sourceTree = "<group>"; };
		CAE9F62080FBCE8A2CE9B037 /* BillsVoicePromptBuilder.swift */ = {isa = PBXFileReference; lastKnownFileType = sourcecode.swift; path = BillsVoicePromptBuilder.swift; sourceTree = "<group>"; };
		D3023B1DB8148EBCD571A4EC /* StatsViewModel.swift */ = {isa = PBXFileReference; lastKnownFileType = sourcecode.swift; path = StatsViewModel.swift; sourceTree = "<group>"; };
		D475F5530897ED8ED84DE27C /* Schema.swift */ = {isa = PBXFileReference; lastKnownFileType = sourcecode.swift; path = Schema.swift; sourceTree = "<group>"; };
		D4F085110F648E9B1F9AAC68 /* SyncTrigger.swift */ = {isa = PBXFileReference; lastKnownFileType = sourcecode.swift; path = SyncTrigger.swift; sourceTree = "<group>"; };
		D97BF236AD2E625C74BD78E4 /* StatsSankeyView.swift */ = {isa = PBXFileReference; lastKnownFileType = sourcecode.swift; path = StatsSankeyView.swift; sourceTree = "<group>"; };
		DA2088132A1CE5E4E2CB70D0 /* BillsSummaryListView.swift */ = {isa = PBXFileReference; lastKnownFileType = sourcecode.swift; path = BillsSummaryListView.swift; sourceTree = "<group>"; };
		DC1EE1A370E102632963FF51 /* RecordDetailSheet.swift */ = {isa = PBXFileReference; lastKnownFileType = sourcecode.swift; path = RecordDetailSheet.swift; sourceTree = "<group>"; };
		DDE272A0C7A91122D2400C6F /* AmountTextStyle.swift */ = {isa = PBXFileReference; lastKnownFileType = sourcecode.swift; path = AmountTextStyle.swift; sourceTree = "<group>"; };
		E1D8FFA783E08B3DDE58B3D6 /* RecordChangeNotifier.swift */ = {isa = PBXFileReference; lastKnownFileType = sourcecode.swift; path = RecordChangeNotifier.swift; sourceTree = "<group>"; };
		E54B80083351A4F57153D0EB /* Category.swift */ = {isa = PBXFileReference; lastKnownFileType = sourcecode.swift; path = Category.swift; sourceTree = "<group>"; };
		E55B32F2BDF3A008543AB0D1 /* Ledger.swift */ = {isa = PBXFileReference; lastKnownFileType = sourcecode.swift; path = Ledger.swift; sourceTree = "<group>"; };
		E7C85DB6967CD8D83B63993C /* CoinFlowTests.xctest */ = {isa = PBXFileReference; explicitFileType = wrapper.cfbundle; includeInIndex = 0; path = CoinFlowTests.xctest; sourceTree = BUILT_PRODUCTS_DIR; };
		E9070948CDDBC35E405C7EBF /* SyncStatusView.swift */ = {isa = PBXFileReference; lastKnownFileType = sourcecode.swift; path = SyncStatusView.swift; sourceTree = "<group>"; };
		EA6E6A3E7772463B0A94C2C9 /* NewRecordModal.swift */ = {isa = PBXFileReference; lastKnownFileType = sourcecode.swift; path = NewRecordModal.swift; sourceTree = "<group>"; };
		EBB0787F0C57DD81A0925A0D /* PhotoPicker.swift */ = {isa = PBXFileReference; lastKnownFileType = sourcecode.swift; path = PhotoPicker.swift; sourceTree = "<group>"; };
		ECDEB78F6C47085BD4AE915A /* HomeMainView.swift */ = {isa = PBXFileReference; lastKnownFileType = sourcecode.swift; path = HomeMainView.swift; sourceTree = "<group>"; };
		ECF14E01D59C1A67CC1528CA /* NoteTextFieldUIKit.swift */ = {isa = PBXFileReference; lastKnownFileType = sourcecode.swift; path = NoteTextFieldUIKit.swift; sourceTree = "<group>"; };
		ED4DDA29F025B917364B5BF9 /* VoiceSession.swift */ = {isa = PBXFileReference; lastKnownFileType = sourcecode.swift; path = VoiceSession.swift; sourceTree = "<group>"; };
		EE6543011CE04977B0197895 /* PromptResource.swift */ = {isa = PBXFileReference; lastKnownFileType = sourcecode.swift; path = PromptResource.swift; sourceTree = "<group>"; };
		F318CB0EA7DCD583CA41FC96 /* BiometricAuthService.swift */ = {isa = PBXFileReference; lastKnownFileType = sourcecode.swift; path = BiometricAuthService.swift; sourceTree = "<group>"; };
		F5D9D607DF82C30921021B2F /* BillsLLMParser.swift */ = {isa = PBXFileReference; lastKnownFileType = sourcecode.swift; path = BillsLLMParser.swift; sourceTree = "<group>"; };
		F615196451C93A3443715CDB /* RecordRow.swift */ = {isa = PBXFileReference; lastKnownFileType = sourcecode.swift; path = RecordRow.swift; sourceTree = "<group>"; };
		F7435A9AF7C5DADEDD3C105F /* VoiceSummaryView.swift */ = {isa = PBXFileReference; lastKnownFileType = sourcecode.swift; path = VoiceSummaryView.swift; sourceTree = "<group>"; };
		FDAA8D9F3D96F44657BD3F7E /* DateGrouping.swift */ = {isa = PBXFileReference; lastKnownFileType = sourcecode.swift; path = DateGrouping.swift; sourceTree = "<group>"; };
		FE5716B495462C7E41DEFAA6 /* AmountFormatter.swift */ = {isa = PBXFileReference; lastKnownFileType = sourcecode.swift; path = AmountFormatter.swift; sourceTree = "<group>"; };
/* End PBXFileReference section */

/* Begin PBXFrameworksBuildPhase section */
		4C5755462FB249ED345A8658 /* Frameworks */ = {
			isa = PBXFrameworksBuildPhase;
			buildActionMask = 2147483647;
			files = (
			);
			runOnlyForDeploymentPostprocessing = 0;
		};
		57ABE347C5A26A5FE1F54C45 /* Frameworks */ = {
			isa = PBXFrameworksBuildPhase;
			buildActionMask = 2147483647;
			files = (
				C6E4586A033C16E3016D219A /* GRDB in Frameworks */,
				6BC68224ACCEC11AE5641F75 /* SQLCipher in Frameworks */,
				7B6E69CDAAC1243BE23C95B6 /* MarkdownUI in Frameworks */,
			);
			runOnlyForDeploymentPostprocessing = 0;
		};
/* End PBXFrameworksBuildPhase section */

/* Begin PBXGroup section */
		022CF93AB2752F964212F2A1 /* Voice */ = {
			isa = PBXGroup;
			children = (
				3DC0816B2C8A171381ACDF8D /* ASREngine.swift */,
				AE301BE85FE3DE28875B25DF /* ASRRouter.swift */,
				3615FBE7A5AB219909D5DA86 /* AudioRecorder.swift */,
				F5D9D607DF82C30921021B2F /* BillsLLMParser.swift */,
				ABC1A3020F6B1133C34B14A0 /* BillsOCRPromptBuilder.swift */,
				1C73D5C6DDC4ADF9414FA2A4 /* BillsPromptBuilder.swift */,
				BCE1450D13420A16B16083FB /* BillsVisionLLMClient.swift */,
				CAE9F62080FBCE8A2CE9B037 /* BillsVoicePromptBuilder.swift */,
				68BD7B0530ACC0A7E2A02755 /* LLMTextClient.swift */,
				9F3AF1BA8F50A548BE0B0D32 /* ParsedBill.swift */,
				86EDE2B7BED14E5FC44460E4 /* VoiceParsingView.swift */,
				2EB6A8B204B71C9CA7EF813A /* VoiceRecordingSheet.swift */,
				F7435A9AF7C5DADEDD3C105F /* VoiceSummaryView.swift */,
				393068A7B52D2F9E7666BE35 /* VoiceWizardContainerView.swift */,
				C368B8CC4085258D20B621CC /* VoiceWizardStepView.swift */,
				B2012F0356A8EB730BDBCF60 /* VoiceWizardViewModel.swift */,
			);
			path = Voice;
			sourceTree = "<group>";
		};
		043FF6943FC8AD288BBFEA81 /* Data */ = {
			isa = PBXGroup;
			children = (
				F13D3B2409C6DB9592490540 /* Database */,
				07AE96A26775F3904A1D50E2 /* Feishu */,
				7282BCC10662DE968B382A84 /* Models */,
				284F03FCBC05C571F393206A /* Repositories */,
				E78A74AFF49CCF8D16FE74A8 /* Seed */,
				561CA00E8F368FA99F33379F /* Storage */,
				9D0908F7B6FCA562C9CB48EE /* Sync */,
			);
			path = Data;
			sourceTree = "<group>";
		};
		07AE96A26775F3904A1D50E2 /* Feishu */ = {
			isa = PBXGroup;
			children = (
				08187C3488CE398F7C588DE6 /* FeishuBitableClient.swift */,
				25E2203050DF6B75FF0212DB /* FeishuConfig.swift */,
				A24BD6A4F42BAC98FD6C1676 /* FeishuTokenManager.swift */,
			);
			path = Feishu;
			sourceTree = "<group>";
		};
		08CDC76BADC8D018BB7045E0 /* Resources */ = {
			isa = PBXGroup;
			children = (
				3FF4C91C0014BD741421B5CE /* Prompts */,
				37DD2FA9905F51EDC147B6A4 /* Assets.xcassets */,
			);
			path = Resources;
			sourceTree = "<group>";
		};
		0C5D14EECADAFF37D429000C /* RecordDetail */ = {
			isa = PBXGroup;
			children = (
				DC1EE1A370E102632963FF51 /* RecordDetailSheet.swift */,
				13005B7CB91A30DFACA75362 /* RecordDetailViewModel.swift */,
			);
			path = RecordDetail;
			sourceTree = "<group>";
		};
		18BC38C4EED2C84C68575112 /* Summary */ = {
			isa = PBXGroup;
			children = (
				3B2BD8E21F1411C401ADA37B /* Views */,
				C438297B1248B73D8913528F /* BillsSummaryAggregator.swift */,
				911170F6988AC4950D59C816 /* BillsSummaryLLMClient.swift */,
				2AD3E425366E9BBBE5FED9A9 /* BillsSummaryPromptBuilder.swift */,
				85512D7665014EA8BCF469F1 /* BillsSummaryScheduler.swift */,
				24D43CDAA94A12F5E019F395 /* BillsSummaryService.swift */,
				EE6543011CE04977B0197895 /* PromptResource.swift */,
			);
			path = Summary;
			sourceTree = "<group>";
		};
		284F03FCBC05C571F393206A /* Repositories */ = {
			isa = PBXGroup;
			children = (
				0ACD66E1F86765EDD09075FD /* BillsSummaryRepository.swift */,
				2CA0AFB4C2B29E63A0B797E2 /* CategoryRepository.swift */,
				638FBFA4BA73553FAC909830 /* LedgerRepository.swift */,
				E1D8FFA783E08B3DDE58B3D6 /* RecordChangeNotifier.swift */,
				52531C16BD920EEC593003EF /* RecordRepository.swift */,
				A12F23051667E44BC667CA93 /* UserSettingsRepository.swift */,
				831E9CE96DB94FA1A9639837 /* VoiceSessionRepository.swift */,
			);
			path = Repositories;
			sourceTree = "<group>";
		};
		318C4E262C76C0AF1FB82456 /* App */ = {
			isa = PBXGroup;
			children = (
				A9D3F48635483BD1CA8A1950 /* AppState.swift */,
				B60106CA224CF150BF75066C /* BiometricLockView.swift */,
				C8CC3A29018C926B32A9CE95 /* CoinFlowApp.swift */,
				3D8C81581DB7693F9B5A2D73 /* PrivacyShieldView.swift */,
			);
			path = App;
			sourceTree = "<group>";
		};
		3B2BD8E21F1411C401ADA37B /* Views */ = {
			isa = PBXGroup;
			children = (
				DA2088132A1CE5E4E2CB70D0 /* BillsSummaryListView.swift */,
				0499988FEC567C037D29EB52 /* BillsSummaryPushBanner.swift */,
				3961D48881C4712141BF1654 /* SummaryFloatingCard.swift */,
			);
			path = Views;
			sourceTree = "<group>";
		};
		3FF4C91C0014BD741421B5CE /* Prompts */ = {
			isa = PBXGroup;
			children = (
				38DF9D100ACE54DC9907C565 /* BillsSummary.system.md */,
			);
			path = Prompts;
			sourceTree = "<group>";
		};
		4B4B59A7B88D3459F147CA55 /* Categories */ = {
			isa = PBXGroup;
			children = (
				2271B0B0CD85D125AB098D5D /* CategoryIconLibrary.swift */,
				154A1F72D21F1724A734FF48 /* CategoryListView.swift */,
				5A25C62D9F0530ACAF804BA8 /* IconPickerView.swift */,
			);
			path = Categories;
			sourceTree = "<group>";
		};
		4D4C37E46E73AD4D2AB4E2F3 /* Products */ = {
			isa = PBXGroup;
			children = (
				48A45E60362DCDB65ACAFD79 /* CoinFlow.app */,
				E7C85DB6967CD8D83B63993C /* CoinFlowTests.xctest */,
			);
			name = Products;
			sourceTree = "<group>";
		};
		561CA00E8F368FA99F33379F /* Storage */ = {
			isa = PBXGroup;
			children = (
				50FD2E3B0D7C3F4C1F50F244 /* ScreenshotStore.swift */,
			);
			path = Storage;
			sourceTree = "<group>";
		};
		585B24542239530F08B16DA9 /* Stats */ = {
			isa = PBXGroup;
			children = (
				18BC38C4EED2C84C68575112 /* Summary */,
				64995A27E3F2493F24562266 /* Views */,
				23514A6346699114C56DDFA4 /* StatsAnalysisHostView.swift */,
				38F844C94F772C12A9ABBA9F /* StatsShareCard.swift */,
				D3023B1DB8148EBCD571A4EC /* StatsViewModel.swift */,
			);
			path = Stats;
			sourceTree = "<group>";
		};
		5969EFF1425748741E2AB306 /* Security */ = {
			isa = PBXGroup;
			children = (
				F318CB0EA7DCD583CA41FC96 /* BiometricAuthService.swift */,
			);
			path = Security;
			sourceTree = "<group>";
		};
		5D5FA4FF2C4FE611BE19E4B9 = {
			isa = PBXGroup;
			children = (
				84D3D65802BEBAD1BD89CD09 /* CoinFlow */,
				9C64D10A89A8014AE78831FC /* CoinFlowTests */,
				4D4C37E46E73AD4D2AB4E2F3 /* Products */,
			);
			sourceTree = "<group>";
		};
		64995A27E3F2493F24562266 /* Views */ = {
			isa = PBXGroup;
			children = (
				97FCD6F7EDB167BAEB900B1C /* StatsAABalanceView.swift */,
				9B286B5CDA1216E507BD4CFF /* StatsBudgetView.swift */,
				0F9B9A3DA879B3CE48CF2125 /* StatsCategoryDetailView.swift */,
				C51CAAC68AA5A695381C0F1E /* StatsGaugeView.swift */,
				A930F3C42C3285099E2F270F /* StatsHourlyView.swift */,
				11AAAF0D44BE3EBAA7CBB7E3 /* StatsMainView.swift */,
				D97BF236AD2E625C74BD78E4 /* StatsSankeyView.swift */,
				79A27BE198C68BA8CFFB0BA5 /* StatsTrendView.swift */,
				C3D30120A450F3C6C65FE2BA /* StatsWordCloudView.swift */,
				1D0195BE61DC6EA7281E2171 /* StatsYearView.swift */,
			);
			path = Views;
			sourceTree = "<group>";
		};
		68980F009062B3E3B485F698 /* Theme */ = {
			isa = PBXGroup;
			children = (
				1687A3D838C9F9EE829BF565 /* AmountTintStore.swift */,
				0A0D434FC9DA9C051B35E1EC /* KeyboardDoneToolbar.swift */,
				23793B780B14FD6B436EA000 /* LiquidGlassATheme.swift */,
				13E27D521EB944E25480B619 /* LiquidGlassRealTheme.swift */,
				9C4A01F0F6C74EA6689CCC2F /* Motion.swift */,
				95909FCDCB3891A2AEF8C32F /* NotionColor.swift */,
				534C630A382F70E3BB16D0EE /* NotionFont.swift */,
				BE8C7538BF04342FD239A8BB /* NotionTheme+Aliases.swift */,
				9E79235FD58F62F38329C244 /* NotionTheme.swift */,
				312D62A795BC59DF182ADABA /* PressableButtonStyle.swift */,
			);
			path = Theme;
			sourceTree = "<group>";
		};
		7282BCC10662DE968B382A84 /* Models */ = {
			isa = PBXGroup;
			children = (
				593570AFE7BAAA6D9F3DD4D5 /* BillsSummary.swift */,
				E54B80083351A4F57153D0EB /* Category.swift */,
				E55B32F2BDF3A008543AB0D1 /* Ledger.swift */,
				613BCF90EC4140AD4196A96A /* Record.swift */,
				ED4DDA29F025B917364B5BF9 /* VoiceSession.swift */,
			);
			path = Models;
			sourceTree = "<group>";
		};
		811DAFE52FA5DF62C0E623FE /* Onboarding */ = {
			isa = PBXGroup;
			children = (
				A52AE658BFF45B4137C51CD3 /* OnboardingView.swift */,
			);
			path = Onboarding;
			sourceTree = "<group>";
		};
		84D3D65802BEBAD1BD89CD09 /* CoinFlow */ = {
			isa = PBXGroup;
			children = (
				318C4E262C76C0AF1FB82456 /* App */,
				EE5036AABF353C6EF2CECD25 /* Config */,
				043FF6943FC8AD288BBFEA81 /* Data */,
				F0EC05A10BC9138D4DC4383E /* Features */,
				08CDC76BADC8D018BB7045E0 /* Resources */,
				5969EFF1425748741E2AB306 /* Security */,
				68980F009062B3E3B485F698 /* Theme */,
			);
			path = CoinFlow;
			sourceTree = "<group>";
		};
		87280D59165A5E16EEBF2207 /* Records */ = {
			isa = PBXGroup;
			children = (
				F2532D7AFA5D46C290845CD2 /* Components */,
				F615196451C93A3443715CDB /* RecordRow.swift */,
				7864B428CEDA37CD62D4C28C /* RecordsLayout.swift */,
				A82301F0C86DA35A88B52E25 /* RecordsListView.swift */,
				A2143261711200453ADBBB8E /* RecordsListViewModel.swift */,
			);
			path = Records;
			sourceTree = "<group>";
		};
		9C64D10A89A8014AE78831FC /* CoinFlowTests */ = {
			isa = PBXGroup;
			children = (
				03A54834F864503717CEE56E /* CategoryIconLibraryTests.swift */,
				42C255C3639EBCF692E6AAEE /* FeishuTokenManagerTests.swift */,
				1AE9FFA9DC75658CECFC288B /* RecordBitableMapperTests.swift */,
				125155F1B0FF60E0534CE6A8 /* RecordRepositorySyncTests.swift */,
				57796BB6E5A4D1FBD4F20EB0 /* SyncQueueBackoffTests.swift */,
				BB402059CB68B506ABC1E4C3 /* SyncStateMachineTests.swift */,
			);
			path = CoinFlowTests;
			sourceTree = "<group>";
		};
		9D0908F7B6FCA562C9CB48EE /* Sync */ = {
			isa = PBXGroup;
			children = (
				86CADE0A1C83E9DD5C5A154A /* RecordBitableMapper.swift */,
				3E9F242E1AC1D58BA9565E56 /* RemoteRecordPuller.swift */,
				56287C31ECD47B88EFE2BE30 /* SummaryBitableMapper.swift */,
				A015FB840DF927801DC6417E /* SyncLogger.swift */,
				7C8EDC86AB87E6D0A16407AE /* SyncQueue.swift */,
				D4F085110F648E9B1F9AAC68 /* SyncTrigger.swift */,
			);
			path = Sync;
			sourceTree = "<group>";
		};
		C705C946BD607DDF50E86BD3 /* NewRecord */ = {
			isa = PBXGroup;
			children = (
				751A0429BD9E60D27B02EE77 /* CategoryPickerSheet.swift */,
				EA6E6A3E7772463B0A94C2C9 /* NewRecordModal.swift */,
				0A53F5817001363B3060E2A1 /* NewRecordViewModel.swift */,
			);
			path = NewRecord;
			sourceTree = "<group>";
		};
		D401D142C078EC1D2ED18521 /* Main */ = {
			isa = PBXGroup;
			children = (
				ECDEB78F6C47085BD4AE915A /* HomeMainView.swift */,
				A7EE88B2BA673C5FC45A186C /* MainTabView.swift */,
				9CFF358A2693467678C21D8E /* StatsHubView.swift */,
			);
			path = Main;
			sourceTree = "<group>";
		};
		E78A74AFF49CCF8D16FE74A8 /* Seed */ = {
			isa = PBXGroup;
			children = (
				BEF346AD848D286D95A1BAC3 /* DefaultSeeder.swift */,
			);
			path = Seed;
			sourceTree = "<group>";
		};
		ED645538A6899E2862C7C1F1 /* Sync */ = {
			isa = PBXGroup;
			children = (
				E9070948CDDBC35E405C7EBF /* SyncStatusView.swift */,
			);
			path = Sync;
			sourceTree = "<group>";
		};
		EE5036AABF353C6EF2CECD25 /* Config */ = {
			isa = PBXGroup;
			children = (
				7BDB70593CEA98F35A6A6337 /* AppConfig.swift */,
				BAED114CBD1EF3BEB598E3AE /* Config.example.plist */,
				1E4C8AE88476CE2D083EEFDB /* Config.plist */,
			);
			path = Config;
			sourceTree = "<group>";
		};
		F0EC05A10BC9138D4DC4383E /* Features */ = {
			isa = PBXGroup;
			children = (
				FF247B43D34F8D51ECE0F1D3 /* Capture */,
				4B4B59A7B88D3459F147CA55 /* Categories */,
				F3EF0C8D24A14ED3EB01102F /* Common */,
				D401D142C078EC1D2ED18521 /* Main */,
				C705C946BD607DDF50E86BD3 /* NewRecord */,
				811DAFE52FA5DF62C0E623FE /* Onboarding */,
				0C5D14EECADAFF37D429000C /* RecordDetail */,
				87280D59165A5E16EEBF2207 /* Records */,
				F68FAF4C18AF8D0660CA7061 /* Settings */,
				585B24542239530F08B16DA9 /* Stats */,
				ED645538A6899E2862C7C1F1 /* Sync */,
				022CF93AB2752F964212F2A1 /* Voice */,
			);
			path = Features;
			sourceTree = "<group>";
		};
		F13D3B2409C6DB9592490540 /* Database */ = {
			isa = PBXGroup;
			children = (
				6BC4CD837F207FC4FAAD836D /* DatabaseManager.swift */,
				7EDF9BAE64277962566DC7CB /* Migrations.swift */,
				7BD6E67EA8C17DCF41EF011A /* SQLBinder.swift */,
				D475F5530897ED8ED84DE27C /* Schema.swift */,
			);
			path = Database;
			sourceTree = "<group>";
		};
		F2532D7AFA5D46C290845CD2 /* Components */ = {
			isa = PBXGroup;
			children = (
				0AB80FC0EDFB0E72F1B5EEF6 /* EmptyRecordsView.swift */,
				1F7E5276DE735E1830C0EB5F /* InlineStatsBar.swift */,
				C619AB9B8785F83C6308652B /* RecordGridView.swift */,
			);
			path = Components;
			sourceTree = "<group>";
		};
		F3EF0C8D24A14ED3EB01102F /* Common */ = {
			isa = PBXGroup;
			children = (
				FE5716B495462C7E41DEFAA6 /* AmountFormatter.swift */,
				8FF85EE4B196C83C487EB2EA /* AmountInputGate.swift */,
				8200EADF82397BE74570DE38 /* AmountTextFieldUIKit.swift */,
				DDE272A0C7A91122D2400C6F /* AmountTextStyle.swift */,
				FDAA8D9F3D96F44657BD3F7E /* DateGrouping.swift */,
				87688810AAA37099823D98F1 /* InteractivePopEnabler.swift */,
				79D07C722FF0CA65B33DA329 /* KeyboardAccessoryToolbar.swift */,
				6E274B921C66394581C71C26 /* MainCoordinator.swift */,
				ECF14E01D59C1A67CC1528CA /* NoteTextFieldUIKit.swift */,
				3976FBD9CA7FBEAACF0FD221 /* SymbolColor.swift */,
				A941F4D9A1BDF61A49AFEF4E /* TabBarVisibility.swift */,
			);
			path = Common;
			sourceTree = "<group>";
		};
		F68FAF4C18AF8D0660CA7061 /* Settings */ = {
			isa = PBXGroup;
			children = (
				A33A792A20C9D19CC3619A03 /* AppearanceSettingsView.swift */,
				69D679C19FBE785F691D4C54 /* BackTapSetupView.swift */,
				112195A969C27907CC36F176 /* DataImportExportView.swift */,
				59E5C533FFD3D64EF9D4A3E1 /* SettingsView.swift */,
			);
			path = Settings;
			sourceTree = "<group>";
		};
		FF247B43D34F8D51ECE0F1D3 /* Capture */ = {
			isa = PBXGroup;
			children = (
				6705DF1C7979C25B6C0F8465 /* CameraPicker.swift */,
				7D9EB0D6C7A8734B53516DB2 /* CaptureConfirmView.swift */,
				BAFCA76CAB81D782B66ED5D6 /* CoinFlowCaptureIntent.swift */,
				0B26DC458E3FEF4A3EBE9584 /* MerchantBrand.swift */,
				0E674823329A40B17E47D9A7 /* OCREngine.swift */,
				74B96305B6F3940834AC607A /* OCRRouter.swift */,
				EBB0787F0C57DD81A0925A0D /* PhotoPicker.swift */,
				C2D84FDBBF2423A182D908BB /* QuotaService.swift */,
				287A8AEA3934EF542AFEC960 /* ReceiptParser.swift */,
				41EBD75B7A10D7BDCDB67753 /* ScreenshotInbox.swift */,
			);
			path = Capture;
			sourceTree = "<group>";
		};
/* End PBXGroup section */

/* Begin PBXNativeTarget section */
		C3543061B848334DD2899FCD /* CoinFlowTests */ = {
			isa = PBXNativeTarget;
			buildConfigurationList = 34723EDD1D7CBC3C44B3D12D /* Build configuration list for PBXNativeTarget "CoinFlowTests" */;
			buildPhases = (
				3DACA3CD8E35E6C86458A765 /* Sources */,
				4C5755462FB249ED345A8658 /* Frameworks */,
				341E841C26B4306E378B1805 /* Resources */,
			);
			buildRules = (
			);
			dependencies = (
				6CC1DE476C74664D0C7CB314 /* PBXTargetDependency */,
			);
			name = CoinFlowTests;
			packageProductDependencies = (
			);
			productName = CoinFlowTests;
			productReference = E7C85DB6967CD8D83B63993C /* CoinFlowTests.xctest */;
			productType = "com.apple.product-type.bundle.unit-test";
		};
		C6D775A66CCAB6B0412D93E7 /* CoinFlow */ = {
			isa = PBXNativeTarget;
			buildConfigurationList = 52E2FF09F018D278A370ED53 /* Build configuration list for PBXNativeTarget "CoinFlow" */;
			buildPhases = (
				777836AA0EBADFCF0AC7001B /* Sources */,
				57ABE347C5A26A5FE1F54C45 /* Frameworks */,
				8CB4B4DF9CE1889A27E7E8D7 /* Resources */,
			);
			buildRules = (
			);
			dependencies = (
			);
			name = CoinFlow;
			packageProductDependencies = (
				6E66EE7CA5B4D0EB9DF50693 /* GRDB */,
				71FCD54B2F492CF9A33A6B28 /* SQLCipher */,
				33B77EDAEDA0DC7683746171 /* MarkdownUI */,
			);
			productName = CoinFlow;
			productReference = 48A45E60362DCDB65ACAFD79 /* CoinFlow.app */;
			productType = "com.apple.product-type.application";
		};
/* End PBXNativeTarget section */

/* Begin PBXProject section */
		94599E0A414859AA116475BA /* Project object */ = {
			isa = PBXProject;
			attributes = {
				BuildIndependentTargetsInParallel = 1;
				LastSwiftUpdateCheck = 1640;
				LastUpgradeCheck = 1640;
				TargetAttributes = {
					C6D775A66CCAB6B0412D93E7 = {
						CreatedOnToolsVersion = 16.4;
					};
				};
			};
			buildConfigurationList = 622CAF0BAD6D6A7AE827AB1F /* Build configuration list for PBXProject "CoinFlow" */;
			compatibilityVersion = "Xcode 15.0";
			developmentRegion = "zh-Hans";
			hasScannedForEncodings = 0;
			knownRegions = (
				"zh-Hans",
				en,
				Base,
			);
			mainGroup = 5D5FA4FF2C4FE611BE19E4B9;
			packageReferences = (
				5EE3F8AC1805BA5BB57EF22F /* XCRemoteSwiftPackageReference "GRDB" */,
				9C8DE931C916FF7695D3B1C5 /* XCRemoteSwiftPackageReference "SQLCipher" */,
				6C1F1798430B1B63958CAFAD /* XCRemoteSwiftPackageReference "swift-markdown-ui" */,
			);
			productRefGroup = 4D4C37E46E73AD4D2AB4E2F3 /* Products */;
			projectDirPath = "";
			projectRoot = "";
			targets = (
				C6D775A66CCAB6B0412D93E7 /* CoinFlow */,
				C3543061B848334DD2899FCD /* CoinFlowTests */,
			);
		};
/* End PBXProject section */

/* Begin PBXResourcesBuildPhase section */
		341E841C26B4306E378B1805 /* Resources */ = {
			isa = PBXResourcesBuildPhase;
			buildActionMask = 2147483647;
			files = (
			);
			runOnlyForDeploymentPostprocessing = 0;
		};
		8CB4B4DF9CE1889A27E7E8D7 /* Resources */ = {
			isa = PBXResourcesBuildPhase;
			buildActionMask = 2147483647;
			files = (
				DCEDA06B8CAD92F380052C7D /* Config.example.plist in Resources */,
				E62956418376E87DB8B52413 /* Config.plist in Resources */,
				4668945A83C7EE6389E93D8B /* BillsSummary.system.md in Resources */,
				DC40135BB1F9E2828CCC5AD0 /* Assets.xcassets in Resources */,
			);
			runOnlyForDeploymentPostprocessing = 0;
		};
/* End PBXResourcesBuildPhase section */

/* Begin PBXSourcesBuildPhase section */
		3DACA3CD8E35E6C86458A765 /* Sources */ = {
			isa = PBXSourcesBuildPhase;
			buildActionMask = 2147483647;
			files = (
				AE1625DFD62A06D9DB32041D /* SyncQueueBackoffTests.swift in Sources */,
				F008738C3D74047659176AFC /* SyncStateMachineTests.swift in Sources */,
				8D7E7FA8A64DE8CE818CC899 /* RecordRepositorySyncTests.swift in Sources */,
				A85A706974689CB4FA9989C0 /* FeishuTokenManagerTests.swift in Sources */,
				26986151E021BD058911ED47 /* RecordBitableMapperTests.swift in Sources */,
				9B6C0F081D2981C583C070CD /* CategoryIconLibraryTests.swift in Sources */,
			);
			runOnlyForDeploymentPostprocessing = 0;
		};
		777836AA0EBADFCF0AC7001B /* Sources */ = {
			isa = PBXSourcesBuildPhase;
			buildActionMask = 2147483647;
			files = (
				CD4D52A8EF4D602BEC071468 /* CoinFlowApp.swift in Sources */,
				C801D707A6EDFBA35183B12E /* NotionTheme.swift in Sources */,
				E868619A4E9723776584E17B /* NotionTheme+Aliases.swift in Sources */,
				A3699A80B2C9190AC2B07BC3 /* NotionFont.swift in Sources */,
				053F6FC4938FD63CD8BCE23B /* Motion.swift in Sources */,
				0918A2E7DE8E66168A3A89A2 /* PressableButtonStyle.swift in Sources */,
				9F14DB0993A4DA4EE72A825E /* KeyboardDoneToolbar.swift in Sources */,
				01F516E054DB4318C61607FE /* AmountTintStore.swift in Sources */,
				158334C0E1DC416C00D8E574 /* AppConfig.swift in Sources */,
				55EEA242C51FB88E201BEDC2 /* Schema.swift in Sources */,
				83049527C1A65BAC6D34D8C4 /* Migrations.swift in Sources */,
				EDD06E3EDAF1FF1390643BA8 /* DatabaseManager.swift in Sources */,
				22103019B62463F148F76387 /* SQLBinder.swift in Sources */,
				7F59947E60A7885F0BDFF4A7 /* Ledger.swift in Sources */,
				B8EDF4C9E1903248152A17B7 /* Category.swift in Sources */,
				06BD86ECAF825F62D90D720D /* Record.swift in Sources */,
				88B91059851D179CB52589C2 /* VoiceSession.swift in Sources */,
				9CF298D8BB58A1D65DB09613 /* RecordRepository.swift in Sources */,
				2F868DC00F95F52AC16FB2EA /* CategoryRepository.swift in Sources */,
				E2AC212DC6209D13ECA2F628 /* LedgerRepository.swift in Sources */,
				68739D4DB4290C9637843A4A /* ScreenshotStore.swift in Sources */,
				5AE3E1B3EDD4C004092A5B36 /* DefaultSeeder.swift in Sources */,
				54C1752B65008EFE43E9A9F3 /* RecordChangeNotifier.swift in Sources */,
				AE1FDA0C88F4A1CCAB85F4F9 /* SymbolColor.swift in Sources */,
				9F0CD99F700F2091EB5E7908 /* AmountFormatter.swift in Sources */,
				B1AC32992E76D7181ACB0672 /* AmountTextStyle.swift in Sources */,
				BD51AB936393FB108AA67DE3 /* AmountInputGate.swift in Sources */,
				8DDF4F72B27F00BE6CBFFEFE /* AmountTextFieldUIKit.swift in Sources */,
				AD4A7E473A16A6C80664578B /* NoteTextFieldUIKit.swift in Sources */,
				8DB9AE5B2F1090005EA7708E /* KeyboardAccessoryToolbar.swift in Sources */,
				A5C9FAF5824D5109ED6E7CAB /* DateGrouping.swift in Sources */,
				DA22D0B0BCD40B7FDBB3FFA1 /* RecordsListViewModel.swift in Sources */,
				6A52CDCEE07F2E6C6CB76125 /* RecordsListView.swift in Sources */,
				0711BFE91870CD1DD5667F7C /* RecordRow.swift in Sources */,
				1CB5DCE058A807C259A340CB /* RecordsLayout.swift in Sources */,
				C22CEC42E030BBF01B13CE12 /* InlineStatsBar.swift in Sources */,
				122DC98E51A0846BAF51BCB9 /* EmptyRecordsView.swift in Sources */,
				B6A0CAFCEE14D3C3780448BF /* RecordGridView.swift in Sources */,
				3BE7503D5ACCAAC463EB90D4 /* NewRecordViewModel.swift in Sources */,
				B0E05DB5019A5E013A9E1AB2 /* NewRecordModal.swift in Sources */,
				08E2A33D95B46AC6E25B1FD1 /* CategoryPickerSheet.swift in Sources */,
				127135F2969704251B0370E9 /* RecordDetailViewModel.swift in Sources */,
				F3C00D4E947A29764DC835AD /* RecordDetailSheet.swift in Sources */,
				ACFF311E45AD203B8B3E756F /* CategoryListView.swift in Sources */,
				BCAC453B3282B4BE0299802B /* CategoryIconLibrary.swift in Sources */,
				0C2A1A3A38DEB45FC0160F0B /* IconPickerView.swift in Sources */,
				650FF8FC3D159D990EE2FCA5 /* OCREngine.swift in Sources */,
				175B7D3F9478FC40568E1597 /* ReceiptParser.swift in Sources */,
				C0E5EF07C178643C4F09CFA0 /* QuotaService.swift in Sources */,
				2391281872A3A9AE6F9247B7 /* OCRRouter.swift in Sources */,
				8DEC0CE7042855A9C90F5D0C /* CaptureConfirmView.swift in Sources */,
				D60B60D7B300B3DF28257F60 /* PhotoPicker.swift in Sources */,
				3C1AD27A5DED9C5BAF7431BD /* VoiceSessionRepository.swift in Sources */,
				5A6A2A02DEF0D6522F817469 /* ASREngine.swift in Sources */,
				44FA19A243A2C00A1E3EC5CA /* ASRRouter.swift in Sources */,
				3159DB3C351B4259E6A7F9AE /* AudioRecorder.swift in Sources */,
				7AB319159F571D0982333575 /* ParsedBill.swift in Sources */,
				F4EF22D66FFA9C4289138216 /* BillsLLMParser.swift in Sources */,
				A3CEE9DF6FBD7996E4482545 /* VoiceWizardViewModel.swift in Sources */,
				5AF78329CAE3343BC4443790 /* VoiceRecordingSheet.swift in Sources */,
				4D8E82497CED9357EF91F3D4 /* VoiceParsingView.swift in Sources */,
				1A1A768C5EA77ABEC8753479 /* VoiceWizardStepView.swift in Sources */,
				CBCB499F56716864C1734484 /* VoiceSummaryView.swift in Sources */,
				A4CFAA8990F8C7092E6E45EC /* VoiceWizardContainerView.swift in Sources */,
				CD94C5A9ABF4511551474DA5 /* UserSettingsRepository.swift in Sources */,
				5F5F13DE10A37B66721DCF6A /* BiometricAuthService.swift in Sources */,
				B69CB657795D715C56F574EC /* PrivacyShieldView.swift in Sources */,
				D9FB1EBC6717A3586F79273C /* BiometricLockView.swift in Sources */,
				0BC091EC96085CB892D78FFE /* SettingsView.swift in Sources */,
				2DF3B5FF47751818B1C56BF1 /* BackTapSetupView.swift in Sources */,
				DD4C920F73D9484CF6A21337 /* CoinFlowCaptureIntent.swift in Sources */,
				A0DCE5BF74EE068FFFCB1EB1 /* ScreenshotInbox.swift in Sources */,
				1B0EF7936C9AD0857AACD520 /* BillsVisionLLMClient.swift in Sources */,
				92B256431F92B90CFD497AAF /* MainTabView.swift in Sources */,
				908BA6FF158B195976EE62A9 /* HomeMainView.swift in Sources */,
				E4F66B41AB1081C0B76ADB2C /* StatsHubView.swift in Sources */,
				5F7C6EEC6112AE7367001B97 /* NotionColor.swift in Sources */,
				88949E9D908863062CC46A84 /* StatsViewModel.swift in Sources */,
				E16268E685CF63C6BB142E2D /* StatsAnalysisHostView.swift in Sources */,
				72F6CEEE020969121E940FA3 /* StatsShareCard.swift in Sources */,
				F4D2DA71D0057603ECCA14D4 /* StatsMainView.swift in Sources */,
				BE159C3DCEBBC9DAE625C639 /* StatsTrendView.swift in Sources */,
				8BCF5E1BE3BB9BB822F2E3DA /* StatsYearView.swift in Sources */,
				494E8931E9AAC35CCA39FABF /* StatsHourlyView.swift in Sources */,
				BBED9153CE91CAAC1615E129 /* StatsGaugeView.swift in Sources */,
				D371AFCF277DE93F512E6D82 /* StatsSankeyView.swift in Sources */,
				F3A7AFA738ABBE37AB71F2AE /* StatsWordCloudView.swift in Sources */,
				62737BA6BECDF9CB2CD4FD87 /* StatsBudgetView.swift in Sources */,
				201F45D1EB369C4550AF783A /* StatsAABalanceView.swift in Sources */,
				0535BA4A429230BAB3DBB641 /* StatsCategoryDetailView.swift in Sources */,
				4F45FDB5121357B382EDF15E /* LLMTextClient.swift in Sources */,
				300E9A00BE25824885052131 /* BillsPromptBuilder.swift in Sources */,
				B0A3B9206E5FE478D12851D2 /* BillsVoicePromptBuilder.swift in Sources */,
				DA1B4E3A22DE3D0AFEFF8A0F /* BillsOCRPromptBuilder.swift in Sources */,
				0820F0476738CCB61B3FF2DE /* MerchantBrand.swift in Sources */,
				66CE6E93FDD7DD0E4AAA06C3 /* MainCoordinator.swift in Sources */,
				E5106ACA4CFAAA2CF2E31466 /* OnboardingView.swift in Sources */,
				93AEB57376D21454988BADBE /* SyncStatusView.swift in Sources */,
				B6BA4562BA31A1E66243E20E /* DataImportExportView.swift in Sources */,
				C650FF921679F26592591BAB /* AppearanceSettingsView.swift in Sources */,
				5AD1B44D50080319B91C7D90 /* FeishuConfig.swift in Sources */,
				E979642D9D94FC03BF3AAE69 /* FeishuTokenManager.swift in Sources */,
				B4F93AD340D50480B7F310A5 /* FeishuBitableClient.swift in Sources */,
				D5D0D006BBA71897E8A9C1D6 /* RecordBitableMapper.swift in Sources */,
				53D029778E4F3BC17D11FE72 /* RemoteRecordPuller.swift in Sources */,
				8CDE77C36D72D2520AD6607A /* SyncQueue.swift in Sources */,
				2DA578B61BB35E978D8947B5 /* SyncLogger.swift in Sources */,
				FB906DDAF64D4D2D288589DF /* SyncTrigger.swift in Sources */,
				F50A308F7E34679DFE88160C /* AppState.swift in Sources */,
				77704693EA4DC7EFC0D73C68 /* LiquidGlassATheme.swift in Sources */,
				06F6636D98999B0797937529 /* LiquidGlassRealTheme.swift in Sources */,
				FBD226A080BD2B622A829500 /* TabBarVisibility.swift in Sources */,
				E43E1A59B11F71BCB1FD2EB5 /* InteractivePopEnabler.swift in Sources */,
				9AF5134DA06F1FC95AA6555C /* CameraPicker.swift in Sources */,
				D0DEF8D67FE9D5CFD2C531EA /* BillsSummary.swift in Sources */,
				FF6AF73FC6EE85BB46F82457 /* BillsSummaryRepository.swift in Sources */,
				E7CFA41D393A3BEEEE6F14F3 /* SummaryBitableMapper.swift in Sources */,
				6F600AFC89D394C333EDD4F9 /* PromptResource.swift in Sources */,
				F937B9B75F571F2EFA20EA87 /* BillsSummaryAggregator.swift in Sources */,
				E203B1D575A58671F7F0657B /* BillsSummaryPromptBuilder.swift in Sources */,
				A4BCCE4F1FC50278E9D3F808 /* BillsSummaryLLMClient.swift in Sources */,
				1E02BD94498BD8E85AB22070 /* BillsSummaryService.swift in Sources */,
				25CC304D8EDBA853C6F5812D /* BillsSummaryScheduler.swift in Sources */,
				8186D4EDFC5F68ABFEA2CD29 /* BillsSummaryListView.swift in Sources */,
				A7D5E4C0A1B66CC5F9A1DAEE /* SummaryFloatingCard.swift in Sources */,
				F31407A7B6FFCA23CFA060EC /* BillsSummaryPushBanner.swift in Sources */,
			);
			runOnlyForDeploymentPostprocessing = 0;
		};
/* End PBXSourcesBuildPhase section */

/* Begin PBXTargetDependency section */
		6CC1DE476C74664D0C7CB314 /* PBXTargetDependency */ = {
			isa = PBXTargetDependency;
			target = C6D775A66CCAB6B0412D93E7 /* CoinFlow */;
			targetProxy = 86E7AD869BCBAAD6E734F14B /* PBXContainerItemProxy */;
		};
/* End PBXTargetDependency section */

/* Begin XCBuildConfiguration section */
		049D621AB2022FAFB1C71C27 /* Release */ = {
			isa = XCBuildConfiguration;
			buildSettings = {
				ALWAYS_SEARCH_USER_PATHS = NO;
				CLANG_ANALYZER_NONNULL = YES;
				CLANG_CXX_LANGUAGE_STANDARD = "gnu++20";
				CLANG_ENABLE_MODULES = YES;
				CLANG_ENABLE_OBJC_ARC = YES;
				COPY_PHASE_STRIP = NO;
				DEBUG_INFORMATION_FORMAT = "dwarf-with-dsym";
				ENABLE_NS_ASSERTIONS = NO;
				ENABLE_STRICT_OBJC_MSGSEND = YES;
				ENABLE_USER_SCRIPT_SANDBOXING = NO;
				GCC_C_LANGUAGE_STANDARD = gnu17;
				GCC_NO_COMMON_BLOCKS = YES;
				IPHONEOS_DEPLOYMENT_TARGET = 16.0;
				MTL_ENABLE_DEBUG_INFO = NO;
				SDKROOT = iphoneos;
				SWIFT_COMPILATION_MODE = wholemodule;
				VALIDATE_PRODUCT = YES;
			};
			name = Release;
		};
		21565F678C70A5270B7543DC /* Debug */ = {
			isa = XCBuildConfiguration;
			buildSettings = {
				ALWAYS_SEARCH_USER_PATHS = NO;
				CLANG_ANALYZER_NONNULL = YES;
				CLANG_CXX_LANGUAGE_STANDARD = "gnu++20";
				CLANG_ENABLE_MODULES = YES;
				CLANG_ENABLE_OBJC_ARC = YES;
				COPY_PHASE_STRIP = NO;
				DEBUG_INFORMATION_FORMAT = dwarf;
				ENABLE_STRICT_OBJC_MSGSEND = YES;
				ENABLE_TESTABILITY = YES;
				ENABLE_USER_SCRIPT_SANDBOXING = NO;
				GCC_C_LANGUAGE_STANDARD = gnu17;
				GCC_DYNAMIC_NO_PIC = NO;
				GCC_NO_COMMON_BLOCKS = YES;
				GCC_OPTIMIZATION_LEVEL = 0;
				GCC_PREPROCESSOR_DEFINITIONS = (
					"DEBUG=1",
					"$(inherited)",
				);
				IPHONEOS_DEPLOYMENT_TARGET = 16.0;
				MTL_ENABLE_DEBUG_INFO = INCLUDE_SOURCE;
				ONLY_ACTIVE_ARCH = YES;
				SDKROOT = iphoneos;
				SWIFT_ACTIVE_COMPILATION_CONDITIONS = DEBUG;
				SWIFT_OPTIMIZATION_LEVEL = "-Onone";
			};
			name = Debug;
		};
		48DF2F6F72F5A65770670F70 /* Release */ = {
			isa = XCBuildConfiguration;
			buildSettings = {
				ASSETCATALOG_COMPILER_APPICON_NAME = AppIcon;
				ASSETCATALOG_COMPILER_GLOBAL_ACCENT_COLOR_NAME = AccentColor;
				CODE_SIGN_ENTITLEMENTS = CoinFlow/CoinFlow.entitlements;
				CODE_SIGN_STYLE = Automatic;
				CURRENT_PROJECT_VERSION = 1;
				DEVELOPMENT_TEAM = 2HYS3K22DG;
				ENABLE_PREVIEWS = YES;
				GENERATE_INFOPLIST_FILE = YES;
				INFOPLIST_KEY_CFBundleLocalizations = "zh-Hans en";
				INFOPLIST_KEY_NSCameraUsageDescription = "用于拍摄账单小票并识别金额分类（未来版本启用）。";
				INFOPLIST_KEY_NSFaceIDUsageDescription = "启用 Face ID 启动鉴权后，App 冷启动时需要您验证身份才能查看流水。";
				INFOPLIST_KEY_NSMicrophoneUsageDescription = "用于录制您口述的账单内容；音频识别完成即从设备删除，不上传到服务器。";
				INFOPLIST_KEY_NSPhotoLibraryUsageDescription = "用于从相册选择账单截图进行识别（未来版本启用）。";
				INFOPLIST_KEY_NSSpeechRecognitionUsageDescription = "用于将您的语音转写为账单文字；转写结果仅保存在您的本地加密数据库。";
				INFOPLIST_KEY_UIApplicationSceneManifest_Generation = YES;
				INFOPLIST_KEY_UIApplicationSupportsIndirectInputEvents = YES;
				INFOPLIST_KEY_UIBackgroundModes = "remote-notification";
				INFOPLIST_KEY_UILaunchScreen_Generation = YES;
				INFOPLIST_KEY_UISupportedInterfaceOrientations_iPad = "UIInterfaceOrientationPortrait UIInterfaceOrientationPortraitUpsideDown UIInterfaceOrientationLandscapeLeft UIInterfaceOrientationLandscapeRight";
				INFOPLIST_KEY_UISupportedInterfaceOrientations_iPhone = "UIInterfaceOrientationPortrait UIInterfaceOrientationLandscapeLeft UIInterfaceOrientationLandscapeRight";
				LD_RUNPATH_SEARCH_PATHS = (
					"$(inherited)",
					"@executable_path/Frameworks",
				);
				MARKETING_VERSION = 1.0;
				PRODUCT_BUNDLE_IDENTIFIER = com.lemolli.coinflow.app;
				PRODUCT_NAME = "$(TARGET_NAME)";
				SWIFT_EMIT_LOC_STRINGS = YES;
				SWIFT_VERSION = 5.9;
				TARGETED_DEVICE_FAMILY = "1,2";
			};
			name = Release;
		};
		A3D41A650FD21E00C7F33C2C /* Debug */ = {
			isa = XCBuildConfiguration;
			buildSettings = {
				BUNDLE_LOADER = "$(TEST_HOST)";
				CODE_SIGN_STYLE = Automatic;
				CURRENT_PROJECT_VERSION = 1;
				GENERATE_INFOPLIST_FILE = YES;
				IPHONEOS_DEPLOYMENT_TARGET = 16.0;
				MARKETING_VERSION = 1.0;
				PRODUCT_BUNDLE_IDENTIFIER = com.lemolli.coinflow.app.tests;
				PRODUCT_NAME = "$(TARGET_NAME)";
				SWIFT_EMIT_LOC_STRINGS = NO;
				SWIFT_VERSION = 5.9;
				TARGETED_DEVICE_FAMILY = "1,2";
				TEST_HOST = "$(BUILT_PRODUCTS_DIR)/CoinFlow.app/$(BUNDLE_EXECUTABLE_FOLDER_PATH)/CoinFlow";
			};
			name = Debug;
		};
		C1F546F1E81F5AF4078053B3 /* Debug */ = {
			isa = XCBuildConfiguration;
			buildSettings = {
				ASSETCATALOG_COMPILER_APPICON_NAME = AppIcon;
				ASSETCATALOG_COMPILER_GLOBAL_ACCENT_COLOR_NAME = AccentColor;
				CODE_SIGN_ENTITLEMENTS = CoinFlow/CoinFlow.entitlements;
				CODE_SIGN_STYLE = Automatic;
				CURRENT_PROJECT_VERSION = 1;
				DEVELOPMENT_TEAM = 2HYS3K22DG;
				ENABLE_PREVIEWS = YES;
				GENERATE_INFOPLIST_FILE = YES;
				INFOPLIST_KEY_CFBundleLocalizations = "zh-Hans en";
				INFOPLIST_KEY_NSCameraUsageDescription = "用于拍摄账单小票并识别金额分类（未来版本启用）。";
				INFOPLIST_KEY_NSFaceIDUsageDescription = "启用 Face ID 启动鉴权后，App 冷启动时需要您验证身份才能查看流水。";
				INFOPLIST_KEY_NSMicrophoneUsageDescription = "用于录制您口述的账单内容；音频识别完成即从设备删除，不上传到服务器。";
				INFOPLIST_KEY_NSPhotoLibraryUsageDescription = "用于从相册选择账单截图进行识别（未来版本启用）。";
				INFOPLIST_KEY_NSSpeechRecognitionUsageDescription = "用于将您的语音转写为账单文字；转写结果仅保存在您的本地加密数据库。";
				INFOPLIST_KEY_UIApplicationSceneManifest_Generation = YES;
				INFOPLIST_KEY_UIApplicationSupportsIndirectInputEvents = YES;
				INFOPLIST_KEY_UIBackgroundModes = "remote-notification";
				INFOPLIST_KEY_UILaunchScreen_Generation = YES;
				INFOPLIST_KEY_UISupportedInterfaceOrientations_iPad = "UIInterfaceOrientationPortrait UIInterfaceOrientationPortraitUpsideDown UIInterfaceOrientationLandscapeLeft UIInterfaceOrientationLandscapeRight";
				INFOPLIST_KEY_UISupportedInterfaceOrientations_iPhone = "UIInterfaceOrientationPortrait UIInterfaceOrientationLandscapeLeft UIInterfaceOrientationLandscapeRight";
				LD_RUNPATH_SEARCH_PATHS = (
					"$(inherited)",
					"@executable_path/Frameworks",
				);
				MARKETING_VERSION = 1.0;
				PRODUCT_BUNDLE_IDENTIFIER = com.lemolli.coinflow.app;
				PRODUCT_NAME = "$(TARGET_NAME)";
				SWIFT_EMIT_LOC_STRINGS = YES;
				SWIFT_VERSION = 5.9;
				TARGETED_DEVICE_FAMILY = "1,2";
			};
			name = Debug;
		};
		DA465597003D7343529A9F07 /* Release */ = {
			isa = XCBuildConfiguration;
			buildSettings = {
				BUNDLE_LOADER = "$(TEST_HOST)";
				CODE_SIGN_STYLE = Automatic;
				CURRENT_PROJECT_VERSION = 1;
				GENERATE_INFOPLIST_FILE = YES;
				IPHONEOS_DEPLOYMENT_TARGET = 16.0;
				MARKETING_VERSION = 1.0;
				PRODUCT_BUNDLE_IDENTIFIER = com.lemolli.coinflow.app.tests;
				PRODUCT_NAME = "$(TARGET_NAME)";
				SWIFT_EMIT_LOC_STRINGS = NO;
				SWIFT_VERSION = 5.9;
				TARGETED_DEVICE_FAMILY = "1,2";
				TEST_HOST = "$(BUILT_PRODUCTS_DIR)/CoinFlow.app/$(BUNDLE_EXECUTABLE_FOLDER_PATH)/CoinFlow";
			};
			name = Release;
		};
/* End XCBuildConfiguration section */

/* Begin XCConfigurationList section */
		34723EDD1D7CBC3C44B3D12D /* Build configuration list for PBXNativeTarget "CoinFlowTests" */ = {
			isa = XCConfigurationList;
			buildConfigurations = (
				A3D41A650FD21E00C7F33C2C /* Debug */,
				DA465597003D7343529A9F07 /* Release */,
			);
			defaultConfigurationIsVisible = 0;
			defaultConfigurationName = Release;
		};
		52E2FF09F018D278A370ED53 /* Build configuration list for PBXNativeTarget "CoinFlow" */ = {
			isa = XCConfigurationList;
			buildConfigurations = (
				C1F546F1E81F5AF4078053B3 /* Debug */,
				48DF2F6F72F5A65770670F70 /* Release */,
			);
			defaultConfigurationIsVisible = 0;
			defaultConfigurationName = Release;
		};
		622CAF0BAD6D6A7AE827AB1F /* Build configuration list for PBXProject "CoinFlow" */ = {
			isa = XCConfigurationList;
			buildConfigurations = (
				21565F678C70A5270B7543DC /* Debug */,
				049D621AB2022FAFB1C71C27 /* Release */,
			);
			defaultConfigurationIsVisible = 0;
			defaultConfigurationName = Release;
		};
/* End XCConfigurationList section */

/* Begin XCRemoteSwiftPackageReference section */
		5EE3F8AC1805BA5BB57EF22F /* XCRemoteSwiftPackageReference "GRDB" */ = {
			isa = XCRemoteSwiftPackageReference;
			repositoryURL = "https://github.com/groue/GRDB.swift";
			requirement = {
				kind = upToNextMajorVersion;
				minimumVersion = 6.29.0;
			};
		};
		6C1F1798430B1B63958CAFAD /* XCRemoteSwiftPackageReference "swift-markdown-ui" */ = {
			isa = XCRemoteSwiftPackageReference;
			repositoryURL = "https://github.com/gonzalezreal/swift-markdown-ui";
			requirement = {
				kind = upToNextMajorVersion;
				minimumVersion = 2.4.1;
			};
		};
		9C8DE931C916FF7695D3B1C5 /* XCRemoteSwiftPackageReference "SQLCipher" */ = {
			isa = XCRemoteSwiftPackageReference;
			repositoryURL = "https://github.com/sqlcipher/SQLCipher.swift";
			requirement = {
				kind = upToNextMajorVersion;
				minimumVersion = 4.10.0;
			};
		};
/* End XCRemoteSwiftPackageReference section */

/* Begin XCSwiftPackageProductDependency section */
		33B77EDAEDA0DC7683746171 /* MarkdownUI */ = {
			isa = XCSwiftPackageProductDependency;
			package = 6C1F1798430B1B63958CAFAD /* XCRemoteSwiftPackageReference "swift-markdown-ui" */;
			productName = MarkdownUI;
		};
		6E66EE7CA5B4D0EB9DF50693 /* GRDB */ = {
			isa = XCSwiftPackageProductDependency;
			package = 5EE3F8AC1805BA5BB57EF22F /* XCRemoteSwiftPackageReference "GRDB" */;
			productName = GRDB;
		};
		71FCD54B2F492CF9A33A6B28 /* SQLCipher */ = {
			isa = XCSwiftPackageProductDependency;
			package = 9C8DE931C916FF7695D3B1C5 /* XCRemoteSwiftPackageReference "SQLCipher" */;
			productName = SQLCipher;
		};
/* End XCSwiftPackageProductDependency section */
	};
	rootObject = 94599E0A414859AA116475BA /* Project object */;
}
