// !$*UTF8*$!
{
	archiveVersion = 1;
	classes = {
	};
	objectVersion = 60;
	objects = {

/* Begin PBXBuildFile section */
		01AFB147EE709364B1CE7E1B /* BillsOCRPromptBuilder.swift in Sources */ = {isa = PBXBuildFile; fileRef = 7F4AC91845892BBBB1C853D5 /* BillsOCRPromptBuilder.swift */; };
		08A350CEB1179E8AECC6FB64 /* StatsYearView.swift in Sources */ = {isa = PBXBuildFile; fileRef = 0CD579EF8809E472629F7EE9 /* StatsYearView.swift */; };
		0B2F53899908BAA728EF3A30 /* SyncTrigger.swift in Sources */ = {isa = PBXBuildFile; fileRef = 8F6D5D9E2A6593F27075EFEF /* SyncTrigger.swift */; };
		0C2DF17A8B88E7F04115C834 /* Record.swift in Sources */ = {isa = PBXBuildFile; fileRef = 3EF0E9942FFDCC02147B6504 /* Record.swift */; };
		135F17264BEBC27005A03CC7 /* VoiceWizardViewModel.swift in Sources */ = {isa = PBXBuildFile; fileRef = A266694D87EBBF2FC1B1ECB5 /* VoiceWizardViewModel.swift */; };
		1660C7F3CE89280E502AB5BA /* SummaryFloatingCard.swift in Sources */ = {isa = PBXBuildFile; fileRef = E43366F47299DC8E1C1ADDF9 /* SummaryFloatingCard.swift */; };
		17CB8937B7FA5C64583AFFA9 /* SyncStatusView.swift in Sources */ = {isa = PBXBuildFile; fileRef = 163BABCCA7B351EDA19A34CA /* SyncStatusView.swift */; };
		1B94491A75AB5EDB70B39909 /* MainTabView.swift in Sources */ = {isa = PBXBuildFile; fileRef = 7B3ACB75CBAC90828B734195 /* MainTabView.swift */; };
		1E400A054A21FF1504E988D6 /* StatsAABalanceView.swift in Sources */ = {isa = PBXBuildFile; fileRef = F99CEFA34A5B42E3D680AD5E /* StatsAABalanceView.swift */; };
		212E81F71F0E2FEFD4C23BF2 /* Config.example.plist in Resources */ = {isa = PBXBuildFile; fileRef = D24702BA4E4746D3C3FA7FD8 /* Config.example.plist */; };
		22758A0244968916BB65783A /* QuotaService.swift in Sources */ = {isa = PBXBuildFile; fileRef = F0284CEAEE4B9A47D690C98D /* QuotaService.swift */; };
		2345D694E2496F238C550976 /* AmountFormatter.swift in Sources */ = {isa = PBXBuildFile; fileRef = 0A7EBBBD3771D9253A63E684 /* AmountFormatter.swift */; };
		2607DDF2B303322A180FFE0D /* StatsWordCloudView.swift in Sources */ = {isa = PBXBuildFile; fileRef = 63EC4C03F37F1628AC58B742 /* StatsWordCloudView.swift */; };
		2769EB50A3DAC7D7B3341B2F /* DatabaseManager.swift in Sources */ = {isa = PBXBuildFile; fileRef = 6C8A85F857D54295A5E0F31E /* DatabaseManager.swift */; };
		2B428A3C6DA6265AA84EE2DB /* Migrations.swift in Sources */ = {isa = PBXBuildFile; fileRef = C59B21E1E52BA3D07D5AD18A /* Migrations.swift */; };
		32F47F6C48195F86BF02FC9E /* DefaultSeeder.swift in Sources */ = {isa = PBXBuildFile; fileRef = 73530C975D775ECF87397DDA /* DefaultSeeder.swift */; };
		33B776FFA8415E29DAA7AA34 /* CategoryIconLibraryTests.swift in Sources */ = {isa = PBXBuildFile; fileRef = EA07C71B2E9327BC0DFF2C75 /* CategoryIconLibraryTests.swift */; };
		3425D9C7765F294EC18455E9 /* UserSettingsRepository.swift in Sources */ = {isa = PBXBuildFile; fileRef = 6F299E8954A37A5F14BFD665 /* UserSettingsRepository.swift */; };
		3671C458D1E17EA3994D17BC /* KeyboardDoneToolbar.swift in Sources */ = {isa = PBXBuildFile; fileRef = 5962EE9FF0B03B49661DCF60 /* KeyboardDoneToolbar.swift */; };
		3A493665129FCC4B046D39CF /* OCRRouter.swift in Sources */ = {isa = PBXBuildFile; fileRef = 033B1442256D246B302BD723 /* OCRRouter.swift */; };
		3A4DE98AAF5A610D087CD8F1 /* MainCoordinator.swift in Sources */ = {isa = PBXBuildFile; fileRef = 1B2278F92C863B33F5193AF2 /* MainCoordinator.swift */; };
		3B07D57B2E7AEE36FB4C5A58 /* NotionColor.swift in Sources */ = {isa = PBXBuildFile; fileRef = E850B2518951E7C72E6F02D0 /* NotionColor.swift */; };
		3C5DF0E596A4DAE454DEAB97 /* SyncQueue.swift in Sources */ = {isa = PBXBuildFile; fileRef = 2C418F9D91AF577874F4C39C /* SyncQueue.swift */; };
		3F3A0E4DB24267177BE09B7E /* BackTapSetupView.swift in Sources */ = {isa = PBXBuildFile; fileRef = C151936C74C7A3D241A7F8D1 /* BackTapSetupView.swift */; };
		40C99DB6C269241FDABB9199 /* Assets.xcassets in Resources */ = {isa = PBXBuildFile; fileRef = 765E8B719663CFC280F9855D /* Assets.xcassets */; };
		410ECD36FBBCC8A8907D120E /* InteractivePopEnabler.swift in Sources */ = {isa = PBXBuildFile; fileRef = 1468F224029C684F959C15B7 /* InteractivePopEnabler.swift */; };
		4262D08366C17C3CE77293DE /* FeishuConfig.swift in Sources */ = {isa = PBXBuildFile; fileRef = DF798C0A09D3B2B400B46449 /* FeishuConfig.swift */; };
		431CB5F611EC1D153906DDEB /* SummaryBitableMapper.swift in Sources */ = {isa = PBXBuildFile; fileRef = B508B7D860C8D6ED4DF72EE5 /* SummaryBitableMapper.swift */; };
		45A5351D349CB3F269331CC6 /* Category.swift in Sources */ = {isa = PBXBuildFile; fileRef = DCC8B77DFD7266AFA7E24D79 /* Category.swift */; };
		495C49A8CB3DA74E6CCFDFA5 /* HomeMainView.swift in Sources */ = {isa = PBXBuildFile; fileRef = 9D17953E8BE2C4C9074BA52A /* HomeMainView.swift */; };
		4A330CBC747A2483AB2681B3 /* ASREngine.swift in Sources */ = {isa = PBXBuildFile; fileRef = F45287307CB61398FC10DBEA /* ASREngine.swift */; };
		4E2038D99E38A6E1A2C559F7 /* VoiceParsingView.swift in Sources */ = {isa = PBXBuildFile; fileRef = A5FC79E9FF521D68F06097A7 /* VoiceParsingView.swift */; };
		529640B79AA6C7DB28A21900 /* MerchantBrand.swift in Sources */ = {isa = PBXBuildFile; fileRef = 345B6F65E199269F4862A9CE /* MerchantBrand.swift */; };
		5418731D56617B858F6AF733 /* CategoryPickerSheet.swift in Sources */ = {isa = PBXBuildFile; fileRef = 003918C1CB843BB89FD62B1D /* CategoryPickerSheet.swift */; };
		54A82D42FD68C550A3073D44 /* StatsHubView.swift in Sources */ = {isa = PBXBuildFile; fileRef = 438CF12A6987CC8F59200BDC /* StatsHubView.swift */; };
		559470CD518F8264E7589344 /* OnboardingView.swift in Sources */ = {isa = PBXBuildFile; fileRef = 358FAE2329D177AECDD20C01 /* OnboardingView.swift */; };
		55C0CE316FEDC3671A4A0A2C /* BillsVoicePromptBuilder.swift in Sources */ = {isa = PBXBuildFile; fileRef = 1294AF6DC59A3A5A47EDBB52 /* BillsVoicePromptBuilder.swift */; };
		5879BB984B7FBD4C7332B4B5 /* LLMTextClient.swift in Sources */ = {isa = PBXBuildFile; fileRef = 70BAF3D534D3E74D57905545 /* LLMTextClient.swift */; };
		5A8A1362181E8698EA52398C /* VoiceWizardContainerView.swift in Sources */ = {isa = PBXBuildFile; fileRef = 4DCF5048AD3B8D0917D2B685 /* VoiceWizardContainerView.swift */; };
		615DA233C689ED8FA4F1C9C4 /* RecordsListView.swift in Sources */ = {isa = PBXBuildFile; fileRef = A8398E88FEB9DB4BEADFDA44 /* RecordsListView.swift */; };
		618EFC44327E374145CF9518 /* GRDB in Frameworks */ = {isa = PBXBuildFile; productRef = 4434CB490AE4307EA821B61B /* GRDB */; };
		664AE282D2332F1D66D0B913 /* CoinFlowCaptureIntent.swift in Sources */ = {isa = PBXBuildFile; fileRef = 524148981870F8120AF14E31 /* CoinFlowCaptureIntent.swift */; };
		67B88DD3F9AD38A42E50C5EE /* ReceiptParser.swift in Sources */ = {isa = PBXBuildFile; fileRef = 0FEE50B332EA6DB336BFD8E5 /* ReceiptParser.swift */; };
		68DDDA5D7B8C598C455256A5 /* IconPickerView.swift in Sources */ = {isa = PBXBuildFile; fileRef = C1C703A567CCFF134D89D08A /* IconPickerView.swift */; };
		6D08851E33455324D994A780 /* RecordsLayout.swift in Sources */ = {isa = PBXBuildFile; fileRef = 579956D44B0C83451112C6C6 /* RecordsLayout.swift */; };
		6D8219ACF0591B28DD40DFC4 /* StatsGaugeView.swift in Sources */ = {isa = PBXBuildFile; fileRef = 599D95439023E5554740EEA8 /* StatsGaugeView.swift */; };
		6DC49F2EFBC696DF440A7C2A /* CategoryListView.swift in Sources */ = {isa = PBXBuildFile; fileRef = 68EF01AF6D9F6A814C8886FD /* CategoryListView.swift */; };
		6EE17AA718BBB76410964296 /* BillsSummaryLLMClient.swift in Sources */ = {isa = PBXBuildFile; fileRef = FA94D6AA7D488CEFCD4DB06D /* BillsSummaryLLMClient.swift */; };
		6FE36CE91EC381485B836C19 /* BillsSummaryPushBanner.swift in Sources */ = {isa = PBXBuildFile; fileRef = ABDEE5B639426CCA459F4BC8 /* BillsSummaryPushBanner.swift */; };
		715DA1B98686927E05D3F4A9 /* BillsSummaryPromptBuilder.swift in Sources */ = {isa = PBXBuildFile; fileRef = 2207CB18E839CDEA1905F84F /* BillsSummaryPromptBuilder.swift */; };
		74930D51C31CB8FB0F3B6813 /* Schema.swift in Sources */ = {isa = PBXBuildFile; fileRef = 9DAA6B81DE550042C0210B5E /* Schema.swift */; };
		7572B1FCAF816D77875BED9D /* StatsCategoryDetailView.swift in Sources */ = {isa = PBXBuildFile; fileRef = 83ADE4F85694FD1EF2B2B695 /* StatsCategoryDetailView.swift */; };
		762E315F7A2705C04629BAEA /* AudioRecorder.swift in Sources */ = {isa = PBXBuildFile; fileRef = 8EF2377DDCA90A0038FEF029 /* AudioRecorder.swift */; };
		763EBCA9B8D228A74AC20FA8 /* TabBarVisibility.swift in Sources */ = {isa = PBXBuildFile; fileRef = 149AA36F0A0271900809864F /* TabBarVisibility.swift */; };
		7752633606E1B19ABFD0A552 /* BillsSummaryRepository.swift in Sources */ = {isa = PBXBuildFile; fileRef = 0ABF856F5FDCD2BD040FD981 /* BillsSummaryRepository.swift */; };
		79E831EAE3E83F84550547C8 /* AmountTintStore.swift in Sources */ = {isa = PBXBuildFile; fileRef = 4298B7AC9F186F2211BC25F0 /* AmountTintStore.swift */; };
		7B9B70911C612C7EBE755BFF /* StatsAnalysisHostView.swift in Sources */ = {isa = PBXBuildFile; fileRef = 6ED0571373047E1C8378D3B5 /* StatsAnalysisHostView.swift */; };
		80924BD71CA127A23C0EBF77 /* BiometricLockView.swift in Sources */ = {isa = PBXBuildFile; fileRef = 5769CB0E1D0382FDFD2938A7 /* BiometricLockView.swift */; };
		82D5921824C7D08B761D8E44 /* ScreenshotStore.swift in Sources */ = {isa = PBXBuildFile; fileRef = DC6B5D6D69486166A7FE06B4 /* ScreenshotStore.swift */; };
		89727E66F5BD3F871C041571 /* RecordDetailViewModel.swift in Sources */ = {isa = PBXBuildFile; fileRef = 16E777CA979420C3BD06F7F3 /* RecordDetailViewModel.swift */; };
		8AEE4137DE651D82439E19D1 /* LedgerRepository.swift in Sources */ = {isa = PBXBuildFile; fileRef = 44447E4750F277CC2A3D3188 /* LedgerRepository.swift */; };
		8C12D10556B36BE48909FA71 /* SQLBinder.swift in Sources */ = {isa = PBXBuildFile; fileRef = 50ACF08C4475313072FE3CD6 /* SQLBinder.swift */; };
		8C3B8272F46C137164FCDCDA /* BillsLLMParser.swift in Sources */ = {isa = PBXBuildFile; fileRef = 435417A895949D43EC7FC13C /* BillsLLMParser.swift */; };
		8CCAEECACB14C781352342BC /* ScreenshotInbox.swift in Sources */ = {isa = PBXBuildFile; fileRef = 0F03887D277658C16D468A2B /* ScreenshotInbox.swift */; };
		916462DEF7181F33053690F0 /* BillsSummary.system.md in Resources */ = {isa = PBXBuildFile; fileRef = 4149B0FF8BEDE3A5CEC21607 /* BillsSummary.system.md */; };
		92C7FD57DA423F6EA3A28CDC /* LiquidGlassATheme.swift in Sources */ = {isa = PBXBuildFile; fileRef = C083CD9837E5C6DDE4EE910A /* LiquidGlassATheme.swift */; };
		963F8B8176164565E476878F /* StatsSankeyView.swift in Sources */ = {isa = PBXBuildFile; fileRef = 2E83F82A5D3F52111250FBAA /* StatsSankeyView.swift */; };
		96F11769EEE5C09A7208B6EC /* RecordBitableMapper.swift in Sources */ = {isa = PBXBuildFile; fileRef = 7B2B00039D56C7F31F46F3F1 /* RecordBitableMapper.swift */; };
		9751389DE37F7204E40FDA96 /* CaptureConfirmView.swift in Sources */ = {isa = PBXBuildFile; fileRef = 49C67F6DE932279DBB22003B /* CaptureConfirmView.swift */; };
		99BAB78900C7648BF7709E89 /* RecordBitableMapperTests.swift in Sources */ = {isa = PBXBuildFile; fileRef = 9CB351A0583EE36B4E5F4758 /* RecordBitableMapperTests.swift */; };
		9A0977D61A8599447A0AC3F9 /* BillsSummaryListView.swift in Sources */ = {isa = PBXBuildFile; fileRef = D2CBFA7E293B80B0E9D8EB5A /* BillsSummaryListView.swift */; };
		9A5C78FA884DDFA5B4EC569B /* OCREngine.swift in Sources */ = {isa = PBXBuildFile; fileRef = CC00593EFEA21F4F104477E1 /* OCREngine.swift */; };
		9C35F30A53F57ACA1F0C3B43 /* AppState.swift in Sources */ = {isa = PBXBuildFile; fileRef = E0A0BA622FCD2A4E0DE7FC9B /* AppState.swift */; };
		9C5382E94CC455481FE10065 /* PrivacyShieldView.swift in Sources */ = {isa = PBXBuildFile; fileRef = FBB42AE358837C96892A2B19 /* PrivacyShieldView.swift */; };
		9ED535EF85EFA6C472791B32 /* CameraPicker.swift in Sources */ = {isa = PBXBuildFile; fileRef = 6BC75924B9864B7D710C590F /* CameraPicker.swift */; };
		A0DE24D09467D0F19091AA0D /* FeishuTokenManager.swift in Sources */ = {isa = PBXBuildFile; fileRef = 4A4F700B7E0F233E4D59DC33 /* FeishuTokenManager.swift */; };
		A4B1313B2313F719A3F06AEF /* EmptyRecordsView.swift in Sources */ = {isa = PBXBuildFile; fileRef = 384648547FA0D97B7285DC9E /* EmptyRecordsView.swift */; };
		A5B57BBF6FB800043218ECC0 /* SyncQueueBackoffTests.swift in Sources */ = {isa = PBXBuildFile; fileRef = B5B04065830AAF01909DB884 /* SyncQueueBackoffTests.swift */; };
		A97456A4E3C44CAF27814F3E /* BiometricAuthService.swift in Sources */ = {isa = PBXBuildFile; fileRef = 8F73FFBD4B43B80F3FC5EE8C /* BiometricAuthService.swift */; };
		AAC14266F640C202745610E5 /* AppearanceSettingsView.swift in Sources */ = {isa = PBXBuildFile; fileRef = D68C8D8A4BE8E08CB5C28A56 /* AppearanceSettingsView.swift */; };
		AAE07A7DD111F34E0A2061BC /* StatsBudgetView.swift in Sources */ = {isa = PBXBuildFile; fileRef = 70AF5DC990A88DAFDE391ECC /* StatsBudgetView.swift */; };
		AB1500DD0BF1AC045B070D5C /* SyncStateMachineTests.swift in Sources */ = {isa = PBXBuildFile; fileRef = 1CF168617B53BC2ACE2AA03E /* SyncStateMachineTests.swift */; };
		AB3DB6EBB62485C5416C61F7 /* RecordRepository.swift in Sources */ = {isa = PBXBuildFile; fileRef = 9AC9F21013799A3A4DB8CFEF /* RecordRepository.swift */; };
		AD550D3416051A1676FCB245 /* Ledger.swift in Sources */ = {isa = PBXBuildFile; fileRef = 623850955B1544034206BE6F /* Ledger.swift */; };
		AEAD1CA0A56E1B3DCF780B7B /* CoinFlowApp.swift in Sources */ = {isa = PBXBuildFile; fileRef = 655F11BDA3F1DAA116217F4F /* CoinFlowApp.swift */; };
		AF106C679E579F42AEF940AC /* VoiceSession.swift in Sources */ = {isa = PBXBuildFile; fileRef = 9B4557B4F94A0D9E7DBF501E /* VoiceSession.swift */; };
		AF9BBF50BA6A01DBA4A63247 /* NewRecordViewModel.swift in Sources */ = {isa = PBXBuildFile; fileRef = 7CBE5C55837601B87370C6C6 /* NewRecordViewModel.swift */; };
		AFD73344134CE45ECF38D902 /* PhotoPicker.swift in Sources */ = {isa = PBXBuildFile; fileRef = 6DC57DE9A83AAAB2FA1CE0FE /* PhotoPicker.swift */; };
		B6348A1EF16A8F8C23A84B47 /* ASRRouter.swift in Sources */ = {isa = PBXBuildFile; fileRef = 3CDC798F514571DCD5B515F9 /* ASRRouter.swift */; };
		B6AA84C4BCF28EF934230844 /* NotionFont.swift in Sources */ = {isa = PBXBuildFile; fileRef = B9E927113CB1BF72639E8E50 /* NotionFont.swift */; };
		B759D0F1DD878EE235208416 /* NotionTheme.swift in Sources */ = {isa = PBXBuildFile; fileRef = 307C077F65FF3DAEA2D73AEB /* NotionTheme.swift */; };
		B78F6C1617DD5C535102FD8C /* ParsedBill.swift in Sources */ = {isa = PBXBuildFile; fileRef = 54AC3AA823D5DD70129C3AF7 /* ParsedBill.swift */; };
		B793D8C2B4AA168F31037C04 /* AppConfig.swift in Sources */ = {isa = PBXBuildFile; fileRef = E0AD5DD034F8B5EEEC7E3BE9 /* AppConfig.swift */; };
		BCB7DD79BB842894D909D40C /* StatsViewModel.swift in Sources */ = {isa = PBXBuildFile; fileRef = 8E76596448202A897F0F1413 /* StatsViewModel.swift */; };
		BDF8F90359F771F58F1C7F14 /* SyncLogger.swift in Sources */ = {isa = PBXBuildFile; fileRef = A2F91BF2BE6AE79073EC77B8 /* SyncLogger.swift */; };
		BFB8334C5E54589E6B8902CA /* FeishuTokenManagerTests.swift in Sources */ = {isa = PBXBuildFile; fileRef = BBEFD2793C715ACC0BE221A1 /* FeishuTokenManagerTests.swift */; };
		C2458A46371D2910C6B1A076 /* VoiceSessionRepository.swift in Sources */ = {isa = PBXBuildFile; fileRef = 516D938F1E6DE8F940D33FA7 /* VoiceSessionRepository.swift */; };
		C41964C1F6BD66DE7225E8C0 /* SettingsView.swift in Sources */ = {isa = PBXBuildFile; fileRef = 3F2AD40A1C027094678EB0DB /* SettingsView.swift */; };
		C4BEC18E9B17726CB2F700E0 /* SymbolColor.swift in Sources */ = {isa = PBXBuildFile; fileRef = 816B24A0E9A5FB2E0BD6368C /* SymbolColor.swift */; };
		C9F1FA7E33D3D6C8A43B5259 /* BillsPromptBuilder.swift in Sources */ = {isa = PBXBuildFile; fileRef = 3BF3D0FF81F6FD34E5CB0B4B /* BillsPromptBuilder.swift */; };
		CCA3FCE8B33CEC551EF86B88 /* RecordGridView.swift in Sources */ = {isa = PBXBuildFile; fileRef = 0D248C04424EF3252822B9D7 /* RecordGridView.swift */; };
		CDED64DC13281298B1ECD646 /* BillsSummaryAggregator.swift in Sources */ = {isa = PBXBuildFile; fileRef = F5A2F9A11438EC7A055CC8E7 /* BillsSummaryAggregator.swift */; };
		D1AD6BBE6B6C412A7E482AB8 /* BillsVisionLLMClient.swift in Sources */ = {isa = PBXBuildFile; fileRef = 624957A1B42B4A6DFFF914E0 /* BillsVisionLLMClient.swift */; };
		D4455F94E353D21A357CF03F /* MarkdownUI in Frameworks */ = {isa = PBXBuildFile; productRef = 1D183A57ADC3647EC4BA0F2F /* MarkdownUI */; };
		D89421F37894CA0A1118B0C8 /* VoiceSummaryView.swift in Sources */ = {isa = PBXBuildFile; fileRef = D94DD19A771A885DDCCAB3F0 /* VoiceSummaryView.swift */; };
		DE82D6D09F50C5EC708FA775 /* FeishuBitableClient.swift in Sources */ = {isa = PBXBuildFile; fileRef = BC7E3CEEE8CE2E44E146EB6D /* FeishuBitableClient.swift */; };
		E08E8487E0CEF532ED313934 /* PromptResource.swift in Sources */ = {isa = PBXBuildFile; fileRef = 2120A51128E9A5108BDE5553 /* PromptResource.swift */; };
		E431CFEA52CE9906FCFC0488 /* RecordsListViewModel.swift in Sources */ = {isa = PBXBuildFile; fileRef = 91931019BCC744C01CA37FFC /* RecordsListViewModel.swift */; };
		E77E52E862729FF75EFE884D /* InlineStatsBar.swift in Sources */ = {isa = PBXBuildFile; fileRef = 668B4581A1B53503CFA7B2C0 /* InlineStatsBar.swift */; };
		E81D59BAAF917392738656B9 /* Config.plist in Resources */ = {isa = PBXBuildFile; fileRef = 5E6EA94AA482E29FBCEA96AA /* Config.plist */; };
		E87309242D70DF872A971478 /* BillsSummary.swift in Sources */ = {isa = PBXBuildFile; fileRef = 2A6BC801B6D015AB8F69EA33 /* BillsSummary.swift */; };
		E9D94DDFA94D9382DFC0FAF2 /* StatsMainView.swift in Sources */ = {isa = PBXBuildFile; fileRef = 5EF333E18C098DCF66226B8D /* StatsMainView.swift */; };
		EAEC9C56E6003C056B3434CA /* VoiceRecordingSheet.swift in Sources */ = {isa = PBXBuildFile; fileRef = 9712ADD3783E4D1116E536F8 /* VoiceRecordingSheet.swift */; };
		EB2175D0929F024C7AB211BB /* RecordRow.swift in Sources */ = {isa = PBXBuildFile; fileRef = 18AA1174BD2839DD9ACDA36B /* RecordRow.swift */; };
		ED8D6A49742B925F542B7EAF /* RecordDetailSheet.swift in Sources */ = {isa = PBXBuildFile; fileRef = 3C4A162FEAB9788C4F0BCFC8 /* RecordDetailSheet.swift */; };
		F163BA4356AD60904BF10AB0 /* CategoryIconLibrary.swift in Sources */ = {isa = PBXBuildFile; fileRef = 78608FEDD233159527972466 /* CategoryIconLibrary.swift */; };
		F28126FAB99480F5DA93BFD7 /* NotionTheme+Aliases.swift in Sources */ = {isa = PBXBuildFile; fileRef = FCF6945B087D9A17678D6ACB /* NotionTheme+Aliases.swift */; };
		F5423DDD1A94540295F159F3 /* BillsSummaryService.swift in Sources */ = {isa = PBXBuildFile; fileRef = 088FB5B4D215F690E33913C2 /* BillsSummaryService.swift */; };
		F5ADE8BBB2B5FCB6E7E22EAF /* StatsHourlyView.swift in Sources */ = {isa = PBXBuildFile; fileRef = 36042C21CEEFF26A302677FD /* StatsHourlyView.swift */; };
		F5DFECE59997488434C0FC73 /* RemoteRecordPuller.swift in Sources */ = {isa = PBXBuildFile; fileRef = 36F092FD86DA2A3D624B4352 /* RemoteRecordPuller.swift */; };
		F6E0A9BB4781D967B3D36219 /* SQLCipher in Frameworks */ = {isa = PBXBuildFile; productRef = FFED60C985FB607998AF88B0 /* SQLCipher */; };
		F757375341B907D9D13A50CF /* NewRecordModal.swift in Sources */ = {isa = PBXBuildFile; fileRef = 92C5C59AF8411E08E270C2D9 /* NewRecordModal.swift */; };
		F7E3A35505FE9DF8F932917F /* RecordChangeNotifier.swift in Sources */ = {isa = PBXBuildFile; fileRef = EADA7C87AF39880F18C4EA6A /* RecordChangeNotifier.swift */; };
		F8804BD396982B9B7C33C999 /* CategoryRepository.swift in Sources */ = {isa = PBXBuildFile; fileRef = 8AD43754BE9E47C7FF63D789 /* CategoryRepository.swift */; };
		F8B5518EA4E66518F88EFB48 /* StatsTrendView.swift in Sources */ = {isa = PBXBuildFile; fileRef = D662DBE65EEAE83D7E5CA136 /* StatsTrendView.swift */; };
		F8B7B318F74B3B6010CD56B8 /* DataImportExportView.swift in Sources */ = {isa = PBXBuildFile; fileRef = 83867D6E399C4FEB35CDB5F9 /* DataImportExportView.swift */; };
		F9341F2E6EDAB2DADED9273B /* BillsSummaryScheduler.swift in Sources */ = {isa = PBXBuildFile; fileRef = 98927A6DBB05E6E9CF36C886 /* BillsSummaryScheduler.swift */; };
		FBFF4BA6B9C32C0CBA6B3ABF /* RecordRepositorySyncTests.swift in Sources */ = {isa = PBXBuildFile; fileRef = 2D0DC998B0651C7F656E60E8 /* RecordRepositorySyncTests.swift */; };
		FE38AD30FDCAF26C7F384991 /* DateGrouping.swift in Sources */ = {isa = PBXBuildFile; fileRef = 7480587A02DB65FDF4BAFC07 /* DateGrouping.swift */; };
		FE8CD2785E62E9A2FE9882D9 /* VoiceWizardStepView.swift in Sources */ = {isa = PBXBuildFile; fileRef = 7A1DB3E04DE0DAFBCBBE7EAC /* VoiceWizardStepView.swift */; };
/* End PBXBuildFile section */

/* Begin PBXContainerItemProxy section */
		0E5E87716DD2D72ADA865D38 /* PBXContainerItemProxy */ = {
			isa = PBXContainerItemProxy;
			containerPortal = C0F21DA63AF74BF127642295 /* Project object */;
			proxyType = 1;
			remoteGlobalIDString = 58736145C8F1F19761DDFCE1;
			remoteInfo = CoinFlow;
		};
/* End PBXContainerItemProxy section */

/* Begin PBXFileReference section */
		003918C1CB843BB89FD62B1D /* CategoryPickerSheet.swift */ = {isa = PBXFileReference; lastKnownFileType = sourcecode.swift; path = CategoryPickerSheet.swift; sourceTree = "<group>"; };
		033B1442256D246B302BD723 /* OCRRouter.swift */ = {isa = PBXFileReference; lastKnownFileType = sourcecode.swift; path = OCRRouter.swift; sourceTree = "<group>"; };
		088FB5B4D215F690E33913C2 /* BillsSummaryService.swift */ = {isa = PBXFileReference; lastKnownFileType = sourcecode.swift; path = BillsSummaryService.swift; sourceTree = "<group>"; };
		0A7EBBBD3771D9253A63E684 /* AmountFormatter.swift */ = {isa = PBXFileReference; lastKnownFileType = sourcecode.swift; path = AmountFormatter.swift; sourceTree = "<group>"; };
		0ABF856F5FDCD2BD040FD981 /* BillsSummaryRepository.swift */ = {isa = PBXFileReference; lastKnownFileType = sourcecode.swift; path = BillsSummaryRepository.swift; sourceTree = "<group>"; };
		0CD579EF8809E472629F7EE9 /* StatsYearView.swift */ = {isa = PBXFileReference; lastKnownFileType = sourcecode.swift; path = StatsYearView.swift; sourceTree = "<group>"; };
		0D248C04424EF3252822B9D7 /* RecordGridView.swift */ = {isa = PBXFileReference; lastKnownFileType = sourcecode.swift; path = RecordGridView.swift; sourceTree = "<group>"; };
		0F03887D277658C16D468A2B /* ScreenshotInbox.swift */ = {isa = PBXFileReference; lastKnownFileType = sourcecode.swift; path = ScreenshotInbox.swift; sourceTree = "<group>"; };
		0FEE50B332EA6DB336BFD8E5 /* ReceiptParser.swift */ = {isa = PBXFileReference; lastKnownFileType = sourcecode.swift; path = ReceiptParser.swift; sourceTree = "<group>"; };
		1294AF6DC59A3A5A47EDBB52 /* BillsVoicePromptBuilder.swift */ = {isa = PBXFileReference; lastKnownFileType = sourcecode.swift; path = BillsVoicePromptBuilder.swift; sourceTree = "<group>"; };
		1468F224029C684F959C15B7 /* InteractivePopEnabler.swift */ = {isa = PBXFileReference; lastKnownFileType = sourcecode.swift; path = InteractivePopEnabler.swift; sourceTree = "<group>"; };
		149AA36F0A0271900809864F /* TabBarVisibility.swift */ = {isa = PBXFileReference; lastKnownFileType = sourcecode.swift; path = TabBarVisibility.swift; sourceTree = "<group>"; };
		163BABCCA7B351EDA19A34CA /* SyncStatusView.swift */ = {isa = PBXFileReference; lastKnownFileType = sourcecode.swift; path = SyncStatusView.swift; sourceTree = "<group>"; };
		16E777CA979420C3BD06F7F3 /* RecordDetailViewModel.swift */ = {isa = PBXFileReference; lastKnownFileType = sourcecode.swift; path = RecordDetailViewModel.swift; sourceTree = "<group>"; };
		18AA1174BD2839DD9ACDA36B /* RecordRow.swift */ = {isa = PBXFileReference; lastKnownFileType = sourcecode.swift; path = RecordRow.swift; sourceTree = "<group>"; };
		1B2278F92C863B33F5193AF2 /* MainCoordinator.swift */ = {isa = PBXFileReference; lastKnownFileType = sourcecode.swift; path = MainCoordinator.swift; sourceTree = "<group>"; };
		1CF168617B53BC2ACE2AA03E /* SyncStateMachineTests.swift */ = {isa = PBXFileReference; lastKnownFileType = sourcecode.swift; name = SyncStateMachineTests.swift; path = CoinFlowTests/SyncStateMachineTests.swift; sourceTree = SOURCE_ROOT; };
		2120A51128E9A5108BDE5553 /* PromptResource.swift */ = {isa = PBXFileReference; lastKnownFileType = sourcecode.swift; path = PromptResource.swift; sourceTree = "<group>"; };
		2207CB18E839CDEA1905F84F /* BillsSummaryPromptBuilder.swift */ = {isa = PBXFileReference; lastKnownFileType = sourcecode.swift; path = BillsSummaryPromptBuilder.swift; sourceTree = "<group>"; };
		2A6BC801B6D015AB8F69EA33 /* BillsSummary.swift */ = {isa = PBXFileReference; lastKnownFileType = sourcecode.swift; path = BillsSummary.swift; sourceTree = "<group>"; };
		2C418F9D91AF577874F4C39C /* SyncQueue.swift */ = {isa = PBXFileReference; lastKnownFileType = sourcecode.swift; path = SyncQueue.swift; sourceTree = "<group>"; };
		2D0DC998B0651C7F656E60E8 /* RecordRepositorySyncTests.swift */ = {isa = PBXFileReference; lastKnownFileType = sourcecode.swift; name = RecordRepositorySyncTests.swift; path = CoinFlowTests/RecordRepositorySyncTests.swift; sourceTree = SOURCE_ROOT; };
		2E83F82A5D3F52111250FBAA /* StatsSankeyView.swift */ = {isa = PBXFileReference; lastKnownFileType = sourcecode.swift; path = StatsSankeyView.swift; sourceTree = "<group>"; };
		307C077F65FF3DAEA2D73AEB /* NotionTheme.swift */ = {isa = PBXFileReference; lastKnownFileType = sourcecode.swift; path = NotionTheme.swift; sourceTree = "<group>"; };
		345B6F65E199269F4862A9CE /* MerchantBrand.swift */ = {isa = PBXFileReference; lastKnownFileType = sourcecode.swift; path = MerchantBrand.swift; sourceTree = "<group>"; };
		358FAE2329D177AECDD20C01 /* OnboardingView.swift */ = {isa = PBXFileReference; lastKnownFileType = sourcecode.swift; path = OnboardingView.swift; sourceTree = "<group>"; };
		36042C21CEEFF26A302677FD /* StatsHourlyView.swift */ = {isa = PBXFileReference; lastKnownFileType = sourcecode.swift; path = StatsHourlyView.swift; sourceTree = "<group>"; };
		36F092FD86DA2A3D624B4352 /* RemoteRecordPuller.swift */ = {isa = PBXFileReference; lastKnownFileType = sourcecode.swift; path = RemoteRecordPuller.swift; sourceTree = "<group>"; };
		384648547FA0D97B7285DC9E /* EmptyRecordsView.swift */ = {isa = PBXFileReference; lastKnownFileType = sourcecode.swift; path = EmptyRecordsView.swift; sourceTree = "<group>"; };
		3BF3D0FF81F6FD34E5CB0B4B /* BillsPromptBuilder.swift */ = {isa = PBXFileReference; lastKnownFileType = sourcecode.swift; path = BillsPromptBuilder.swift; sourceTree = "<group>"; };
		3C4A162FEAB9788C4F0BCFC8 /* RecordDetailSheet.swift */ = {isa = PBXFileReference; lastKnownFileType = sourcecode.swift; path = RecordDetailSheet.swift; sourceTree = "<group>"; };
		3CDC798F514571DCD5B515F9 /* ASRRouter.swift */ = {isa = PBXFileReference; lastKnownFileType = sourcecode.swift; path = ASRRouter.swift; sourceTree = "<group>"; };
		3EF0E9942FFDCC02147B6504 /* Record.swift */ = {isa = PBXFileReference; lastKnownFileType = sourcecode.swift; path = Record.swift; sourceTree = "<group>"; };
		3F2AD40A1C027094678EB0DB /* SettingsView.swift */ = {isa = PBXFileReference; lastKnownFileType = sourcecode.swift; path = SettingsView.swift; sourceTree = "<group>"; };
		4149B0FF8BEDE3A5CEC21607 /* BillsSummary.system.md */ = {isa = PBXFileReference; lastKnownFileType = net.daringfireball.markdown; name = BillsSummary.system.md; path = CoinFlow/Resources/Prompts/BillsSummary.system.md; sourceTree = SOURCE_ROOT; };
		4298B7AC9F186F2211BC25F0 /* AmountTintStore.swift */ = {isa = PBXFileReference; lastKnownFileType = sourcecode.swift; path = AmountTintStore.swift; sourceTree = "<group>"; };
		435417A895949D43EC7FC13C /* BillsLLMParser.swift */ = {isa = PBXFileReference; lastKnownFileType = sourcecode.swift; path = BillsLLMParser.swift; sourceTree = "<group>"; };
		438CF12A6987CC8F59200BDC /* StatsHubView.swift */ = {isa = PBXFileReference; lastKnownFileType = sourcecode.swift; path = StatsHubView.swift; sourceTree = "<group>"; };
		442D33110F54CEB79C900640 /* CoinFlow.app */ = {isa = PBXFileReference; explicitFileType = wrapper.application; includeInIndex = 0; path = CoinFlow.app; sourceTree = BUILT_PRODUCTS_DIR; };
		44447E4750F277CC2A3D3188 /* LedgerRepository.swift */ = {isa = PBXFileReference; lastKnownFileType = sourcecode.swift; path = LedgerRepository.swift; sourceTree = "<group>"; };
		49C67F6DE932279DBB22003B /* CaptureConfirmView.swift */ = {isa = PBXFileReference; lastKnownFileType = sourcecode.swift; path = CaptureConfirmView.swift; sourceTree = "<group>"; };
		4A4F700B7E0F233E4D59DC33 /* FeishuTokenManager.swift */ = {isa = PBXFileReference; lastKnownFileType = sourcecode.swift; path = FeishuTokenManager.swift; sourceTree = "<group>"; };
		4DCF5048AD3B8D0917D2B685 /* VoiceWizardContainerView.swift */ = {isa = PBXFileReference; lastKnownFileType = sourcecode.swift; path = VoiceWizardContainerView.swift; sourceTree = "<group>"; };
		50ACF08C4475313072FE3CD6 /* SQLBinder.swift */ = {isa = PBXFileReference; lastKnownFileType = sourcecode.swift; path = SQLBinder.swift; sourceTree = "<group>"; };
		516D938F1E6DE8F940D33FA7 /* VoiceSessionRepository.swift */ = {isa = PBXFileReference; lastKnownFileType = sourcecode.swift; path = VoiceSessionRepository.swift; sourceTree = "<group>"; };
		524148981870F8120AF14E31 /* CoinFlowCaptureIntent.swift */ = {isa = PBXFileReference; lastKnownFileType = sourcecode.swift; path = CoinFlowCaptureIntent.swift; sourceTree = "<group>"; };
		54AC3AA823D5DD70129C3AF7 /* ParsedBill.swift */ = {isa = PBXFileReference; lastKnownFileType = sourcecode.swift; path = ParsedBill.swift; sourceTree = "<group>"; };
		5769CB0E1D0382FDFD2938A7 /* BiometricLockView.swift */ = {isa = PBXFileReference; lastKnownFileType = sourcecode.swift; path = BiometricLockView.swift; sourceTree = "<group>"; };
		579956D44B0C83451112C6C6 /* RecordsLayout.swift */ = {isa = PBXFileReference; lastKnownFileType = sourcecode.swift; path = RecordsLayout.swift; sourceTree = "<group>"; };
		5962EE9FF0B03B49661DCF60 /* KeyboardDoneToolbar.swift */ = {isa = PBXFileReference; lastKnownFileType = sourcecode.swift; path = KeyboardDoneToolbar.swift; sourceTree = "<group>"; };
		599D95439023E5554740EEA8 /* StatsGaugeView.swift */ = {isa = PBXFileReference; lastKnownFileType = sourcecode.swift; path = StatsGaugeView.swift; sourceTree = "<group>"; };
		5E6EA94AA482E29FBCEA96AA /* Config.plist */ = {isa = PBXFileReference; lastKnownFileType = text.plist.xml; name = Config.plist; path = CoinFlow/Config/Config.plist; sourceTree = SOURCE_ROOT; };
		5EF333E18C098DCF66226B8D /* StatsMainView.swift */ = {isa = PBXFileReference; lastKnownFileType = sourcecode.swift; path = StatsMainView.swift; sourceTree = "<group>"; };
		623850955B1544034206BE6F /* Ledger.swift */ = {isa = PBXFileReference; lastKnownFileType = sourcecode.swift; path = Ledger.swift; sourceTree = "<group>"; };
		624957A1B42B4A6DFFF914E0 /* BillsVisionLLMClient.swift */ = {isa = PBXFileReference; lastKnownFileType = sourcecode.swift; path = BillsVisionLLMClient.swift; sourceTree = "<group>"; };
		63EC4C03F37F1628AC58B742 /* StatsWordCloudView.swift */ = {isa = PBXFileReference; lastKnownFileType = sourcecode.swift; path = StatsWordCloudView.swift; sourceTree = "<group>"; };
		655F11BDA3F1DAA116217F4F /* CoinFlowApp.swift */ = {isa = PBXFileReference; lastKnownFileType = sourcecode.swift; path = CoinFlowApp.swift; sourceTree = "<group>"; };
		668B4581A1B53503CFA7B2C0 /* InlineStatsBar.swift */ = {isa = PBXFileReference; lastKnownFileType = sourcecode.swift; path = InlineStatsBar.swift; sourceTree = "<group>"; };
		68EF01AF6D9F6A814C8886FD /* CategoryListView.swift */ = {isa = PBXFileReference; lastKnownFileType = sourcecode.swift; path = CategoryListView.swift; sourceTree = "<group>"; };
		6BC75924B9864B7D710C590F /* CameraPicker.swift */ = {isa = PBXFileReference; lastKnownFileType = sourcecode.swift; path = CameraPicker.swift; sourceTree = "<group>"; };
		6C8A85F857D54295A5E0F31E /* DatabaseManager.swift */ = {isa = PBXFileReference; lastKnownFileType = sourcecode.swift; path = DatabaseManager.swift; sourceTree = "<group>"; };
		6DC57DE9A83AAAB2FA1CE0FE /* PhotoPicker.swift */ = {isa = PBXFileReference; lastKnownFileType = sourcecode.swift; path = PhotoPicker.swift; sourceTree = "<group>"; };
		6ED0571373047E1C8378D3B5 /* StatsAnalysisHostView.swift */ = {isa = PBXFileReference; lastKnownFileType = sourcecode.swift; path = StatsAnalysisHostView.swift; sourceTree = "<group>"; };
		6F299E8954A37A5F14BFD665 /* UserSettingsRepository.swift */ = {isa = PBXFileReference; lastKnownFileType = sourcecode.swift; path = UserSettingsRepository.swift; sourceTree = "<group>"; };
		70AF5DC990A88DAFDE391ECC /* StatsBudgetView.swift */ = {isa = PBXFileReference; lastKnownFileType = sourcecode.swift; path = StatsBudgetView.swift; sourceTree = "<group>"; };
		70BAF3D534D3E74D57905545 /* LLMTextClient.swift */ = {isa = PBXFileReference; lastKnownFileType = sourcecode.swift; path = LLMTextClient.swift; sourceTree = "<group>"; };
		7148BB192CDF1DB1BEB3C339 /* CoinFlowTests.xctest */ = {isa = PBXFileReference; explicitFileType = wrapper.cfbundle; includeInIndex = 0; path = CoinFlowTests.xctest; sourceTree = BUILT_PRODUCTS_DIR; };
		73530C975D775ECF87397DDA /* DefaultSeeder.swift */ = {isa = PBXFileReference; lastKnownFileType = sourcecode.swift; path = DefaultSeeder.swift; sourceTree = "<group>"; };
		7480587A02DB65FDF4BAFC07 /* DateGrouping.swift */ = {isa = PBXFileReference; lastKnownFileType = sourcecode.swift; path = DateGrouping.swift; sourceTree = "<group>"; };
		765E8B719663CFC280F9855D /* Assets.xcassets */ = {isa = PBXFileReference; lastKnownFileType = folder.assetcatalog; name = Assets.xcassets; path = CoinFlow/Resources/Assets.xcassets; sourceTree = SOURCE_ROOT; };
		78608FEDD233159527972466 /* CategoryIconLibrary.swift */ = {isa = PBXFileReference; lastKnownFileType = sourcecode.swift; path = CategoryIconLibrary.swift; sourceTree = "<group>"; };
		7A1DB3E04DE0DAFBCBBE7EAC /* VoiceWizardStepView.swift */ = {isa = PBXFileReference; lastKnownFileType = sourcecode.swift; path = VoiceWizardStepView.swift; sourceTree = "<group>"; };
		7B2B00039D56C7F31F46F3F1 /* RecordBitableMapper.swift */ = {isa = PBXFileReference; lastKnownFileType = sourcecode.swift; path = RecordBitableMapper.swift; sourceTree = "<group>"; };
		7B3ACB75CBAC90828B734195 /* MainTabView.swift */ = {isa = PBXFileReference; lastKnownFileType = sourcecode.swift; path = MainTabView.swift; sourceTree = "<group>"; };
		7CBE5C55837601B87370C6C6 /* NewRecordViewModel.swift */ = {isa = PBXFileReference; lastKnownFileType = sourcecode.swift; path = NewRecordViewModel.swift; sourceTree = "<group>"; };
		7F4AC91845892BBBB1C853D5 /* BillsOCRPromptBuilder.swift */ = {isa = PBXFileReference; lastKnownFileType = sourcecode.swift; path = BillsOCRPromptBuilder.swift; sourceTree = "<group>"; };
		816B24A0E9A5FB2E0BD6368C /* SymbolColor.swift */ = {isa = PBXFileReference; lastKnownFileType = sourcecode.swift; path = SymbolColor.swift; sourceTree = "<group>"; };
		83867D6E399C4FEB35CDB5F9 /* DataImportExportView.swift */ = {isa = PBXFileReference; lastKnownFileType = sourcecode.swift; path = DataImportExportView.swift; sourceTree = "<group>"; };
		83ADE4F85694FD1EF2B2B695 /* StatsCategoryDetailView.swift */ = {isa = PBXFileReference; lastKnownFileType = sourcecode.swift; path = StatsCategoryDetailView.swift; sourceTree = "<group>"; };
		8AD43754BE9E47C7FF63D789 /* CategoryRepository.swift */ = {isa = PBXFileReference; lastKnownFileType = sourcecode.swift; path = CategoryRepository.swift; sourceTree = "<group>"; };
		8E76596448202A897F0F1413 /* StatsViewModel.swift */ = {isa = PBXFileReference; lastKnownFileType = sourcecode.swift; path = StatsViewModel.swift; sourceTree = "<group>"; };
		8EF2377DDCA90A0038FEF029 /* AudioRecorder.swift */ = {isa = PBXFileReference; lastKnownFileType = sourcecode.swift; path = AudioRecorder.swift; sourceTree = "<group>"; };
		8F6D5D9E2A6593F27075EFEF /* SyncTrigger.swift */ = {isa = PBXFileReference; lastKnownFileType = sourcecode.swift; path = SyncTrigger.swift; sourceTree = "<group>"; };
		8F73FFBD4B43B80F3FC5EE8C /* BiometricAuthService.swift */ = {isa = PBXFileReference; lastKnownFileType = sourcecode.swift; path = BiometricAuthService.swift; sourceTree = "<group>"; };
		91931019BCC744C01CA37FFC /* RecordsListViewModel.swift */ = {isa = PBXFileReference; lastKnownFileType = sourcecode.swift; path = RecordsListViewModel.swift; sourceTree = "<group>"; };
		92C5C59AF8411E08E270C2D9 /* NewRecordModal.swift */ = {isa = PBXFileReference; lastKnownFileType = sourcecode.swift; path = NewRecordModal.swift; sourceTree = "<group>"; };
		9712ADD3783E4D1116E536F8 /* VoiceRecordingSheet.swift */ = {isa = PBXFileReference; lastKnownFileType = sourcecode.swift; path = VoiceRecordingSheet.swift; sourceTree = "<group>"; };
		98927A6DBB05E6E9CF36C886 /* BillsSummaryScheduler.swift */ = {isa = PBXFileReference; lastKnownFileType = sourcecode.swift; path = BillsSummaryScheduler.swift; sourceTree = "<group>"; };
		9AC9F21013799A3A4DB8CFEF /* RecordRepository.swift */ = {isa = PBXFileReference; lastKnownFileType = sourcecode.swift; path = RecordRepository.swift; sourceTree = "<group>"; };
		9B4557B4F94A0D9E7DBF501E /* VoiceSession.swift */ = {isa = PBXFileReference; lastKnownFileType = sourcecode.swift; path = VoiceSession.swift; sourceTree = "<group>"; };
		9CB351A0583EE36B4E5F4758 /* RecordBitableMapperTests.swift */ = {isa = PBXFileReference; lastKnownFileType = sourcecode.swift; name = RecordBitableMapperTests.swift; path = CoinFlowTests/RecordBitableMapperTests.swift; sourceTree = SOURCE_ROOT; };
		9D17953E8BE2C4C9074BA52A /* HomeMainView.swift */ = {isa = PBXFileReference; lastKnownFileType = sourcecode.swift; path = HomeMainView.swift; sourceTree = "<group>"; };
		9DAA6B81DE550042C0210B5E /* Schema.swift */ = {isa = PBXFileReference; lastKnownFileType = sourcecode.swift; path = Schema.swift; sourceTree = "<group>"; };
		A266694D87EBBF2FC1B1ECB5 /* VoiceWizardViewModel.swift */ = {isa = PBXFileReference; lastKnownFileType = sourcecode.swift; path = VoiceWizardViewModel.swift; sourceTree = "<group>"; };
		A2F91BF2BE6AE79073EC77B8 /* SyncLogger.swift */ = {isa = PBXFileReference; lastKnownFileType = sourcecode.swift; path = SyncLogger.swift; sourceTree = "<group>"; };
		A5FC79E9FF521D68F06097A7 /* VoiceParsingView.swift */ = {isa = PBXFileReference; lastKnownFileType = sourcecode.swift; path = VoiceParsingView.swift; sourceTree = "<group>"; };
		A8398E88FEB9DB4BEADFDA44 /* RecordsListView.swift */ = {isa = PBXFileReference; lastKnownFileType = sourcecode.swift; path = RecordsListView.swift; sourceTree = "<group>"; };
		ABDEE5B639426CCA459F4BC8 /* BillsSummaryPushBanner.swift */ = {isa = PBXFileReference; lastKnownFileType = sourcecode.swift; path = BillsSummaryPushBanner.swift; sourceTree = "<group>"; };
		B508B7D860C8D6ED4DF72EE5 /* SummaryBitableMapper.swift */ = {isa = PBXFileReference; lastKnownFileType = sourcecode.swift; path = SummaryBitableMapper.swift; sourceTree = "<group>"; };
		B5B04065830AAF01909DB884 /* SyncQueueBackoffTests.swift */ = {isa = PBXFileReference; lastKnownFileType = sourcecode.swift; name = SyncQueueBackoffTests.swift; path = CoinFlowTests/SyncQueueBackoffTests.swift; sourceTree = SOURCE_ROOT; };
		B9E927113CB1BF72639E8E50 /* NotionFont.swift */ = {isa = PBXFileReference; lastKnownFileType = sourcecode.swift; path = NotionFont.swift; sourceTree = "<group>"; };
		BBEFD2793C715ACC0BE221A1 /* FeishuTokenManagerTests.swift */ = {isa = PBXFileReference; lastKnownFileType = sourcecode.swift; name = FeishuTokenManagerTests.swift; path = CoinFlowTests/FeishuTokenManagerTests.swift; sourceTree = SOURCE_ROOT; };
		BC7E3CEEE8CE2E44E146EB6D /* FeishuBitableClient.swift */ = {isa = PBXFileReference; lastKnownFileType = sourcecode.swift; path = FeishuBitableClient.swift; sourceTree = "<group>"; };
		C083CD9837E5C6DDE4EE910A /* LiquidGlassATheme.swift */ = {isa = PBXFileReference; lastKnownFileType = sourcecode.swift; path = LiquidGlassATheme.swift; sourceTree = "<group>"; };
		C151936C74C7A3D241A7F8D1 /* BackTapSetupView.swift */ = {isa = PBXFileReference; lastKnownFileType = sourcecode.swift; path = BackTapSetupView.swift; sourceTree = "<group>"; };
		C1C703A567CCFF134D89D08A /* IconPickerView.swift */ = {isa = PBXFileReference; lastKnownFileType = sourcecode.swift; path = IconPickerView.swift; sourceTree = "<group>"; };
		C59B21E1E52BA3D07D5AD18A /* Migrations.swift */ = {isa = PBXFileReference; lastKnownFileType = sourcecode.swift; path = Migrations.swift; sourceTree = "<group>"; };
		CC00593EFEA21F4F104477E1 /* OCREngine.swift */ = {isa = PBXFileReference; lastKnownFileType = sourcecode.swift; path = OCREngine.swift; sourceTree = "<group>"; };
		D24702BA4E4746D3C3FA7FD8 /* Config.example.plist */ = {isa = PBXFileReference; lastKnownFileType = text.plist.xml; name = Config.example.plist; path = CoinFlow/Config/Config.example.plist; sourceTree = SOURCE_ROOT; };
		D2CBFA7E293B80B0E9D8EB5A /* BillsSummaryListView.swift */ = {isa = PBXFileReference; lastKnownFileType = sourcecode.swift; path = BillsSummaryListView.swift; sourceTree = "<group>"; };
		D662DBE65EEAE83D7E5CA136 /* StatsTrendView.swift */ = {isa = PBXFileReference; lastKnownFileType = sourcecode.swift; path = StatsTrendView.swift; sourceTree = "<group>"; };
		D68C8D8A4BE8E08CB5C28A56 /* AppearanceSettingsView.swift */ = {isa = PBXFileReference; lastKnownFileType = sourcecode.swift; path = AppearanceSettingsView.swift; sourceTree = "<group>"; };
		D94DD19A771A885DDCCAB3F0 /* VoiceSummaryView.swift */ = {isa = PBXFileReference; lastKnownFileType = sourcecode.swift; path = VoiceSummaryView.swift; sourceTree = "<group>"; };
		DC6B5D6D69486166A7FE06B4 /* ScreenshotStore.swift */ = {isa = PBXFileReference; lastKnownFileType = sourcecode.swift; path = ScreenshotStore.swift; sourceTree = "<group>"; };
		DCC8B77DFD7266AFA7E24D79 /* Category.swift */ = {isa = PBXFileReference; lastKnownFileType = sourcecode.swift; path = Category.swift; sourceTree = "<group>"; };
		DF798C0A09D3B2B400B46449 /* FeishuConfig.swift */ = {isa = PBXFileReference; lastKnownFileType = sourcecode.swift; path = FeishuConfig.swift; sourceTree = "<group>"; };
		E0A0BA622FCD2A4E0DE7FC9B /* AppState.swift */ = {isa = PBXFileReference; lastKnownFileType = sourcecode.swift; path = AppState.swift; sourceTree = "<group>"; };
		E0AD5DD034F8B5EEEC7E3BE9 /* AppConfig.swift */ = {isa = PBXFileReference; lastKnownFileType = sourcecode.swift; path = AppConfig.swift; sourceTree = "<group>"; };
		E43366F47299DC8E1C1ADDF9 /* SummaryFloatingCard.swift */ = {isa = PBXFileReference; lastKnownFileType = sourcecode.swift; path = SummaryFloatingCard.swift; sourceTree = "<group>"; };
		E850B2518951E7C72E6F02D0 /* NotionColor.swift */ = {isa = PBXFileReference; lastKnownFileType = sourcecode.swift; path = NotionColor.swift; sourceTree = "<group>"; };
		EA07C71B2E9327BC0DFF2C75 /* CategoryIconLibraryTests.swift */ = {isa = PBXFileReference; lastKnownFileType = sourcecode.swift; name = CategoryIconLibraryTests.swift; path = CoinFlowTests/CategoryIconLibraryTests.swift; sourceTree = SOURCE_ROOT; };
		EADA7C87AF39880F18C4EA6A /* RecordChangeNotifier.swift */ = {isa = PBXFileReference; lastKnownFileType = sourcecode.swift; path = RecordChangeNotifier.swift; sourceTree = "<group>"; };
		F0284CEAEE4B9A47D690C98D /* QuotaService.swift */ = {isa = PBXFileReference; lastKnownFileType = sourcecode.swift; path = QuotaService.swift; sourceTree = "<group>"; };
		F45287307CB61398FC10DBEA /* ASREngine.swift */ = {isa = PBXFileReference; lastKnownFileType = sourcecode.swift; path = ASREngine.swift; sourceTree = "<group>"; };
		F5A2F9A11438EC7A055CC8E7 /* BillsSummaryAggregator.swift */ = {isa = PBXFileReference; lastKnownFileType = sourcecode.swift; path = BillsSummaryAggregator.swift; sourceTree = "<group>"; };
		F99CEFA34A5B42E3D680AD5E /* StatsAABalanceView.swift */ = {isa = PBXFileReference; lastKnownFileType = sourcecode.swift; path = StatsAABalanceView.swift; sourceTree = "<group>"; };
		FA94D6AA7D488CEFCD4DB06D /* BillsSummaryLLMClient.swift */ = {isa = PBXFileReference; lastKnownFileType = sourcecode.swift; path = BillsSummaryLLMClient.swift; sourceTree = "<group>"; };
		FBB42AE358837C96892A2B19 /* PrivacyShieldView.swift */ = {isa = PBXFileReference; lastKnownFileType = sourcecode.swift; path = PrivacyShieldView.swift; sourceTree = "<group>"; };
		FCF6945B087D9A17678D6ACB /* NotionTheme+Aliases.swift */ = {isa = PBXFileReference; lastKnownFileType = sourcecode.swift; path = "NotionTheme+Aliases.swift"; sourceTree = "<group>"; };
/* End PBXFileReference section */

/* Begin PBXFrameworksBuildPhase section */
		161093CBB8627C7DF7546023 /* Frameworks */ = {
			isa = PBXFrameworksBuildPhase;
			buildActionMask = 2147483647;
			files = (
			);
			runOnlyForDeploymentPostprocessing = 0;
		};
		DDA8E76674DE7416E960CEF8 /* Frameworks */ = {
			isa = PBXFrameworksBuildPhase;
			buildActionMask = 2147483647;
			files = (
				618EFC44327E374145CF9518 /* GRDB in Frameworks */,
				F6E0A9BB4781D967B3D36219 /* SQLCipher in Frameworks */,
				D4455F94E353D21A357CF03F /* MarkdownUI in Frameworks */,
			);
			runOnlyForDeploymentPostprocessing = 0;
		};
/* End PBXFrameworksBuildPhase section */

/* Begin PBXGroup section */
		09D9840FD7B16FADAF913102 /* Main */ = {
			isa = PBXGroup;
			children = (
				9D17953E8BE2C4C9074BA52A /* HomeMainView.swift */,
				7B3ACB75CBAC90828B734195 /* MainTabView.swift */,
				438CF12A6987CC8F59200BDC /* StatsHubView.swift */,
			);
			path = Main;
			sourceTree = "<group>";
		};
		0E75C9573030D30F2ADFAE80 /* Models */ = {
			isa = PBXGroup;
			children = (
				2A6BC801B6D015AB8F69EA33 /* BillsSummary.swift */,
				DCC8B77DFD7266AFA7E24D79 /* Category.swift */,
				623850955B1544034206BE6F /* Ledger.swift */,
				3EF0E9942FFDCC02147B6504 /* Record.swift */,
				9B4557B4F94A0D9E7DBF501E /* VoiceSession.swift */,
			);
			path = Models;
			sourceTree = "<group>";
		};
		10EA8BB8AA9B52A763F15709 /* Repositories */ = {
			isa = PBXGroup;
			children = (
				0ABF856F5FDCD2BD040FD981 /* BillsSummaryRepository.swift */,
				8AD43754BE9E47C7FF63D789 /* CategoryRepository.swift */,
				44447E4750F277CC2A3D3188 /* LedgerRepository.swift */,
				EADA7C87AF39880F18C4EA6A /* RecordChangeNotifier.swift */,
				9AC9F21013799A3A4DB8CFEF /* RecordRepository.swift */,
				6F299E8954A37A5F14BFD665 /* UserSettingsRepository.swift */,
				516D938F1E6DE8F940D33FA7 /* VoiceSessionRepository.swift */,
			);
			path = Repositories;
			sourceTree = "<group>";
		};
		1326AF4256715D260C8F52C7 /* NewRecord */ = {
			isa = PBXGroup;
			children = (
				003918C1CB843BB89FD62B1D /* CategoryPickerSheet.swift */,
				92C5C59AF8411E08E270C2D9 /* NewRecordModal.swift */,
				7CBE5C55837601B87370C6C6 /* NewRecordViewModel.swift */,
			);
			path = NewRecord;
			sourceTree = "<group>";
		};
		16CDF01569427A95B52F3EC6 /* Prompts */ = {
			isa = PBXGroup;
			children = (
				4149B0FF8BEDE3A5CEC21607 /* BillsSummary.system.md */,
			);
			path = Prompts;
			sourceTree = "<group>";
		};
		2348DBF9061ADBF2CC51284A /* Summary */ = {
			isa = PBXGroup;
			children = (
				80C1112AE33EC7E53EBC12D2 /* Views */,
				F5A2F9A11438EC7A055CC8E7 /* BillsSummaryAggregator.swift */,
				FA94D6AA7D488CEFCD4DB06D /* BillsSummaryLLMClient.swift */,
				2207CB18E839CDEA1905F84F /* BillsSummaryPromptBuilder.swift */,
				98927A6DBB05E6E9CF36C886 /* BillsSummaryScheduler.swift */,
				088FB5B4D215F690E33913C2 /* BillsSummaryService.swift */,
				2120A51128E9A5108BDE5553 /* PromptResource.swift */,
			);
			path = Summary;
			sourceTree = "<group>";
		};
		3426DA6A25F36AA7A98B0328 /* Views */ = {
			isa = PBXGroup;
			children = (
				F99CEFA34A5B42E3D680AD5E /* StatsAABalanceView.swift */,
				70AF5DC990A88DAFDE391ECC /* StatsBudgetView.swift */,
				83ADE4F85694FD1EF2B2B695 /* StatsCategoryDetailView.swift */,
				599D95439023E5554740EEA8 /* StatsGaugeView.swift */,
				36042C21CEEFF26A302677FD /* StatsHourlyView.swift */,
				5EF333E18C098DCF66226B8D /* StatsMainView.swift */,
				2E83F82A5D3F52111250FBAA /* StatsSankeyView.swift */,
				D662DBE65EEAE83D7E5CA136 /* StatsTrendView.swift */,
				63EC4C03F37F1628AC58B742 /* StatsWordCloudView.swift */,
				0CD579EF8809E472629F7EE9 /* StatsYearView.swift */,
			);
			path = Views;
			sourceTree = "<group>";
		};
		39CDB4DFCDC5EE718292E95A /* Storage */ = {
			isa = PBXGroup;
			children = (
				DC6B5D6D69486166A7FE06B4 /* ScreenshotStore.swift */,
			);
			path = Storage;
			sourceTree = "<group>";
		};
		3CF5E725273FD9908A04EB7E /* RecordDetail */ = {
			isa = PBXGroup;
			children = (
				3C4A162FEAB9788C4F0BCFC8 /* RecordDetailSheet.swift */,
				16E777CA979420C3BD06F7F3 /* RecordDetailViewModel.swift */,
			);
			path = RecordDetail;
			sourceTree = "<group>";
		};
		3DD8E6424DD82DE06375D395 /* Components */ = {
			isa = PBXGroup;
			children = (
				384648547FA0D97B7285DC9E /* EmptyRecordsView.swift */,
				668B4581A1B53503CFA7B2C0 /* InlineStatsBar.swift */,
				0D248C04424EF3252822B9D7 /* RecordGridView.swift */,
			);
			path = Components;
			sourceTree = "<group>";
		};
		41C4F4B4BDE51719CA661350 /* Security */ = {
			isa = PBXGroup;
			children = (
				8F73FFBD4B43B80F3FC5EE8C /* BiometricAuthService.swift */,
			);
			path = Security;
			sourceTree = "<group>";
		};
		4D39583B5BA7D0643ED98F96 /* Sync */ = {
			isa = PBXGroup;
			children = (
				163BABCCA7B351EDA19A34CA /* SyncStatusView.swift */,
			);
			path = Sync;
			sourceTree = "<group>";
		};
		4D62FACE4726DC41D23A2B4E /* Stats */ = {
			isa = PBXGroup;
			children = (
				2348DBF9061ADBF2CC51284A /* Summary */,
				3426DA6A25F36AA7A98B0328 /* Views */,
				6ED0571373047E1C8378D3B5 /* StatsAnalysisHostView.swift */,
				8E76596448202A897F0F1413 /* StatsViewModel.swift */,
			);
			path = Stats;
			sourceTree = "<group>";
		};
		4E70A98D0FB2E0C872E4FD09 /* Capture */ = {
			isa = PBXGroup;
			children = (
				6BC75924B9864B7D710C590F /* CameraPicker.swift */,
				49C67F6DE932279DBB22003B /* CaptureConfirmView.swift */,
				524148981870F8120AF14E31 /* CoinFlowCaptureIntent.swift */,
				345B6F65E199269F4862A9CE /* MerchantBrand.swift */,
				CC00593EFEA21F4F104477E1 /* OCREngine.swift */,
				033B1442256D246B302BD723 /* OCRRouter.swift */,
				6DC57DE9A83AAAB2FA1CE0FE /* PhotoPicker.swift */,
				F0284CEAEE4B9A47D690C98D /* QuotaService.swift */,
				0FEE50B332EA6DB336BFD8E5 /* ReceiptParser.swift */,
				0F03887D277658C16D468A2B /* ScreenshotInbox.swift */,
			);
			path = Capture;
			sourceTree = "<group>";
		};
		5BD82C14967C8D5BD55166B6 /* Categories */ = {
			isa = PBXGroup;
			children = (
				78608FEDD233159527972466 /* CategoryIconLibrary.swift */,
				68EF01AF6D9F6A814C8886FD /* CategoryListView.swift */,
				C1C703A567CCFF134D89D08A /* IconPickerView.swift */,
			);
			path = Categories;
			sourceTree = "<group>";
		};
		5D69FB1CD7A9E145309EDEAF /* Database */ = {
			isa = PBXGroup;
			children = (
				6C8A85F857D54295A5E0F31E /* DatabaseManager.swift */,
				C59B21E1E52BA3D07D5AD18A /* Migrations.swift */,
				50ACF08C4475313072FE3CD6 /* SQLBinder.swift */,
				9DAA6B81DE550042C0210B5E /* Schema.swift */,
			);
			path = Database;
			sourceTree = "<group>";
		};
		6289F0FD61EB790E17193B5E /* Common */ = {
			isa = PBXGroup;
			children = (
				0A7EBBBD3771D9253A63E684 /* AmountFormatter.swift */,
				7480587A02DB65FDF4BAFC07 /* DateGrouping.swift */,
				1468F224029C684F959C15B7 /* InteractivePopEnabler.swift */,
				1B2278F92C863B33F5193AF2 /* MainCoordinator.swift */,
				816B24A0E9A5FB2E0BD6368C /* SymbolColor.swift */,
				149AA36F0A0271900809864F /* TabBarVisibility.swift */,
			);
			path = Common;
			sourceTree = "<group>";
		};
		675494AA57DAFB64E2EC1897 /* CoinFlowTests */ = {
			isa = PBXGroup;
			children = (
				EA07C71B2E9327BC0DFF2C75 /* CategoryIconLibraryTests.swift */,
				BBEFD2793C715ACC0BE221A1 /* FeishuTokenManagerTests.swift */,
				9CB351A0583EE36B4E5F4758 /* RecordBitableMapperTests.swift */,
				2D0DC998B0651C7F656E60E8 /* RecordRepositorySyncTests.swift */,
				B5B04065830AAF01909DB884 /* SyncQueueBackoffTests.swift */,
				1CF168617B53BC2ACE2AA03E /* SyncStateMachineTests.swift */,
			);
			path = CoinFlowTests;
			sourceTree = "<group>";
		};
		6AE65F4DC67A0C0C0DA2ACE7 /* Data */ = {
			isa = PBXGroup;
			children = (
				5D69FB1CD7A9E145309EDEAF /* Database */,
				C001F554963E0E487193A677 /* Feishu */,
				0E75C9573030D30F2ADFAE80 /* Models */,
				10EA8BB8AA9B52A763F15709 /* Repositories */,
				E6A20F22758818EB2D026A5A /* Seed */,
				39CDB4DFCDC5EE718292E95A /* Storage */,
				E569E41C5BE884BA08E08978 /* Sync */,
			);
			path = Data;
			sourceTree = "<group>";
		};
		6CA60617B1248BE7AAFC72BE /* CoinFlow */ = {
			isa = PBXGroup;
			children = (
				714E5A92E471BE2378707A9C /* App */,
				D251C7E86906F56F549EC148 /* Config */,
				6AE65F4DC67A0C0C0DA2ACE7 /* Data */,
				F60B23AD74E6C62DC20D0051 /* Features */,
				7831D2E779ECAC974A645CE8 /* Resources */,
				41C4F4B4BDE51719CA661350 /* Security */,
				A6335FE20928156893878225 /* Theme */,
			);
			path = CoinFlow;
			sourceTree = "<group>";
		};
		714E5A92E471BE2378707A9C /* App */ = {
			isa = PBXGroup;
			children = (
				E0A0BA622FCD2A4E0DE7FC9B /* AppState.swift */,
				5769CB0E1D0382FDFD2938A7 /* BiometricLockView.swift */,
				655F11BDA3F1DAA116217F4F /* CoinFlowApp.swift */,
				FBB42AE358837C96892A2B19 /* PrivacyShieldView.swift */,
			);
			path = App;
			sourceTree = "<group>";
		};
		7831D2E779ECAC974A645CE8 /* Resources */ = {
			isa = PBXGroup;
			children = (
				16CDF01569427A95B52F3EC6 /* Prompts */,
				765E8B719663CFC280F9855D /* Assets.xcassets */,
			);
			path = Resources;
			sourceTree = "<group>";
		};
		7A3877C50A543974B0143296 = {
			isa = PBXGroup;
			children = (
				6CA60617B1248BE7AAFC72BE /* CoinFlow */,
				675494AA57DAFB64E2EC1897 /* CoinFlowTests */,
				99CB34E5D1789BFB4C202146 /* Products */,
			);
			sourceTree = "<group>";
		};
		7CC113BEC189153299B17EA3 /* Settings */ = {
			isa = PBXGroup;
			children = (
				D68C8D8A4BE8E08CB5C28A56 /* AppearanceSettingsView.swift */,
				C151936C74C7A3D241A7F8D1 /* BackTapSetupView.swift */,
				83867D6E399C4FEB35CDB5F9 /* DataImportExportView.swift */,
				3F2AD40A1C027094678EB0DB /* SettingsView.swift */,
			);
			path = Settings;
			sourceTree = "<group>";
		};
		80C1112AE33EC7E53EBC12D2 /* Views */ = {
			isa = PBXGroup;
			children = (
				D2CBFA7E293B80B0E9D8EB5A /* BillsSummaryListView.swift */,
				ABDEE5B639426CCA459F4BC8 /* BillsSummaryPushBanner.swift */,
				E43366F47299DC8E1C1ADDF9 /* SummaryFloatingCard.swift */,
			);
			path = Views;
			sourceTree = "<group>";
		};
		99CB34E5D1789BFB4C202146 /* Products */ = {
			isa = PBXGroup;
			children = (
				442D33110F54CEB79C900640 /* CoinFlow.app */,
				7148BB192CDF1DB1BEB3C339 /* CoinFlowTests.xctest */,
			);
			name = Products;
			sourceTree = "<group>";
		};
		A6335FE20928156893878225 /* Theme */ = {
			isa = PBXGroup;
			children = (
				4298B7AC9F186F2211BC25F0 /* AmountTintStore.swift */,
				5962EE9FF0B03B49661DCF60 /* KeyboardDoneToolbar.swift */,
				C083CD9837E5C6DDE4EE910A /* LiquidGlassATheme.swift */,
				E850B2518951E7C72E6F02D0 /* NotionColor.swift */,
				B9E927113CB1BF72639E8E50 /* NotionFont.swift */,
				FCF6945B087D9A17678D6ACB /* NotionTheme+Aliases.swift */,
				307C077F65FF3DAEA2D73AEB /* NotionTheme.swift */,
			);
			path = Theme;
			sourceTree = "<group>";
		};
		C001F554963E0E487193A677 /* Feishu */ = {
			isa = PBXGroup;
			children = (
				BC7E3CEEE8CE2E44E146EB6D /* FeishuBitableClient.swift */,
				DF798C0A09D3B2B400B46449 /* FeishuConfig.swift */,
				4A4F700B7E0F233E4D59DC33 /* FeishuTokenManager.swift */,
			);
			path = Feishu;
			sourceTree = "<group>";
		};
		C5C47E9CABAB73BB04C7789B /* Voice */ = {
			isa = PBXGroup;
			children = (
				F45287307CB61398FC10DBEA /* ASREngine.swift */,
				3CDC798F514571DCD5B515F9 /* ASRRouter.swift */,
				8EF2377DDCA90A0038FEF029 /* AudioRecorder.swift */,
				435417A895949D43EC7FC13C /* BillsLLMParser.swift */,
				7F4AC91845892BBBB1C853D5 /* BillsOCRPromptBuilder.swift */,
				3BF3D0FF81F6FD34E5CB0B4B /* BillsPromptBuilder.swift */,
				624957A1B42B4A6DFFF914E0 /* BillsVisionLLMClient.swift */,
				1294AF6DC59A3A5A47EDBB52 /* BillsVoicePromptBuilder.swift */,
				70BAF3D534D3E74D57905545 /* LLMTextClient.swift */,
				54AC3AA823D5DD70129C3AF7 /* ParsedBill.swift */,
				A5FC79E9FF521D68F06097A7 /* VoiceParsingView.swift */,
				9712ADD3783E4D1116E536F8 /* VoiceRecordingSheet.swift */,
				D94DD19A771A885DDCCAB3F0 /* VoiceSummaryView.swift */,
				4DCF5048AD3B8D0917D2B685 /* VoiceWizardContainerView.swift */,
				7A1DB3E04DE0DAFBCBBE7EAC /* VoiceWizardStepView.swift */,
				A266694D87EBBF2FC1B1ECB5 /* VoiceWizardViewModel.swift */,
			);
			path = Voice;
			sourceTree = "<group>";
		};
		D251C7E86906F56F549EC148 /* Config */ = {
			isa = PBXGroup;
			children = (
				E0AD5DD034F8B5EEEC7E3BE9 /* AppConfig.swift */,
				D24702BA4E4746D3C3FA7FD8 /* Config.example.plist */,
				5E6EA94AA482E29FBCEA96AA /* Config.plist */,
			);
			path = Config;
			sourceTree = "<group>";
		};
		D6345EFE17A8C467F0A52701 /* Onboarding */ = {
			isa = PBXGroup;
			children = (
				358FAE2329D177AECDD20C01 /* OnboardingView.swift */,
			);
			path = Onboarding;
			sourceTree = "<group>";
		};
		E569E41C5BE884BA08E08978 /* Sync */ = {
			isa = PBXGroup;
			children = (
				7B2B00039D56C7F31F46F3F1 /* RecordBitableMapper.swift */,
				36F092FD86DA2A3D624B4352 /* RemoteRecordPuller.swift */,
				B508B7D860C8D6ED4DF72EE5 /* SummaryBitableMapper.swift */,
				A2F91BF2BE6AE79073EC77B8 /* SyncLogger.swift */,
				2C418F9D91AF577874F4C39C /* SyncQueue.swift */,
				8F6D5D9E2A6593F27075EFEF /* SyncTrigger.swift */,
			);
			path = Sync;
			sourceTree = "<group>";
		};
		E6A20F22758818EB2D026A5A /* Seed */ = {
			isa = PBXGroup;
			children = (
				73530C975D775ECF87397DDA /* DefaultSeeder.swift */,
			);
			path = Seed;
			sourceTree = "<group>";
		};
		F60B23AD74E6C62DC20D0051 /* Features */ = {
			isa = PBXGroup;
			children = (
				4E70A98D0FB2E0C872E4FD09 /* Capture */,
				5BD82C14967C8D5BD55166B6 /* Categories */,
				6289F0FD61EB790E17193B5E /* Common */,
				09D9840FD7B16FADAF913102 /* Main */,
				1326AF4256715D260C8F52C7 /* NewRecord */,
				D6345EFE17A8C467F0A52701 /* Onboarding */,
				3CF5E725273FD9908A04EB7E /* RecordDetail */,
				FFB06BCC7EDF7DCEE7E86607 /* Records */,
				7CC113BEC189153299B17EA3 /* Settings */,
				4D62FACE4726DC41D23A2B4E /* Stats */,
				4D39583B5BA7D0643ED98F96 /* Sync */,
				C5C47E9CABAB73BB04C7789B /* Voice */,
			);
			path = Features;
			sourceTree = "<group>";
		};
		FFB06BCC7EDF7DCEE7E86607 /* Records */ = {
			isa = PBXGroup;
			children = (
				3DD8E6424DD82DE06375D395 /* Components */,
				18AA1174BD2839DD9ACDA36B /* RecordRow.swift */,
				579956D44B0C83451112C6C6 /* RecordsLayout.swift */,
				A8398E88FEB9DB4BEADFDA44 /* RecordsListView.swift */,
				91931019BCC744C01CA37FFC /* RecordsListViewModel.swift */,
			);
			path = Records;
			sourceTree = "<group>";
		};
/* End PBXGroup section */

/* Begin PBXNativeTarget section */
		58736145C8F1F19761DDFCE1 /* CoinFlow */ = {
			isa = PBXNativeTarget;
			buildConfigurationList = 95A51F4EA3AE484BE31737D4 /* Build configuration list for PBXNativeTarget "CoinFlow" */;
			buildPhases = (
				DBA1640F8C376C7AC5898FEB /* Sources */,
				DDA8E76674DE7416E960CEF8 /* Frameworks */,
				B16E4FA106BB19CE76EB0E81 /* Resources */,
			);
			buildRules = (
			);
			dependencies = (
			);
			name = CoinFlow;
			packageProductDependencies = (
				4434CB490AE4307EA821B61B /* GRDB */,
				FFED60C985FB607998AF88B0 /* SQLCipher */,
				1D183A57ADC3647EC4BA0F2F /* MarkdownUI */,
			);
			productName = CoinFlow;
			productReference = 442D33110F54CEB79C900640 /* CoinFlow.app */;
			productType = "com.apple.product-type.application";
		};
		6ED39AF0889AD82F3D3A9B54 /* CoinFlowTests */ = {
			isa = PBXNativeTarget;
			buildConfigurationList = DF1CEEE4A610AED6B75B97CD /* Build configuration list for PBXNativeTarget "CoinFlowTests" */;
			buildPhases = (
				06F15DF53DA12744C6379341 /* Sources */,
				161093CBB8627C7DF7546023 /* Frameworks */,
				8E1752CD7A24CB667870FDEC /* Resources */,
			);
			buildRules = (
			);
			dependencies = (
				319312131F8FCD6368393524 /* PBXTargetDependency */,
			);
			name = CoinFlowTests;
			packageProductDependencies = (
			);
			productName = CoinFlowTests;
			productReference = 7148BB192CDF1DB1BEB3C339 /* CoinFlowTests.xctest */;
			productType = "com.apple.product-type.bundle.unit-test";
		};
/* End PBXNativeTarget section */

/* Begin PBXProject section */
		C0F21DA63AF74BF127642295 /* Project object */ = {
			isa = PBXProject;
			attributes = {
				BuildIndependentTargetsInParallel = 1;
				LastSwiftUpdateCheck = 1640;
				LastUpgradeCheck = 1640;
				TargetAttributes = {
					58736145C8F1F19761DDFCE1 = {
						CreatedOnToolsVersion = 16.4;
					};
				};
			};
			buildConfigurationList = 55DDED73109A9F30EA4C23DA /* Build configuration list for PBXProject "CoinFlow" */;
			compatibilityVersion = "Xcode 15.0";
			developmentRegion = "zh-Hans";
			hasScannedForEncodings = 0;
			knownRegions = (
				"zh-Hans",
				en,
				Base,
			);
			mainGroup = 7A3877C50A543974B0143296;
			packageReferences = (
				C83A6F9533E43D7617F082FB /* XCRemoteSwiftPackageReference "GRDB" */,
				BFEDC68B86A0ABBA7E191B12 /* XCRemoteSwiftPackageReference "SQLCipher" */,
				B2FF825A19DE3F3205CB1DDC /* XCRemoteSwiftPackageReference "swift-markdown-ui" */,
			);
			productRefGroup = 99CB34E5D1789BFB4C202146 /* Products */;
			projectDirPath = "";
			projectRoot = "";
			targets = (
				58736145C8F1F19761DDFCE1 /* CoinFlow */,
				6ED39AF0889AD82F3D3A9B54 /* CoinFlowTests */,
			);
		};
/* End PBXProject section */

/* Begin PBXResourcesBuildPhase section */
		8E1752CD7A24CB667870FDEC /* Resources */ = {
			isa = PBXResourcesBuildPhase;
			buildActionMask = 2147483647;
			files = (
			);
			runOnlyForDeploymentPostprocessing = 0;
		};
		B16E4FA106BB19CE76EB0E81 /* Resources */ = {
			isa = PBXResourcesBuildPhase;
			buildActionMask = 2147483647;
			files = (
				212E81F71F0E2FEFD4C23BF2 /* Config.example.plist in Resources */,
				E81D59BAAF917392738656B9 /* Config.plist in Resources */,
				916462DEF7181F33053690F0 /* BillsSummary.system.md in Resources */,
				40C99DB6C269241FDABB9199 /* Assets.xcassets in Resources */,
			);
			runOnlyForDeploymentPostprocessing = 0;
		};
/* End PBXResourcesBuildPhase section */

/* Begin PBXSourcesBuildPhase section */
		06F15DF53DA12744C6379341 /* Sources */ = {
			isa = PBXSourcesBuildPhase;
			buildActionMask = 2147483647;
			files = (
				A5B57BBF6FB800043218ECC0 /* SyncQueueBackoffTests.swift in Sources */,
				AB1500DD0BF1AC045B070D5C /* SyncStateMachineTests.swift in Sources */,
				FBFF4BA6B9C32C0CBA6B3ABF /* RecordRepositorySyncTests.swift in Sources */,
				BFB8334C5E54589E6B8902CA /* FeishuTokenManagerTests.swift in Sources */,
				99BAB78900C7648BF7709E89 /* RecordBitableMapperTests.swift in Sources */,
				33B776FFA8415E29DAA7AA34 /* CategoryIconLibraryTests.swift in Sources */,
			);
			runOnlyForDeploymentPostprocessing = 0;
		};
		DBA1640F8C376C7AC5898FEB /* Sources */ = {
			isa = PBXSourcesBuildPhase;
			buildActionMask = 2147483647;
			files = (
				AEAD1CA0A56E1B3DCF780B7B /* CoinFlowApp.swift in Sources */,
				B759D0F1DD878EE235208416 /* NotionTheme.swift in Sources */,
				F28126FAB99480F5DA93BFD7 /* NotionTheme+Aliases.swift in Sources */,
				B6AA84C4BCF28EF934230844 /* NotionFont.swift in Sources */,
				3671C458D1E17EA3994D17BC /* KeyboardDoneToolbar.swift in Sources */,
				79E831EAE3E83F84550547C8 /* AmountTintStore.swift in Sources */,
				B793D8C2B4AA168F31037C04 /* AppConfig.swift in Sources */,
				74930D51C31CB8FB0F3B6813 /* Schema.swift in Sources */,
				2B428A3C6DA6265AA84EE2DB /* Migrations.swift in Sources */,
				2769EB50A3DAC7D7B3341B2F /* DatabaseManager.swift in Sources */,
				8C12D10556B36BE48909FA71 /* SQLBinder.swift in Sources */,
				AD550D3416051A1676FCB245 /* Ledger.swift in Sources */,
				45A5351D349CB3F269331CC6 /* Category.swift in Sources */,
				0C2DF17A8B88E7F04115C834 /* Record.swift in Sources */,
				AF106C679E579F42AEF940AC /* VoiceSession.swift in Sources */,
				AB3DB6EBB62485C5416C61F7 /* RecordRepository.swift in Sources */,
				F8804BD396982B9B7C33C999 /* CategoryRepository.swift in Sources */,
				8AEE4137DE651D82439E19D1 /* LedgerRepository.swift in Sources */,
				82D5921824C7D08B761D8E44 /* ScreenshotStore.swift in Sources */,
				32F47F6C48195F86BF02FC9E /* DefaultSeeder.swift in Sources */,
				F7E3A35505FE9DF8F932917F /* RecordChangeNotifier.swift in Sources */,
				C4BEC18E9B17726CB2F700E0 /* SymbolColor.swift in Sources */,
				2345D694E2496F238C550976 /* AmountFormatter.swift in Sources */,
				FE38AD30FDCAF26C7F384991 /* DateGrouping.swift in Sources */,
				E431CFEA52CE9906FCFC0488 /* RecordsListViewModel.swift in Sources */,
				615DA233C689ED8FA4F1C9C4 /* RecordsListView.swift in Sources */,
				EB2175D0929F024C7AB211BB /* RecordRow.swift in Sources */,
				6D08851E33455324D994A780 /* RecordsLayout.swift in Sources */,
				E77E52E862729FF75EFE884D /* InlineStatsBar.swift in Sources */,
				A4B1313B2313F719A3F06AEF /* EmptyRecordsView.swift in Sources */,
				CCA3FCE8B33CEC551EF86B88 /* RecordGridView.swift in Sources */,
				AF9BBF50BA6A01DBA4A63247 /* NewRecordViewModel.swift in Sources */,
				F757375341B907D9D13A50CF /* NewRecordModal.swift in Sources */,
				5418731D56617B858F6AF733 /* CategoryPickerSheet.swift in Sources */,
				89727E66F5BD3F871C041571 /* RecordDetailViewModel.swift in Sources */,
				ED8D6A49742B925F542B7EAF /* RecordDetailSheet.swift in Sources */,
				6DC49F2EFBC696DF440A7C2A /* CategoryListView.swift in Sources */,
				F163BA4356AD60904BF10AB0 /* CategoryIconLibrary.swift in Sources */,
				68DDDA5D7B8C598C455256A5 /* IconPickerView.swift in Sources */,
				9A5C78FA884DDFA5B4EC569B /* OCREngine.swift in Sources */,
				67B88DD3F9AD38A42E50C5EE /* ReceiptParser.swift in Sources */,
				22758A0244968916BB65783A /* QuotaService.swift in Sources */,
				3A493665129FCC4B046D39CF /* OCRRouter.swift in Sources */,
				9751389DE37F7204E40FDA96 /* CaptureConfirmView.swift in Sources */,
				AFD73344134CE45ECF38D902 /* PhotoPicker.swift in Sources */,
				C2458A46371D2910C6B1A076 /* VoiceSessionRepository.swift in Sources */,
				4A330CBC747A2483AB2681B3 /* ASREngine.swift in Sources */,
				B6348A1EF16A8F8C23A84B47 /* ASRRouter.swift in Sources */,
				762E315F7A2705C04629BAEA /* AudioRecorder.swift in Sources */,
				B78F6C1617DD5C535102FD8C /* ParsedBill.swift in Sources */,
				8C3B8272F46C137164FCDCDA /* BillsLLMParser.swift in Sources */,
				135F17264BEBC27005A03CC7 /* VoiceWizardViewModel.swift in Sources */,
				EAEC9C56E6003C056B3434CA /* VoiceRecordingSheet.swift in Sources */,
				4E2038D99E38A6E1A2C559F7 /* VoiceParsingView.swift in Sources */,
				FE8CD2785E62E9A2FE9882D9 /* VoiceWizardStepView.swift in Sources */,
				D89421F37894CA0A1118B0C8 /* VoiceSummaryView.swift in Sources */,
				5A8A1362181E8698EA52398C /* VoiceWizardContainerView.swift in Sources */,
				3425D9C7765F294EC18455E9 /* UserSettingsRepository.swift in Sources */,
				A97456A4E3C44CAF27814F3E /* BiometricAuthService.swift in Sources */,
				9C5382E94CC455481FE10065 /* PrivacyShieldView.swift in Sources */,
				80924BD71CA127A23C0EBF77 /* BiometricLockView.swift in Sources */,
				C41964C1F6BD66DE7225E8C0 /* SettingsView.swift in Sources */,
				3F3A0E4DB24267177BE09B7E /* BackTapSetupView.swift in Sources */,
				664AE282D2332F1D66D0B913 /* CoinFlowCaptureIntent.swift in Sources */,
				8CCAEECACB14C781352342BC /* ScreenshotInbox.swift in Sources */,
				D1AD6BBE6B6C412A7E482AB8 /* BillsVisionLLMClient.swift in Sources */,
				1B94491A75AB5EDB70B39909 /* MainTabView.swift in Sources */,
				495C49A8CB3DA74E6CCFDFA5 /* HomeMainView.swift in Sources */,
				54A82D42FD68C550A3073D44 /* StatsHubView.swift in Sources */,
				3B07D57B2E7AEE36FB4C5A58 /* NotionColor.swift in Sources */,
				BCB7DD79BB842894D909D40C /* StatsViewModel.swift in Sources */,
				7B9B70911C612C7EBE755BFF /* StatsAnalysisHostView.swift in Sources */,
				E9D94DDFA94D9382DFC0FAF2 /* StatsMainView.swift in Sources */,
				F8B5518EA4E66518F88EFB48 /* StatsTrendView.swift in Sources */,
				08A350CEB1179E8AECC6FB64 /* StatsYearView.swift in Sources */,
				F5ADE8BBB2B5FCB6E7E22EAF /* StatsHourlyView.swift in Sources */,
				6D8219ACF0591B28DD40DFC4 /* StatsGaugeView.swift in Sources */,
				963F8B8176164565E476878F /* StatsSankeyView.swift in Sources */,
				2607DDF2B303322A180FFE0D /* StatsWordCloudView.swift in Sources */,
				AAE07A7DD111F34E0A2061BC /* StatsBudgetView.swift in Sources */,
				1E400A054A21FF1504E988D6 /* StatsAABalanceView.swift in Sources */,
				7572B1FCAF816D77875BED9D /* StatsCategoryDetailView.swift in Sources */,
				5879BB984B7FBD4C7332B4B5 /* LLMTextClient.swift in Sources */,
				C9F1FA7E33D3D6C8A43B5259 /* BillsPromptBuilder.swift in Sources */,
				55C0CE316FEDC3671A4A0A2C /* BillsVoicePromptBuilder.swift in Sources */,
				01AFB147EE709364B1CE7E1B /* BillsOCRPromptBuilder.swift in Sources */,
				529640B79AA6C7DB28A21900 /* MerchantBrand.swift in Sources */,
				3A4DE98AAF5A610D087CD8F1 /* MainCoordinator.swift in Sources */,
				559470CD518F8264E7589344 /* OnboardingView.swift in Sources */,
				17CB8937B7FA5C64583AFFA9 /* SyncStatusView.swift in Sources */,
				F8B7B318F74B3B6010CD56B8 /* DataImportExportView.swift in Sources */,
				AAC14266F640C202745610E5 /* AppearanceSettingsView.swift in Sources */,
				4262D08366C17C3CE77293DE /* FeishuConfig.swift in Sources */,
				A0DE24D09467D0F19091AA0D /* FeishuTokenManager.swift in Sources */,
				DE82D6D09F50C5EC708FA775 /* FeishuBitableClient.swift in Sources */,
				96F11769EEE5C09A7208B6EC /* RecordBitableMapper.swift in Sources */,
				F5DFECE59997488434C0FC73 /* RemoteRecordPuller.swift in Sources */,
				3C5DF0E596A4DAE454DEAB97 /* SyncQueue.swift in Sources */,
				BDF8F90359F771F58F1C7F14 /* SyncLogger.swift in Sources */,
				0B2F53899908BAA728EF3A30 /* SyncTrigger.swift in Sources */,
				9C35F30A53F57ACA1F0C3B43 /* AppState.swift in Sources */,
				92C7FD57DA423F6EA3A28CDC /* LiquidGlassATheme.swift in Sources */,
				763EBCA9B8D228A74AC20FA8 /* TabBarVisibility.swift in Sources */,
				410ECD36FBBCC8A8907D120E /* InteractivePopEnabler.swift in Sources */,
				9ED535EF85EFA6C472791B32 /* CameraPicker.swift in Sources */,
				E87309242D70DF872A971478 /* BillsSummary.swift in Sources */,
				7752633606E1B19ABFD0A552 /* BillsSummaryRepository.swift in Sources */,
				431CB5F611EC1D153906DDEB /* SummaryBitableMapper.swift in Sources */,
				E08E8487E0CEF532ED313934 /* PromptResource.swift in Sources */,
				CDED64DC13281298B1ECD646 /* BillsSummaryAggregator.swift in Sources */,
				715DA1B98686927E05D3F4A9 /* BillsSummaryPromptBuilder.swift in Sources */,
				6EE17AA718BBB76410964296 /* BillsSummaryLLMClient.swift in Sources */,
				F5423DDD1A94540295F159F3 /* BillsSummaryService.swift in Sources */,
				F9341F2E6EDAB2DADED9273B /* BillsSummaryScheduler.swift in Sources */,
				9A0977D61A8599447A0AC3F9 /* BillsSummaryListView.swift in Sources */,
				1660C7F3CE89280E502AB5BA /* SummaryFloatingCard.swift in Sources */,
				6FE36CE91EC381485B836C19 /* BillsSummaryPushBanner.swift in Sources */,
			);
			runOnlyForDeploymentPostprocessing = 0;
		};
/* End PBXSourcesBuildPhase section */

/* Begin PBXTargetDependency section */
		319312131F8FCD6368393524 /* PBXTargetDependency */ = {
			isa = PBXTargetDependency;
			target = 58736145C8F1F19761DDFCE1 /* CoinFlow */;
			targetProxy = 0E5E87716DD2D72ADA865D38 /* PBXContainerItemProxy */;
		};
/* End PBXTargetDependency section */

/* Begin XCBuildConfiguration section */
		28F72E6F5C4EE4342CA2FFD1 /* Debug */ = {
			isa = XCBuildConfiguration;
			buildSettings = {
				ALWAYS_SEARCH_USER_PATHS = NO;
				CLANG_ANALYZER_NONNULL = YES;
				CLANG_CXX_LANGUAGE_STANDARD = "gnu++20";
				CLANG_ENABLE_MODULES = YES;
				CLANG_ENABLE_OBJC_ARC = YES;
				COPY_PHASE_STRIP = NO;
				DEBUG_INFORMATION_FORMAT = dwarf;
				ENABLE_STRICT_OBJC_MSGSEND = YES;
				ENABLE_TESTABILITY = YES;
				ENABLE_USER_SCRIPT_SANDBOXING = NO;
				GCC_C_LANGUAGE_STANDARD = gnu17;
				GCC_DYNAMIC_NO_PIC = NO;
				GCC_NO_COMMON_BLOCKS = YES;
				GCC_OPTIMIZATION_LEVEL = 0;
				GCC_PREPROCESSOR_DEFINITIONS = (
					"DEBUG=1",
					"$(inherited)",
				);
				IPHONEOS_DEPLOYMENT_TARGET = 16.0;
				MTL_ENABLE_DEBUG_INFO = INCLUDE_SOURCE;
				ONLY_ACTIVE_ARCH = YES;
				SDKROOT = iphoneos;
				SWIFT_ACTIVE_COMPILATION_CONDITIONS = DEBUG;
				SWIFT_OPTIMIZATION_LEVEL = "-Onone";
			};
			name = Debug;
		};
		2C79F48F04CB58A1E6381D1B /* Release */ = {
			isa = XCBuildConfiguration;
			buildSettings = {
				BUNDLE_LOADER = "$(TEST_HOST)";
				CODE_SIGN_STYLE = Automatic;
				CURRENT_PROJECT_VERSION = 1;
				GENERATE_INFOPLIST_FILE = YES;
				IPHONEOS_DEPLOYMENT_TARGET = 16.0;
				MARKETING_VERSION = 1.0;
				PRODUCT_BUNDLE_IDENTIFIER = com.lemolli.coinflow.app.tests;
				PRODUCT_NAME = "$(TARGET_NAME)";
				SWIFT_EMIT_LOC_STRINGS = NO;
				SWIFT_VERSION = 5.9;
				TARGETED_DEVICE_FAMILY = "1,2";
				TEST_HOST = "$(BUILT_PRODUCTS_DIR)/CoinFlow.app/$(BUNDLE_EXECUTABLE_FOLDER_PATH)/CoinFlow";
			};
			name = Release;
		};
		6EE93FFD5E4209B8DEF494D9 /* Release */ = {
			isa = XCBuildConfiguration;
			buildSettings = {
				ALWAYS_SEARCH_USER_PATHS = NO;
				CLANG_ANALYZER_NONNULL = YES;
				CLANG_CXX_LANGUAGE_STANDARD = "gnu++20";
				CLANG_ENABLE_MODULES = YES;
				CLANG_ENABLE_OBJC_ARC = YES;
				COPY_PHASE_STRIP = NO;
				DEBUG_INFORMATION_FORMAT = "dwarf-with-dsym";
				ENABLE_NS_ASSERTIONS = NO;
				ENABLE_STRICT_OBJC_MSGSEND = YES;
				ENABLE_USER_SCRIPT_SANDBOXING = NO;
				GCC_C_LANGUAGE_STANDARD = gnu17;
				GCC_NO_COMMON_BLOCKS = YES;
				IPHONEOS_DEPLOYMENT_TARGET = 16.0;
				MTL_ENABLE_DEBUG_INFO = NO;
				SDKROOT = iphoneos;
				SWIFT_COMPILATION_MODE = wholemodule;
				VALIDATE_PRODUCT = YES;
			};
			name = Release;
		};
		8DE12F16A406909D0B299A72 /* Debug */ = {
			isa = XCBuildConfiguration;
			buildSettings = {
				ASSETCATALOG_COMPILER_APPICON_NAME = AppIcon;
				ASSETCATALOG_COMPILER_GLOBAL_ACCENT_COLOR_NAME = AccentColor;
				CODE_SIGN_ENTITLEMENTS = CoinFlow/CoinFlow.entitlements;
				CODE_SIGN_STYLE = Automatic;
				CURRENT_PROJECT_VERSION = 1;
				DEVELOPMENT_TEAM = 2HYS3K22DG;
				ENABLE_PREVIEWS = YES;
				GENERATE_INFOPLIST_FILE = YES;
				INFOPLIST_KEY_CFBundleLocalizations = "zh-Hans en";
				INFOPLIST_KEY_NSCameraUsageDescription = "用于拍摄账单小票并识别金额分类（未来版本启用）。";
				INFOPLIST_KEY_NSFaceIDUsageDescription = "启用 Face ID 启动鉴权后，App 冷启动时需要您验证身份才能查看流水。";
				INFOPLIST_KEY_NSMicrophoneUsageDescription = "用于录制您口述的账单内容；音频识别完成即从设备删除，不上传到服务器。";
				INFOPLIST_KEY_NSPhotoLibraryUsageDescription = "用于从相册选择账单截图进行识别（未来版本启用）。";
				INFOPLIST_KEY_NSSpeechRecognitionUsageDescription = "用于将您的语音转写为账单文字；转写结果仅保存在您的本地加密数据库。";
				INFOPLIST_KEY_UIApplicationSceneManifest_Generation = YES;
				INFOPLIST_KEY_UIApplicationSupportsIndirectInputEvents = YES;
				INFOPLIST_KEY_UIBackgroundModes = "remote-notification";
				INFOPLIST_KEY_UILaunchScreen_Generation = YES;
				INFOPLIST_KEY_UISupportedInterfaceOrientations_iPad = "UIInterfaceOrientationPortrait UIInterfaceOrientationPortraitUpsideDown UIInterfaceOrientationLandscapeLeft UIInterfaceOrientationLandscapeRight";
				INFOPLIST_KEY_UISupportedInterfaceOrientations_iPhone = "UIInterfaceOrientationPortrait UIInterfaceOrientationLandscapeLeft UIInterfaceOrientationLandscapeRight";
				LD_RUNPATH_SEARCH_PATHS = (
					"$(inherited)",
					"@executable_path/Frameworks",
				);
				MARKETING_VERSION = 1.0;
				PRODUCT_BUNDLE_IDENTIFIER = com.lemolli.coinflow.app;
				PRODUCT_NAME = "$(TARGET_NAME)";
				SWIFT_EMIT_LOC_STRINGS = YES;
				SWIFT_VERSION = 5.9;
				TARGETED_DEVICE_FAMILY = "1,2";
			};
			name = Debug;
		};
		B00CFCF553E859C8A02E9DAF /* Debug */ = {
			isa = XCBuildConfiguration;
			buildSettings = {
				BUNDLE_LOADER = "$(TEST_HOST)";
				CODE_SIGN_STYLE = Automatic;
				CURRENT_PROJECT_VERSION = 1;
				GENERATE_INFOPLIST_FILE = YES;
				IPHONEOS_DEPLOYMENT_TARGET = 16.0;
				MARKETING_VERSION = 1.0;
				PRODUCT_BUNDLE_IDENTIFIER = com.lemolli.coinflow.app.tests;
				PRODUCT_NAME = "$(TARGET_NAME)";
				SWIFT_EMIT_LOC_STRINGS = NO;
				SWIFT_VERSION = 5.9;
				TARGETED_DEVICE_FAMILY = "1,2";
				TEST_HOST = "$(BUILT_PRODUCTS_DIR)/CoinFlow.app/$(BUNDLE_EXECUTABLE_FOLDER_PATH)/CoinFlow";
			};
			name = Debug;
		};
		FC02206021A242DFF1710EDD /* Release */ = {
			isa = XCBuildConfiguration;
			buildSettings = {
				ASSETCATALOG_COMPILER_APPICON_NAME = AppIcon;
				ASSETCATALOG_COMPILER_GLOBAL_ACCENT_COLOR_NAME = AccentColor;
				CODE_SIGN_ENTITLEMENTS = CoinFlow/CoinFlow.entitlements;
				CODE_SIGN_STYLE = Automatic;
				CURRENT_PROJECT_VERSION = 1;
				DEVELOPMENT_TEAM = 2HYS3K22DG;
				ENABLE_PREVIEWS = YES;
				GENERATE_INFOPLIST_FILE = YES;
				INFOPLIST_KEY_CFBundleLocalizations = "zh-Hans en";
				INFOPLIST_KEY_NSCameraUsageDescription = "用于拍摄账单小票并识别金额分类（未来版本启用）。";
				INFOPLIST_KEY_NSFaceIDUsageDescription = "启用 Face ID 启动鉴权后，App 冷启动时需要您验证身份才能查看流水。";
				INFOPLIST_KEY_NSMicrophoneUsageDescription = "用于录制您口述的账单内容；音频识别完成即从设备删除，不上传到服务器。";
				INFOPLIST_KEY_NSPhotoLibraryUsageDescription = "用于从相册选择账单截图进行识别（未来版本启用）。";
				INFOPLIST_KEY_NSSpeechRecognitionUsageDescription = "用于将您的语音转写为账单文字；转写结果仅保存在您的本地加密数据库。";
				INFOPLIST_KEY_UIApplicationSceneManifest_Generation = YES;
				INFOPLIST_KEY_UIApplicationSupportsIndirectInputEvents = YES;
				INFOPLIST_KEY_UIBackgroundModes = "remote-notification";
				INFOPLIST_KEY_UILaunchScreen_Generation = YES;
				INFOPLIST_KEY_UISupportedInterfaceOrientations_iPad = "UIInterfaceOrientationPortrait UIInterfaceOrientationPortraitUpsideDown UIInterfaceOrientationLandscapeLeft UIInterfaceOrientationLandscapeRight";
				INFOPLIST_KEY_UISupportedInterfaceOrientations_iPhone = "UIInterfaceOrientationPortrait UIInterfaceOrientationLandscapeLeft UIInterfaceOrientationLandscapeRight";
				LD_RUNPATH_SEARCH_PATHS = (
					"$(inherited)",
					"@executable_path/Frameworks",
				);
				MARKETING_VERSION = 1.0;
				PRODUCT_BUNDLE_IDENTIFIER = com.lemolli.coinflow.app;
				PRODUCT_NAME = "$(TARGET_NAME)";
				SWIFT_EMIT_LOC_STRINGS = YES;
				SWIFT_VERSION = 5.9;
				TARGETED_DEVICE_FAMILY = "1,2";
			};
			name = Release;
		};
/* End XCBuildConfiguration section */

/* Begin XCConfigurationList section */
		55DDED73109A9F30EA4C23DA /* Build configuration list for PBXProject "CoinFlow" */ = {
			isa = XCConfigurationList;
			buildConfigurations = (
				28F72E6F5C4EE4342CA2FFD1 /* Debug */,
				6EE93FFD5E4209B8DEF494D9 /* Release */,
			);
			defaultConfigurationIsVisible = 0;
			defaultConfigurationName = Release;
		};
		95A51F4EA3AE484BE31737D4 /* Build configuration list for PBXNativeTarget "CoinFlow" */ = {
			isa = XCConfigurationList;
			buildConfigurations = (
				8DE12F16A406909D0B299A72 /* Debug */,
				FC02206021A242DFF1710EDD /* Release */,
			);
			defaultConfigurationIsVisible = 0;
			defaultConfigurationName = Release;
		};
		DF1CEEE4A610AED6B75B97CD /* Build configuration list for PBXNativeTarget "CoinFlowTests" */ = {
			isa = XCConfigurationList;
			buildConfigurations = (
				B00CFCF553E859C8A02E9DAF /* Debug */,
				2C79F48F04CB58A1E6381D1B /* Release */,
			);
			defaultConfigurationIsVisible = 0;
			defaultConfigurationName = Release;
		};
/* End XCConfigurationList section */

/* Begin XCRemoteSwiftPackageReference section */
		B2FF825A19DE3F3205CB1DDC /* XCRemoteSwiftPackageReference "swift-markdown-ui" */ = {
			isa = XCRemoteSwiftPackageReference;
			repositoryURL = "https://github.com/gonzalezreal/swift-markdown-ui";
			requirement = {
				kind = upToNextMajorVersion;
				minimumVersion = 2.4.1;
			};
		};
		BFEDC68B86A0ABBA7E191B12 /* XCRemoteSwiftPackageReference "SQLCipher" */ = {
			isa = XCRemoteSwiftPackageReference;
			repositoryURL = "https://github.com/sqlcipher/SQLCipher.swift";
			requirement = {
				kind = upToNextMajorVersion;
				minimumVersion = 4.10.0;
			};
		};
		C83A6F9533E43D7617F082FB /* XCRemoteSwiftPackageReference "GRDB" */ = {
			isa = XCRemoteSwiftPackageReference;
			repositoryURL = "https://github.com/groue/GRDB.swift";
			requirement = {
				kind = upToNextMajorVersion;
				minimumVersion = 6.29.0;
			};
		};
/* End XCRemoteSwiftPackageReference section */

/* Begin XCSwiftPackageProductDependency section */
		1D183A57ADC3647EC4BA0F2F /* MarkdownUI */ = {
			isa = XCSwiftPackageProductDependency;
			package = B2FF825A19DE3F3205CB1DDC /* XCRemoteSwiftPackageReference "swift-markdown-ui" */;
			productName = MarkdownUI;
		};
		4434CB490AE4307EA821B61B /* GRDB */ = {
			isa = XCSwiftPackageProductDependency;
			package = C83A6F9533E43D7617F082FB /* XCRemoteSwiftPackageReference "GRDB" */;
			productName = GRDB;
		};
		FFED60C985FB607998AF88B0 /* SQLCipher */ = {
			isa = XCSwiftPackageProductDependency;
			package = BFEDC68B86A0ABBA7E191B12 /* XCRemoteSwiftPackageReference "SQLCipher" */;
			productName = SQLCipher;
		};
/* End XCSwiftPackageProductDependency section */
	};
	rootObject = C0F21DA63AF74BF127642295 /* Project object */;
}
